
Microsoft Visual Studio Solution File, Format Version 12.00
# Visual Studio 15
VisualStudioVersion = 15.0.28010.2019
MinimumVisualStudioVersion = 10.0.40219.1
Project("{FAE04EC0-301F-11D3-BF4B-00C04F79EFBC}") = "MandelbrotRenderer", "MandelbrotRenderer\MandelbrotRenderer.csproj", "{0D0E8885-A68D-407F-9B30-B707426FECA5}"
EndProject
Project("{8BC9CEB8-8B4A-11D0-8D11-00A0C91BC942}") = "MandelbrotRenderer_AVX", "MandelbrotRenderer_AVX\MandelbrotRenderer_AVX.vcxproj", "{08EBD80A-FDA9-4942-9113-E7EDFD547543}"
EndProject
Project("{8BC9CEB8-8B4A-11D0-8D11-00A0C91BC942}") = "MandelbrotRenderer_AVX2", "MandelbrotRenderer_AVX2\MandelbrotRenderer_AVX2.vcxproj", "{3A16703D-9565-489B-B50B-CB47918B79FB}"
EndProject
Project("{8BC9CEB8-8B4A-11D0-8D11-00A0C91BC942}") = "MandelbrotRenderer_AVX512", "MandelbrotRenderer_AVX512\MandelbrotRenderer_AVX512.vcxproj", "{19689086-B459-4BAE-8A48-835C7B91F29D}"
EndProject
Project("{8BC9CEB8-8B4A-11D0-8D11-00A0C91BC942}") = "MandelbrotRenderer_CUDA", "MandelbrotRenderer_CUDA\MandelbrotRenderer_CUDA.vcxproj", "{4DA31660-12AC-4A5A-AC7D-C45BEB6A8D4A}"
EndProject
Global
	GlobalSection(SolutionConfigurationPlatforms) = preSolution
		Debug|x64 = Debug|x64
		Release|x64 = Release|x64
	EndGlobalSection
	GlobalSection(ProjectConfigurationPlatforms) = postSolution
		{0D0E8885-A68D-407F-9B30-B707426FECA5}.Debug|x64.ActiveCfg = Debug|x64
		{0D0E8885-A68D-407F-9B30-B707426FECA5}.Debug|x64.Build.0 = Debug|x64
		{0D0E8885-A68D-407F-9B30-B707426FECA5}.Release|x64.ActiveCfg = Release|x64
		{0D0E8885-A68D-407F-9B30-B707426FECA5}.Release|x64.Build.0 = Release|x64
		{08EBD80A-FDA9-4942-9113-E7EDFD547543}.Debug|x64.ActiveCfg = Debug|x64
		{08EBD80A-FDA9-4942-9113-E7EDFD547543}.Debug|x64.Build.0 = Debug|x64
		{08EBD80A-FDA9-4942-9113-E7EDFD547543}.Release|x64.ActiveCfg = Release|x64
		{08EBD80A-FDA9-4942-9113-E7EDFD547543}.Release|x64.Build.0 = Release|x64
		{3A16703D-9565-489B-B50B-CB47918B79FB}.Debug|x64.ActiveCfg = Debug|x64
		{3A16703D-9565-489B-B50B-CB47918B79FB}.Debug|x64.Build.0 = Debug|x64
		{3A16703D-9565-489B-B50B-CB47918B79FB}.Release|x64.ActiveCfg = Release|x64
		{3A16703D-9565-489B-B50B-CB47918B79FB}.Release|x64.Build.0 = Release|x64
		{19689086-B459-4BAE-8A48-835C7B91F29D}.Debug|x64.ActiveCfg = Debug|x64
		{19689086-B459-4BAE-8A48-835C7B91F29D}.Debug|x64.Build.0 = Debug|x64
		{19689086-B459-4BAE-8A48-835C7B91F29D}.Release|x64.ActiveCfg = Release|x64
		{19689086-B459-4BAE-8A48-835C7B91F29D}.Release|x64.Build.0 = Release|x64
		{4DA31660-12AC-4A5A-AC7D-C45BEB6A8D4A}.Debug|x64.ActiveCfg = Debug|x64
		{4DA31660-12AC-4A5A-AC7D-C45BEB6A8D4A}.Debug|x64.Build.0 = Debug|x64
		{4DA31660-12AC-4A5A-AC7D-C45BEB6A8D4A}.Release|x64.ActiveCfg = Release|x64
		{4DA31660-12AC-4A5A-AC7D-C45BEB6A8D4A}.Release|x64.Build.0 = Release|x64
	EndGlobalSection
	GlobalSection(SolutionProperties) = preSolution
		HideSolutionNode = FALSE
	EndGlobalSection
	GlobalSection(ExtensibilityGlobals) = postSolution
		SolutionGuid = {60425AF4-D387-4277-9FA6-CF3CED9EB4AE}
	EndGlobalSection
EndGlobal
