
Microsoft Visual Studio Solution File, Format Version 12.00
# Visual Studio 14
VisualStudioVersion = 14.0.25420.1
MinimumVisualStudioVersion = 10.0.40219.1
Project("{2150E333-8FDC-42A3-9474-1A3956D46DE8}") = "0.Utils", "0.Utils", "{74C897E3-0223-44F9-ADAA-973710108819}"
EndProject
Project("{2150E333-8FDC-42A3-9474-1A3956D46DE8}") = "1.Simple", "1.Simple", "{5B5F2A33-A4F5-4332-AC71-C9956B368F83}"
EndProject
Project("{2150E333-8FDC-42A3-9474-1A3956D46DE8}") = "2.Imaging", "2.Imaging", "{292DC21A-E8CC-4ACE-90A8-79E879A88E8A}"
EndProject
Project("{2150E333-8FDC-42A3-9474-1A3956D46DE8}") = "3.Maths", "3.Maths", "{F08F3D68-C739-4F06-A7D1-FD9D435270C4}"
EndProject
Project("{2150E333-8FDC-42A3-9474-1A3956D46DE8}") = "4.Finance", "4.Finance", "{E52ACEB9-B87D-4ECF-9BF7-3F16F68CCDE4}"
EndProject
Project("{2150E333-8FDC-42A3-9474-1A3956D46DE8}") = "5.Vendor library integration", "5.Vendor library integration", "{80E119A9-FD5B-4FED-A7FA-272DF0CCFE25}"
EndProject
Project("{2150E333-8FDC-42A3-9474-1A3956D46DE8}") = "Libraries", "Libraries", "{BBF51BF0-C963-4459-86F8-AE1A797BDB3C}"
EndProject
Project("{2150E333-8FDC-42A3-9474-1A3956D46DE8}") = "Utilities", "Utilities", "{5DD5B0CD-630F-4AFC-8DCB-50B55D191F31}"
EndProject
Project("{2150E333-8FDC-42A3-9474-1A3956D46DE8}") = "HelloWorld", "HelloWorld", "{5D269EB7-C909-4953-9B8E-FA6C0075F67D}"
EndProject
Project("{2150E333-8FDC-42A3-9474-1A3956D46DE8}") = "Malloc", "Malloc", "{786EF195-CAF9-4163-839D-D6E5B714B661}"
EndProject
Project("{2150E333-8FDC-42A3-9474-1A3956D46DE8}") = "Mandelbrot", "Mandelbrot", "{3A1A0709-F1AC-4DAE-AF88-DEE1B87A728E}"
EndProject
Project("{2150E333-8FDC-42A3-9474-1A3956D46DE8}") = "Printf", "Printf", "{FC2B5C8B-40F5-4090-83FC-960292F7B710}"
EndProject
Project("{2150E333-8FDC-42A3-9474-1A3956D46DE8}") = "Sobel", "Sobel", "{17DAC534-CC60-4DD6-8955-7E7EF7EA3BB8}"
EndProject
Project("{2150E333-8FDC-42A3-9474-1A3956D46DE8}") = "Sobel_2D", "Sobel_2D", "{B792EED9-4427-4400-A2EC-D0FD9747045B}"
EndProject
Project("{2150E333-8FDC-42A3-9474-1A3956D46DE8}") = "Sobel_Lock", "Sobel_Lock", "{952C9FDE-7004-4D16-A729-9384F7F7DEC4}"
EndProject
Project("{2150E333-8FDC-42A3-9474-1A3956D46DE8}") = "ConjugateGradient", "ConjugateGradient", "{2104B462-9336-4A86-95A8-45699157BDAE}"
EndProject
Project("{2150E333-8FDC-42A3-9474-1A3956D46DE8}") = "MonteCarloHeatEquation", "MonteCarloHeatEquation", "{78AD5BE5-7C92-49CA-A6B0-1468DF5443FC}"
EndProject
Project("{2150E333-8FDC-42A3-9474-1A3956D46DE8}") = "NaiveMatrix", "NaiveMatrix", "{591BE2C6-C9CA-4E5E-8535-0E87840297D0}"
EndProject
Project("{2150E333-8FDC-42A3-9474-1A3956D46DE8}") = "Newton", "Newton", "{1A94279C-69FD-4A85-9107-900685813110}"
EndProject
Project("{2150E333-8FDC-42A3-9474-1A3956D46DE8}") = "SharedMatrix", "SharedMatrix", "{A91BBC83-4BD4-49CF-AF87-7A273F966171}"
EndProject
Project("{2150E333-8FDC-42A3-9474-1A3956D46DE8}") = "SparseMatrix", "SparseMatrix", "{259B09D3-7BAE-4C86-ABED-D03E4A74765D}"
EndProject
Project("{2150E333-8FDC-42A3-9474-1A3956D46DE8}") = "BlackScholes", "BlackScholes", "{72B6885D-86DC-44F1-87A6-750AD6CECD9C}"
EndProject
Project("{2150E333-8FDC-42A3-9474-1A3956D46DE8}") = "BlackScholesFloat4", "BlackScholesFloat4", "{B0769215-D37A-4A5F-917E-C3C31AC4BE6D}"
EndProject
Project("{2150E333-8FDC-42A3-9474-1A3956D46DE8}") = "MatrixCublas", "MatrixCublas", "{51C401BF-7B1B-4269-A051-40B8C5756312}"
EndProject
Project("{2150E333-8FDC-42A3-9474-1A3956D46DE8}") = "MatrixCusparse", "MatrixCusparse", "{F5C486FC-DAEE-4A4E-837E-4826A19CAAC5}"
EndProject
Project("{2150E333-8FDC-42A3-9474-1A3956D46DE8}") = "HybridizerCudaReduction", "HybridizerCudaReduction", "{62A97AA7-C7F5-4509-8D70-5ED151D2CD28}"
EndProject
Project("{FAE04EC0-301F-11D3-BF4B-00C04F79EFBC}") = "Utilities.vs2015", "0.Utils\Utilities\Utilities.vs2015.csproj", "{4F414748-1782-4B7F-A203-268AA380CD44}"
EndProject
Project("{FAE04EC0-301F-11D3-BF4B-00C04F79EFBC}") = "HelloWorld.vs2015", "1.Simple\HelloWorld\HelloWorld\HelloWorld.vs2015.csproj", "{138B062F-BE62-4949-9BB7-88999DE0E1E9}"
EndProject
Project("{FAE04EC0-301F-11D3-BF4B-00C04F79EFBC}") = "Malloc.vs2015", "1.Simple\Malloc\Malloc\Malloc.vs2015.csproj", "{85EB335A-2D02-4780-94FB-EE03800BD7AE}"
EndProject
Project("{FAE04EC0-301F-11D3-BF4B-00C04F79EFBC}") = "Mandelbrot.vs2015", "1.Simple\Mandelbrot\Mandelbrot\Mandelbrot.vs2015.csproj", "{93CF0C10-B748-476F-994B-994369EC2D96}"
EndProject
Project("{FAE04EC0-301F-11D3-BF4B-00C04F79EFBC}") = "SimplePrintf.vs2015", "1.Simple\Printf\SimplePrintf\SimplePrintf.vs2015.csproj", "{63221602-D5CD-4049-A8AD-3E7A993CF272}"
EndProject
Project("{FAE04EC0-301F-11D3-BF4B-00C04F79EFBC}") = "Sobel.vs2015", "2.Imaging\Sobel\Sobel\Sobel.vs2015.csproj", "{87D4CB0A-A185-4AF9-9630-E397927601A5}"
EndProject
Project("{FAE04EC0-301F-11D3-BF4B-00C04F79EFBC}") = "Sobel_2D.vs2015", "2.Imaging\Sobel_2D\Sobel_2D\Sobel_2D.vs2015.csproj", "{BEF0E546-0340-46DE-88A1-56A4ED2F0E5A}"
EndProject
Project("{FAE04EC0-301F-11D3-BF4B-00C04F79EFBC}") = "Sobel_Lock.vs2015", "2.Imaging\Sobel_Lock\Sobel_Lock\Sobel_Lock.vs2015.csproj", "{36D0E358-0EA8-4AF4-A61B-17D95DA22BB9}"
EndProject
Project("{FAE04EC0-301F-11D3-BF4B-00C04F79EFBC}") = "ConjugateGradient.vs2015", "3.Maths\ConjugateGradient\ConjugateGradient\ConjugateGradient.vs2015.csproj", "{9844A49A-1CDC-4F66-8564-1D89130D2EA8}"
	ProjectSection(ProjectDependencies) = postProject
		{C1BFF4FF-96E6-4762-9EA1-67B4DF87F060} = {C1BFF4FF-96E6-4762-9EA1-67B4DF87F060}
	EndProjectSection
EndProject
Project("{FAE04EC0-301F-11D3-BF4B-00C04F79EFBC}") = "MonteCarloHeatEquation.vs2015", "3.Maths\MonteCarloHeatEquation\MonteCarloHeatEquation\MonteCarloHeatEquation.vs2015.csproj", "{08B9C56D-917F-44B0-99A8-6F715625D12F}"
EndProject
Project("{FAE04EC0-301F-11D3-BF4B-00C04F79EFBC}") = "NaiveMatrix.vs2015", "3.Maths\NaiveMatrix\NaiveMatrix\NaiveMatrix.vs2015.csproj", "{08740E81-6301-4F9B-85F2-D6EFDCA60842}"
EndProject
Project("{FAE04EC0-301F-11D3-BF4B-00C04F79EFBC}") = "Newton.vs2015", "3.Maths\Newton\Newton\Newton.vs2015.csproj", "{D9C28E71-E4E3-4B29-9E82-668ABDB11CDB}"
EndProject
Project("{FAE04EC0-301F-11D3-BF4B-00C04F79EFBC}") = "SharedMatrix.vs2015", "3.Maths\SharedMatrix\SharedMatrix\SharedMatrix.vs2015.csproj", "{345443F0-AEF7-4AB3-9508-BA08BC585B49}"
EndProject
Project("{FAE04EC0-301F-11D3-BF4B-00C04F79EFBC}") = "SparseMatrix.vs2015", "3.Maths\SparseMatrix\SparseMatrix\SparseMatrix.vs2015.csproj", "{C182922B-4F96-46B1-B7CE-8CA172EE2700}"
EndProject
Project("{FAE04EC0-301F-11D3-BF4B-00C04F79EFBC}") = "BlackScholes.vs2015", "4.Finance\BlackScholes\BlackScholes\BlackScholes.vs2015.csproj", "{768ADF01-68A1-4642-A492-4E063C47C1E8}"
EndProject
Project("{FAE04EC0-301F-11D3-BF4B-00C04F79EFBC}") = "BlackScholesFloat4.vs2015", "4.Finance\BlackScholesFloat4\BlackScholesFloat4\BlackScholesFloat4.vs2015.csproj", "{36334290-2BF7-4F4A-A974-EC51D5372712}"
EndProject
Project("{FAE04EC0-301F-11D3-BF4B-00C04F79EFBC}") = "MatrixCublas.vs2015", "5.Vendor library integration\MatrixCublas\MatrixCublas\MatrixCublas.vs2015.csproj", "{6F5FBD8A-B472-49FA-80AF-3893BF42207D}"
EndProject
Project("{FAE04EC0-301F-11D3-BF4B-00C04F79EFBC}") = "MatrixCusparse.vs2015", "5.Vendor library integration\MatrixCusparse\MatrixCusparse\MatrixCusparse.vs2015.csproj", "{45A02769-5266-4E96-9458-DB7151F917D3}"
EndProject
Project("{8BC9CEB8-8B4A-11D0-8D11-00A0C91BC942}") = "hybridizer_cuda_reduction", "Libraries\HybridizerCudaReduction\hybridizer_cuda_reduction.vs2015.vcxproj", "{C1BFF4FF-96E6-4762-9EA1-67B4DF87F060}"
EndProject
Project("{8BC9CEB8-8B4A-11D0-8D11-00A0C91BC942}") = "HelloWorld_CUDA.vs2015", "1.Simple\HelloWorld\HelloWorld_CUDA\HelloWorld_CUDA.vs2015.vcxproj", "{46DD1946-CC6F-4431-9A84-635AB617779E}"
	ProjectSection(ProjectDependencies) = postProject
		{138B062F-BE62-4949-9BB7-88999DE0E1E9} = {138B062F-BE62-4949-9BB7-88999DE0E1E9}
	EndProjectSection
EndProject
Project("{8BC9CEB8-8B4A-11D0-8D11-00A0C91BC942}") = "Malloc_CUDA.vs2015", "1.Simple\Malloc\Malloc_CUDA\Malloc_CUDA.vs2015.vcxproj", "{6D5BD59D-0392-4A3A-B4F9-AF4139803A8D}"
	ProjectSection(ProjectDependencies) = postProject
		{85EB335A-2D02-4780-94FB-EE03800BD7AE} = {85EB335A-2D02-4780-94FB-EE03800BD7AE}
	EndProjectSection
EndProject
Project("{8BC9CEB8-8B4A-11D0-8D11-00A0C91BC942}") = "Mandelbrot_CUDA.vs2015", "1.Simple\Mandelbrot\Mandelbrot_CUDA\Mandelbrot_CUDA.vs2015.vcxproj", "{3E532D1B-C20A-494D-84A4-D1B4F47FDC82}"
	ProjectSection(ProjectDependencies) = postProject
		{93CF0C10-B748-476F-994B-994369EC2D96} = {93CF0C10-B748-476F-994B-994369EC2D96}
	EndProjectSection
EndProject
Project("{8BC9CEB8-8B4A-11D0-8D11-00A0C91BC942}") = "SimplePrintf_CUDA.vs2015", "1.Simple\Printf\SimplePrintf_CUDA\SimplePrintf_CUDA.vs2015.vcxproj", "{456C0F86-C97D-4D74-8871-D02870553F7B}"
	ProjectSection(ProjectDependencies) = postProject
		{63221602-D5CD-4049-A8AD-3E7A993CF272} = {63221602-D5CD-4049-A8AD-3E7A993CF272}
	EndProjectSection
EndProject
Project("{8BC9CEB8-8B4A-11D0-8D11-00A0C91BC942}") = "Sobel_CUDA.vs2015", "2.Imaging\Sobel\Sobel_CUDA\Sobel_CUDA.vs2015.vcxproj", "{18DC1A19-5DB2-4D1B-A470-9F64DCE00A0B}"
	ProjectSection(ProjectDependencies) = postProject
		{87D4CB0A-A185-4AF9-9630-E397927601A5} = {87D4CB0A-A185-4AF9-9630-E397927601A5}
	EndProjectSection
EndProject
Project("{8BC9CEB8-8B4A-11D0-8D11-00A0C91BC942}") = "Sobel_2D_CUDA.vs2015", "2.Imaging\Sobel_2D\Sobel_2D_CUDA\Sobel_2D_CUDA.vs2015.vcxproj", "{BDC772BF-D5BD-45AC-AB14-D30554A19DAE}"
	ProjectSection(ProjectDependencies) = postProject
		{BEF0E546-0340-46DE-88A1-56A4ED2F0E5A} = {BEF0E546-0340-46DE-88A1-56A4ED2F0E5A}
	EndProjectSection
EndProject
Project("{8BC9CEB8-8B4A-11D0-8D11-00A0C91BC942}") = "Sobel_Lock_CUDA.vs2015", "2.Imaging\Sobel_Lock\Sobel_Lock_CUDA\Sobel_Lock_CUDA.vs2015.vcxproj", "{F5542B36-BF6B-4AFE-9C14-4EF4E5BA69E8}"
	ProjectSection(ProjectDependencies) = postProject
		{36D0E358-0EA8-4AF4-A61B-17D95DA22BB9} = {36D0E358-0EA8-4AF4-A61B-17D95DA22BB9}
	EndProjectSection
EndProject
Project("{8BC9CEB8-8B4A-11D0-8D11-00A0C91BC942}") = "ConjugateGradient_CUDA.vs2015", "3.Maths\ConjugateGradient\ConjugateGradient_CUDA\ConjugateGradient_CUDA.vs2015.vcxproj", "{8534BA8F-E5DE-4C88-8EFC-61FF25D649C1}"
	ProjectSection(ProjectDependencies) = postProject
		{9844A49A-1CDC-4F66-8564-1D89130D2EA8} = {9844A49A-1CDC-4F66-8564-1D89130D2EA8}
	EndProjectSection
EndProject
Project("{8BC9CEB8-8B4A-11D0-8D11-00A0C91BC942}") = "MonteCarloHeatEquation_CUDA.vs2015", "3.Maths\MonteCarloHeatEquation\MonteCarloHeatEquation_CUDA\MonteCarloHeatEquation_CUDA.vs2015.vcxproj", "{7B0820D0-70EE-4499-99D3-7949E78E4D94}"
	ProjectSection(ProjectDependencies) = postProject
		{08B9C56D-917F-44B0-99A8-6F715625D12F} = {08B9C56D-917F-44B0-99A8-6F715625D12F}
	EndProjectSection
EndProject
Project("{8BC9CEB8-8B4A-11D0-8D11-00A0C91BC942}") = "NaiveMatrix_CUDA.vs2015", "3.Maths\NaiveMatrix\NaiveMatrix_CUDA\NaiveMatrix_CUDA.vs2015.vcxproj", "{9DF20EB0-B76E-4A56-829E-BDF816455155}"
	ProjectSection(ProjectDependencies) = postProject
		{08740E81-6301-4F9B-85F2-D6EFDCA60842} = {08740E81-6301-4F9B-85F2-D6EFDCA60842}
	EndProjectSection
EndProject
Project("{8BC9CEB8-8B4A-11D0-8D11-00A0C91BC942}") = "Newton_CUDA.vs2015", "3.Maths\Newton\Newton_CUDA\Newton_CUDA.vs2015.vcxproj", "{D5B09639-2BC5-4B89-9A2F-4D429706FE12}"
	ProjectSection(ProjectDependencies) = postProject
		{D9C28E71-E4E3-4B29-9E82-668ABDB11CDB} = {D9C28E71-E4E3-4B29-9E82-668ABDB11CDB}
	EndProjectSection
EndProject
Project("{8BC9CEB8-8B4A-11D0-8D11-00A0C91BC942}") = "SharedMatrix_CUDA.vs2015", "3.Maths\SharedMatrix\SharedMatrix_CUDA\SharedMatrix_CUDA.vs2015.vcxproj", "{22014C36-95F1-4634-B24F-DEFE708E9565}"
	ProjectSection(ProjectDependencies) = postProject
		{345443F0-AEF7-4AB3-9508-BA08BC585B49} = {345443F0-AEF7-4AB3-9508-BA08BC585B49}
	EndProjectSection
EndProject
Project("{8BC9CEB8-8B4A-11D0-8D11-00A0C91BC942}") = "SparseMatrix_CUDA.vs2015", "3.Maths\SparseMatrix\SparseMatrix_CUDA\SparseMatrix_CUDA.vs2015.vcxproj", "{5AA5D70A-DFEE-4990-8702-C5756E927206}"
	ProjectSection(ProjectDependencies) = postProject
		{C182922B-4F96-46B1-B7CE-8CA172EE2700} = {C182922B-4F96-46B1-B7CE-8CA172EE2700}
	EndProjectSection
EndProject
Project("{8BC9CEB8-8B4A-11D0-8D11-00A0C91BC942}") = "BlackScholes_CUDA.vs2015", "4.Finance\BlackScholes\BlackScholes_CUDA\BlackScholes_CUDA.vs2015.vcxproj", "{452C197C-FAE5-42BF-8636-660DDAE82612}"
	ProjectSection(ProjectDependencies) = postProject
		{768ADF01-68A1-4642-A492-4E063C47C1E8} = {768ADF01-68A1-4642-A492-4E063C47C1E8}
	EndProjectSection
EndProject
Project("{8BC9CEB8-8B4A-11D0-8D11-00A0C91BC942}") = "BlackScholesFloat4_CUDA.vs2015", "4.Finance\BlackScholesFloat4\BlackScholesFloat4_CUDA\BlackScholesFloat4_CUDA.vs2015.vcxproj", "{94495DDD-6829-478E-898C-D8864361A4C6}"
	ProjectSection(ProjectDependencies) = postProject
		{36334290-2BF7-4F4A-A974-EC51D5372712} = {36334290-2BF7-4F4A-A974-EC51D5372712}
	EndProjectSection
EndProject
Global
	GlobalSection(SolutionConfigurationPlatforms) = preSolution
		Debug|x64 = Debug|x64
		Release|x64 = Release|x64
	EndGlobalSection
	GlobalSection(ProjectConfigurationPlatforms) = postSolution
		{4F414748-1782-4B7F-A203-268AA380CD44}.Debug|x64.ActiveCfg = Debug|x64
		{4F414748-1782-4B7F-A203-268AA380CD44}.Debug|x64.Build.0 = Debug|x64
		{4F414748-1782-4B7F-A203-268AA380CD44}.Release|x64.ActiveCfg = Release|x64
		{4F414748-1782-4B7F-A203-268AA380CD44}.Release|x64.Build.0 = Release|x64
		{138B062F-BE62-4949-9BB7-88999DE0E1E9}.Debug|x64.ActiveCfg = Debug|x64
		{138B062F-BE62-4949-9BB7-88999DE0E1E9}.Debug|x64.Build.0 = Debug|x64
		{138B062F-BE62-4949-9BB7-88999DE0E1E9}.Release|x64.ActiveCfg = Release|x64
		{138B062F-BE62-4949-9BB7-88999DE0E1E9}.Release|x64.Build.0 = Release|x64
		{85EB335A-2D02-4780-94FB-EE03800BD7AE}.Debug|x64.ActiveCfg = Debug|x64
		{85EB335A-2D02-4780-94FB-EE03800BD7AE}.Debug|x64.Build.0 = Debug|x64
		{85EB335A-2D02-4780-94FB-EE03800BD7AE}.Release|x64.ActiveCfg = Release|x64
		{85EB335A-2D02-4780-94FB-EE03800BD7AE}.Release|x64.Build.0 = Release|x64
		{93CF0C10-B748-476F-994B-994369EC2D96}.Debug|x64.ActiveCfg = Debug|x64
		{93CF0C10-B748-476F-994B-994369EC2D96}.Debug|x64.Build.0 = Debug|x64
		{93CF0C10-B748-476F-994B-994369EC2D96}.Release|x64.ActiveCfg = Release|x64
		{93CF0C10-B748-476F-994B-994369EC2D96}.Release|x64.Build.0 = Release|x64
		{63221602-D5CD-4049-A8AD-3E7A993CF272}.Debug|x64.ActiveCfg = Debug|x64
		{63221602-D5CD-4049-A8AD-3E7A993CF272}.Debug|x64.Build.0 = Debug|x64
		{63221602-D5CD-4049-A8AD-3E7A993CF272}.Release|x64.ActiveCfg = Release|x64
		{63221602-D5CD-4049-A8AD-3E7A993CF272}.Release|x64.Build.0 = Release|x64
		{87D4CB0A-A185-4AF9-9630-E397927601A5}.Debug|x64.ActiveCfg = Debug|x64
		{87D4CB0A-A185-4AF9-9630-E397927601A5}.Debug|x64.Build.0 = Debug|x64
		{87D4CB0A-A185-4AF9-9630-E397927601A5}.Release|x64.ActiveCfg = Release|x64
		{87D4CB0A-A185-4AF9-9630-E397927601A5}.Release|x64.Build.0 = Release|x64
		{BEF0E546-0340-46DE-88A1-56A4ED2F0E5A}.Debug|x64.ActiveCfg = Debug|x64
		{BEF0E546-0340-46DE-88A1-56A4ED2F0E5A}.Debug|x64.Build.0 = Debug|x64
		{BEF0E546-0340-46DE-88A1-56A4ED2F0E5A}.Release|x64.ActiveCfg = Release|x64
		{BEF0E546-0340-46DE-88A1-56A4ED2F0E5A}.Release|x64.Build.0 = Release|x64
		{36D0E358-0EA8-4AF4-A61B-17D95DA22BB9}.Debug|x64.ActiveCfg = Debug|x64
		{36D0E358-0EA8-4AF4-A61B-17D95DA22BB9}.Debug|x64.Build.0 = Debug|x64
		{36D0E358-0EA8-4AF4-A61B-17D95DA22BB9}.Release|x64.ActiveCfg = Release|x64
		{36D0E358-0EA8-4AF4-A61B-17D95DA22BB9}.Release|x64.Build.0 = Release|x64
		{9844A49A-1CDC-4F66-8564-1D89130D2EA8}.Debug|x64.ActiveCfg = Debug|x64
		{9844A49A-1CDC-4F66-8564-1D89130D2EA8}.Debug|x64.Build.0 = Debug|x64
		{9844A49A-1CDC-4F66-8564-1D89130D2EA8}.Release|x64.ActiveCfg = Release|x64
		{9844A49A-1CDC-4F66-8564-1D89130D2EA8}.Release|x64.Build.0 = Release|x64
		{08B9C56D-917F-44B0-99A8-6F715625D12F}.Debug|x64.ActiveCfg = Debug|x64
		{08B9C56D-917F-44B0-99A8-6F715625D12F}.Debug|x64.Build.0 = Debug|x64
		{08B9C56D-917F-44B0-99A8-6F715625D12F}.Release|x64.ActiveCfg = Release|x64
		{08B9C56D-917F-44B0-99A8-6F715625D12F}.Release|x64.Build.0 = Release|x64
		{08740E81-6301-4F9B-85F2-D6EFDCA60842}.Debug|x64.ActiveCfg = Debug|x64
		{08740E81-6301-4F9B-85F2-D6EFDCA60842}.Debug|x64.Build.0 = Debug|x64
		{08740E81-6301-4F9B-85F2-D6EFDCA60842}.Release|x64.ActiveCfg = Release|x64
		{08740E81-6301-4F9B-85F2-D6EFDCA60842}.Release|x64.Build.0 = Release|x64
		{D9C28E71-E4E3-4B29-9E82-668ABDB11CDB}.Debug|x64.ActiveCfg = Debug|x64
		{D9C28E71-E4E3-4B29-9E82-668ABDB11CDB}.Debug|x64.Build.0 = Debug|x64
		{D9C28E71-E4E3-4B29-9E82-668ABDB11CDB}.Release|x64.ActiveCfg = Release|x64
		{D9C28E71-E4E3-4B29-9E82-668ABDB11CDB}.Release|x64.Build.0 = Release|x64
		{345443F0-AEF7-4AB3-9508-BA08BC585B49}.Debug|x64.ActiveCfg = Debug|x64
		{345443F0-AEF7-4AB3-9508-BA08BC585B49}.Debug|x64.Build.0 = Debug|x64
		{345443F0-AEF7-4AB3-9508-BA08BC585B49}.Release|x64.ActiveCfg = Release|x64
		{345443F0-AEF7-4AB3-9508-BA08BC585B49}.Release|x64.Build.0 = Release|x64
		{C182922B-4F96-46B1-B7CE-8CA172EE2700}.Debug|x64.ActiveCfg = Debug|x64
		{C182922B-4F96-46B1-B7CE-8CA172EE2700}.Debug|x64.Build.0 = Debug|x64
		{C182922B-4F96-46B1-B7CE-8CA172EE2700}.Release|x64.ActiveCfg = Release|x64
		{C182922B-4F96-46B1-B7CE-8CA172EE2700}.Release|x64.Build.0 = Release|x64
		{768ADF01-68A1-4642-A492-4E063C47C1E8}.Debug|x64.ActiveCfg = Debug|x64
		{768ADF01-68A1-4642-A492-4E063C47C1E8}.Debug|x64.Build.0 = Debug|x64
		{768ADF01-68A1-4642-A492-4E063C47C1E8}.Release|x64.ActiveCfg = Release|x64
		{768ADF01-68A1-4642-A492-4E063C47C1E8}.Release|x64.Build.0 = Release|x64
		{36334290-2BF7-4F4A-A974-EC51D5372712}.Debug|x64.ActiveCfg = Debug|x64
		{36334290-2BF7-4F4A-A974-EC51D5372712}.Debug|x64.Build.0 = Debug|x64
		{36334290-2BF7-4F4A-A974-EC51D5372712}.Release|x64.ActiveCfg = Release|x64
		{36334290-2BF7-4F4A-A974-EC51D5372712}.Release|x64.Build.0 = Release|x64
		{6F5FBD8A-B472-49FA-80AF-3893BF42207D}.Debug|x64.ActiveCfg = Debug|x64
		{6F5FBD8A-B472-49FA-80AF-3893BF42207D}.Debug|x64.Build.0 = Debug|x64
		{6F5FBD8A-B472-49FA-80AF-3893BF42207D}.Release|x64.ActiveCfg = Release|x64
		{6F5FBD8A-B472-49FA-80AF-3893BF42207D}.Release|x64.Build.0 = Release|x64
		{45A02769-5266-4E96-9458-DB7151F917D3}.Debug|x64.ActiveCfg = Debug|x64
		{45A02769-5266-4E96-9458-DB7151F917D3}.Debug|x64.Build.0 = Debug|x64
		{45A02769-5266-4E96-9458-DB7151F917D3}.Release|x64.ActiveCfg = Release|x64
		{45A02769-5266-4E96-9458-DB7151F917D3}.Release|x64.Build.0 = Release|x64
		{C1BFF4FF-96E6-4762-9EA1-67B4DF87F060}.Debug|x64.ActiveCfg = Debug|x64
		{C1BFF4FF-96E6-4762-9EA1-67B4DF87F060}.Debug|x64.Build.0 = Debug|x64
		{C1BFF4FF-96E6-4762-9EA1-67B4DF87F060}.Release|x64.ActiveCfg = Release|x64
		{C1BFF4FF-96E6-4762-9EA1-67B4DF87F060}.Release|x64.Build.0 = Release|x64
		{46DD1946-CC6F-4431-9A84-635AB617779E}.Debug|x64.ActiveCfg = Debug|x64
		{46DD1946-CC6F-4431-9A84-635AB617779E}.Debug|x64.Build.0 = Debug|x64
		{46DD1946-CC6F-4431-9A84-635AB617779E}.Release|x64.ActiveCfg = Release|x64
		{46DD1946-CC6F-4431-9A84-635AB617779E}.Release|x64.Build.0 = Release|x64
		{6D5BD59D-0392-4A3A-B4F9-AF4139803A8D}.Debug|x64.ActiveCfg = Debug|x64
		{6D5BD59D-0392-4A3A-B4F9-AF4139803A8D}.Debug|x64.Build.0 = Debug|x64
		{6D5BD59D-0392-4A3A-B4F9-AF4139803A8D}.Release|x64.ActiveCfg = Release|x64
		{6D5BD59D-0392-4A3A-B4F9-AF4139803A8D}.Release|x64.Build.0 = Release|x64
		{3E532D1B-C20A-494D-84A4-D1B4F47FDC82}.Debug|x64.ActiveCfg = Debug|x64
		{3E532D1B-C20A-494D-84A4-D1B4F47FDC82}.Debug|x64.Build.0 = Debug|x64
		{3E532D1B-C20A-494D-84A4-D1B4F47FDC82}.Release|x64.ActiveCfg = Release|x64
		{3E532D1B-C20A-494D-84A4-D1B4F47FDC82}.Release|x64.Build.0 = Release|x64
		{456C0F86-C97D-4D74-8871-D02870553F7B}.Debug|x64.ActiveCfg = Debug|x64
		{456C0F86-C97D-4D74-8871-D02870553F7B}.Debug|x64.Build.0 = Debug|x64
		{456C0F86-C97D-4D74-8871-D02870553F7B}.Release|x64.ActiveCfg = Release|x64
		{456C0F86-C97D-4D74-8871-D02870553F7B}.Release|x64.Build.0 = Release|x64
		{18DC1A19-5DB2-4D1B-A470-9F64DCE00A0B}.Debug|x64.ActiveCfg = Debug|x64
		{18DC1A19-5DB2-4D1B-A470-9F64DCE00A0B}.Debug|x64.Build.0 = Debug|x64
		{18DC1A19-5DB2-4D1B-A470-9F64DCE00A0B}.Release|x64.ActiveCfg = Release|x64
		{18DC1A19-5DB2-4D1B-A470-9F64DCE00A0B}.Release|x64.Build.0 = Release|x64
		{BDC772BF-D5BD-45AC-AB14-D30554A19DAE}.Debug|x64.ActiveCfg = Debug|x64
		{BDC772BF-D5BD-45AC-AB14-D30554A19DAE}.Debug|x64.Build.0 = Debug|x64
		{BDC772BF-D5BD-45AC-AB14-D30554A19DAE}.Release|x64.ActiveCfg = Release|x64
		{BDC772BF-D5BD-45AC-AB14-D30554A19DAE}.Release|x64.Build.0 = Release|x64
		{F5542B36-BF6B-4AFE-9C14-4EF4E5BA69E8}.Debug|x64.ActiveCfg = Debug|x64
		{F5542B36-BF6B-4AFE-9C14-4EF4E5BA69E8}.Debug|x64.Build.0 = Debug|x64
		{F5542B36-BF6B-4AFE-9C14-4EF4E5BA69E8}.Release|x64.ActiveCfg = Release|x64
		{F5542B36-BF6B-4AFE-9C14-4EF4E5BA69E8}.Release|x64.Build.0 = Release|x64
		{8534BA8F-E5DE-4C88-8EFC-61FF25D649C1}.Debug|x64.ActiveCfg = Debug|x64
		{8534BA8F-E5DE-4C88-8EFC-61FF25D649C1}.Debug|x64.Build.0 = Debug|x64
		{8534BA8F-E5DE-4C88-8EFC-61FF25D649C1}.Release|x64.ActiveCfg = Release|x64
		{8534BA8F-E5DE-4C88-8EFC-61FF25D649C1}.Release|x64.Build.0 = Release|x64
		{7B0820D0-70EE-4499-99D3-7949E78E4D94}.Debug|x64.ActiveCfg = Debug|x64
		{7B0820D0-70EE-4499-99D3-7949E78E4D94}.Debug|x64.Build.0 = Debug|x64
		{7B0820D0-70EE-4499-99D3-7949E78E4D94}.Release|x64.ActiveCfg = Release|x64
		{7B0820D0-70EE-4499-99D3-7949E78E4D94}.Release|x64.Build.0 = Release|x64
		{9DF20EB0-B76E-4A56-829E-BDF816455155}.Debug|x64.ActiveCfg = Debug|x64
		{9DF20EB0-B76E-4A56-829E-BDF816455155}.Debug|x64.Build.0 = Debug|x64
		{9DF20EB0-B76E-4A56-829E-BDF816455155}.Release|x64.ActiveCfg = Release|x64
		{9DF20EB0-B76E-4A56-829E-BDF816455155}.Release|x64.Build.0 = Release|x64
		{D5B09639-2BC5-4B89-9A2F-4D429706FE12}.Debug|x64.ActiveCfg = Debug|x64
		{D5B09639-2BC5-4B89-9A2F-4D429706FE12}.Debug|x64.Build.0 = Debug|x64
		{D5B09639-2BC5-4B89-9A2F-4D429706FE12}.Release|x64.ActiveCfg = Release|x64
		{D5B09639-2BC5-4B89-9A2F-4D429706FE12}.Release|x64.Build.0 = Release|x64
		{22014C36-95F1-4634-B24F-DEFE708E9565}.Debug|x64.ActiveCfg = Debug|x64
		{22014C36-95F1-4634-B24F-DEFE708E9565}.Debug|x64.Build.0 = Debug|x64
		{22014C36-95F1-4634-B24F-DEFE708E9565}.Release|x64.ActiveCfg = Release|x64
		{22014C36-95F1-4634-B24F-DEFE708E9565}.Release|x64.Build.0 = Release|x64
		{5AA5D70A-DFEE-4990-8702-C5756E927206}.Debug|x64.ActiveCfg = Debug|x64
		{5AA5D70A-DFEE-4990-8702-C5756E927206}.Debug|x64.Build.0 = Debug|x64
		{5AA5D70A-DFEE-4990-8702-C5756E927206}.Release|x64.ActiveCfg = Release|x64
		{5AA5D70A-DFEE-4990-8702-C5756E927206}.Release|x64.Build.0 = Release|x64
		{452C197C-FAE5-42BF-8636-660DDAE82612}.Debug|x64.ActiveCfg = Debug|x64
		{452C197C-FAE5-42BF-8636-660DDAE82612}.Debug|x64.Build.0 = Debug|x64
		{452C197C-FAE5-42BF-8636-660DDAE82612}.Release|x64.ActiveCfg = Release|x64
		{452C197C-FAE5-42BF-8636-660DDAE82612}.Release|x64.Build.0 = Release|x64
		{94495DDD-6829-478E-898C-D8864361A4C6}.Debug|x64.ActiveCfg = Debug|x64
		{94495DDD-6829-478E-898C-D8864361A4C6}.Debug|x64.Build.0 = Debug|x64
		{94495DDD-6829-478E-898C-D8864361A4C6}.Release|x64.ActiveCfg = Release|x64
		{94495DDD-6829-478E-898C-D8864361A4C6}.Release|x64.Build.0 = Release|x64
	EndGlobalSection
	GlobalSection(SolutionProperties) = preSolution
		HideSolutionNode = FALSE
	EndGlobalSection
	GlobalSection(NestedProjects) = preSolution
		{5DD5B0CD-630F-4AFC-8DCB-50B55D191F31} = {74C897E3-0223-44F9-ADAA-973710108819}
		{5D269EB7-C909-4953-9B8E-FA6C0075F67D} = {5B5F2A33-A4F5-4332-AC71-C9956B368F83}
		{786EF195-CAF9-4163-839D-D6E5B714B661} = {5B5F2A33-A4F5-4332-AC71-C9956B368F83}
		{3A1A0709-F1AC-4DAE-AF88-DEE1B87A728E} = {5B5F2A33-A4F5-4332-AC71-C9956B368F83}
		{FC2B5C8B-40F5-4090-83FC-960292F7B710} = {5B5F2A33-A4F5-4332-AC71-C9956B368F83}
		{17DAC534-CC60-4DD6-8955-7E7EF7EA3BB8} = {292DC21A-E8CC-4ACE-90A8-79E879A88E8A}
		{B792EED9-4427-4400-A2EC-D0FD9747045B} = {292DC21A-E8CC-4ACE-90A8-79E879A88E8A}
		{952C9FDE-7004-4D16-A729-9384F7F7DEC4} = {292DC21A-E8CC-4ACE-90A8-79E879A88E8A}
		{2104B462-9336-4A86-95A8-45699157BDAE} = {F08F3D68-C739-4F06-A7D1-FD9D435270C4}
		{78AD5BE5-7C92-49CA-A6B0-1468DF5443FC} = {F08F3D68-C739-4F06-A7D1-FD9D435270C4}
		{591BE2C6-C9CA-4E5E-8535-0E87840297D0} = {F08F3D68-C739-4F06-A7D1-FD9D435270C4}
		{1A94279C-69FD-4A85-9107-900685813110} = {F08F3D68-C739-4F06-A7D1-FD9D435270C4}
		{A91BBC83-4BD4-49CF-AF87-7A273F966171} = {F08F3D68-C739-4F06-A7D1-FD9D435270C4}
		{259B09D3-7BAE-4C86-ABED-D03E4A74765D} = {F08F3D68-C739-4F06-A7D1-FD9D435270C4}
		{72B6885D-86DC-44F1-87A6-750AD6CECD9C} = {E52ACEB9-B87D-4ECF-9BF7-3F16F68CCDE4}
		{B0769215-D37A-4A5F-917E-C3C31AC4BE6D} = {E52ACEB9-B87D-4ECF-9BF7-3F16F68CCDE4}
		{51C401BF-7B1B-4269-A051-40B8C5756312} = {80E119A9-FD5B-4FED-A7FA-272DF0CCFE25}
		{F5C486FC-DAEE-4A4E-837E-4826A19CAAC5} = {80E119A9-FD5B-4FED-A7FA-272DF0CCFE25}
		{62A97AA7-C7F5-4509-8D70-5ED151D2CD28} = {BBF51BF0-C963-4459-86F8-AE1A797BDB3C}
		{4F414748-1782-4B7F-A203-268AA380CD44} = {5DD5B0CD-630F-4AFC-8DCB-50B55D191F31}
		{138B062F-BE62-4949-9BB7-88999DE0E1E9} = {5D269EB7-C909-4953-9B8E-FA6C0075F67D}
		{85EB335A-2D02-4780-94FB-EE03800BD7AE} = {786EF195-CAF9-4163-839D-D6E5B714B661}
		{93CF0C10-B748-476F-994B-994369EC2D96} = {3A1A0709-F1AC-4DAE-AF88-DEE1B87A728E}
		{63221602-D5CD-4049-A8AD-3E7A993CF272} = {FC2B5C8B-40F5-4090-83FC-960292F7B710}
		{87D4CB0A-A185-4AF9-9630-E397927601A5} = {17DAC534-CC60-4DD6-8955-7E7EF7EA3BB8}
		{BEF0E546-0340-46DE-88A1-56A4ED2F0E5A} = {B792EED9-4427-4400-A2EC-D0FD9747045B}
		{36D0E358-0EA8-4AF4-A61B-17D95DA22BB9} = {952C9FDE-7004-4D16-A729-9384F7F7DEC4}
		{9844A49A-1CDC-4F66-8564-1D89130D2EA8} = {2104B462-9336-4A86-95A8-45699157BDAE}
		{08B9C56D-917F-44B0-99A8-6F715625D12F} = {78AD5BE5-7C92-49CA-A6B0-1468DF5443FC}
		{08740E81-6301-4F9B-85F2-D6EFDCA60842} = {591BE2C6-C9CA-4E5E-8535-0E87840297D0}
		{D9C28E71-E4E3-4B29-9E82-668ABDB11CDB} = {1A94279C-69FD-4A85-9107-900685813110}
		{345443F0-AEF7-4AB3-9508-BA08BC585B49} = {A91BBC83-4BD4-49CF-AF87-7A273F966171}
		{C182922B-4F96-46B1-B7CE-8CA172EE2700} = {259B09D3-7BAE-4C86-ABED-D03E4A74765D}
		{768ADF01-68A1-4642-A492-4E063C47C1E8} = {72B6885D-86DC-44F1-87A6-750AD6CECD9C}
		{36334290-2BF7-4F4A-A974-EC51D5372712} = {B0769215-D37A-4A5F-917E-C3C31AC4BE6D}
		{6F5FBD8A-B472-49FA-80AF-3893BF42207D} = {51C401BF-7B1B-4269-A051-40B8C5756312}
		{45A02769-5266-4E96-9458-DB7151F917D3} = {F5C486FC-DAEE-4A4E-837E-4826A19CAAC5}
		{C1BFF4FF-96E6-4762-9EA1-67B4DF87F060} = {62A97AA7-C7F5-4509-8D70-5ED151D2CD28}
		{46DD1946-CC6F-4431-9A84-635AB617779E} = {5D269EB7-C909-4953-9B8E-FA6C0075F67D}
		{6D5BD59D-0392-4A3A-B4F9-AF4139803A8D} = {786EF195-CAF9-4163-839D-D6E5B714B661}
		{3E532D1B-C20A-494D-84A4-D1B4F47FDC82} = {3A1A0709-F1AC-4DAE-AF88-DEE1B87A728E}
		{456C0F86-C97D-4D74-8871-D02870553F7B} = {FC2B5C8B-40F5-4090-83FC-960292F7B710}
		{18DC1A19-5DB2-4D1B-A470-9F64DCE00A0B} = {17DAC534-CC60-4DD6-8955-7E7EF7EA3BB8}
		{BDC772BF-D5BD-45AC-AB14-D30554A19DAE} = {B792EED9-4427-4400-A2EC-D0FD9747045B}
		{F5542B36-BF6B-4AFE-9C14-4EF4E5BA69E8} = {952C9FDE-7004-4D16-A729-9384F7F7DEC4}
		{8534BA8F-E5DE-4C88-8EFC-61FF25D649C1} = {2104B462-9336-4A86-95A8-45699157BDAE}
		{7B0820D0-70EE-4499-99D3-7949E78E4D94} = {78AD5BE5-7C92-49CA-A6B0-1468DF5443FC}
		{9DF20EB0-B76E-4A56-829E-BDF816455155} = {591BE2C6-C9CA-4E5E-8535-0E87840297D0}
		{D5B09639-2BC5-4B89-9A2F-4D429706FE12} = {1A94279C-69FD-4A85-9107-900685813110}
		{22014C36-95F1-4634-B24F-DEFE708E9565} = {A91BBC83-4BD4-49CF-AF87-7A273F966171}
		{5AA5D70A-DFEE-4990-8702-C5756E927206} = {259B09D3-7BAE-4C86-ABED-D03E4A74765D}
		{452C197C-FAE5-42BF-8636-660DDAE82612} = {72B6885D-86DC-44F1-87A6-750AD6CECD9C}
		{94495DDD-6829-478E-898C-D8864361A4C6} = {B0769215-D37A-4A5F-917E-C3C31AC4BE6D}
	EndGlobalSection
EndGlobal
