
Microsoft Visual Studio Solution File, Format Version 12.00
# Visual Studio 14
VisualStudioVersion = 14.0.25420.1
MinimumVisualStudioVersion = 10.0.40219.1
Project("{2150E333-8FDC-42A3-9474-1A3956D46DE8}") = "1.Simple", "1.Simple", "{27283798-E3D6-4A61-AB4E-6FE433D2B776}"
EndProject
Project("{2150E333-8FDC-42A3-9474-1A3956D46DE8}") = "Hello World", "Hello World", "{2B37F4AC-25A9-4B9B-9398-0812C89EEAC9}"
EndProject
Project("{FAE04EC0-301F-11D3-BF4B-00C04F79EFBC}") = "HelloWorld", "1.Simple\HelloWorld\HelloWorld\HelloWorld.csproj", "{DB431C6D-834A-4184-906B-9EBD4CD77876}"
EndProject
Project("{8BC9CEB8-8B4A-11D0-8D11-00A0C91BC942}") = "HelloWorld_CUDA", "1.Simple\HelloWorld\HelloWorld_CUDA\HelloWorld_CUDA.vcxproj", "{8E006B19-BAEC-45C4-993F-C2F121B8CE9F}"
	ProjectSection(ProjectDependencies) = postProject
		{DB431C6D-834A-4184-906B-9EBD4CD77876} = {DB431C6D-834A-4184-906B-9EBD4CD77876}
	EndProjectSection
EndProject
Project("{2150E333-8FDC-42A3-9474-1A3956D46DE8}") = "Mandelbrot", "Mandelbrot", "{42316BC5-4995-4432-8094-0BE88A5F0ABD}"
EndProject
Project("{FAE04EC0-301F-11D3-BF4B-00C04F79EFBC}") = "Mandelbrot", "1.Simple\Mandelbrot\Mandelbrot\Mandelbrot.csproj", "{2D5E7CEA-C29A-4262-AB57-9FE685238F65}"
EndProject
Project("{8BC9CEB8-8B4A-11D0-8D11-00A0C91BC942}") = "Mandelbrot_CUDA", "1.Simple\Mandelbrot\Mandelbrot_CUDA\Mandelbrot_CUDA.vcxproj", "{49A8E063-2881-470C-B6E3-354307CEC6C7}"
	ProjectSection(ProjectDependencies) = postProject
		{2D5E7CEA-C29A-4262-AB57-9FE685238F65} = {2D5E7CEA-C29A-4262-AB57-9FE685238F65}
	EndProjectSection
EndProject
Project("{2150E333-8FDC-42A3-9474-1A3956D46DE8}") = "Printf", "Printf", "{675946B5-5B6B-4517-A37A-2B1E3AF08228}"
EndProject
Project("{FAE04EC0-301F-11D3-BF4B-00C04F79EFBC}") = "SimplePrintf", "1.Simple\Printf\SimplePrintf\SimplePrintf.csproj", "{520E32D4-0676-4A73-8BA9-EAAB32E9D4B4}"
EndProject
Project("{8BC9CEB8-8B4A-11D0-8D11-00A0C91BC942}") = "SimplePrintf_CUDA", "1.Simple\Printf\SimplePrintf_CUDA\SimplePrintf_CUDA.vcxproj", "{B61CC73A-D332-4887-8D92-635192E93BEF}"
	ProjectSection(ProjectDependencies) = postProject
		{520E32D4-0676-4A73-8BA9-EAAB32E9D4B4} = {520E32D4-0676-4A73-8BA9-EAAB32E9D4B4}
	EndProjectSection
EndProject
Project("{2150E333-8FDC-42A3-9474-1A3956D46DE8}") = "2.Imaging", "2.Imaging", "{617334C1-DDE1-4B76-8461-F56620337D4C}"
EndProject
Project("{FAE04EC0-301F-11D3-BF4B-00C04F79EFBC}") = "Sobel", "2.Imaging\Sobel\Sobel.csproj", "{8830930E-E475-43CC-8F6F-B114230B695B}"
EndProject
Project("{8BC9CEB8-8B4A-11D0-8D11-00A0C91BC942}") = "Sobel_CUDA", "2.Imaging\Sobel_CUDA\Sobel_CUDA.vcxproj", "{0C184446-459C-4CB0-8784-46040A20364A}"
	ProjectSection(ProjectDependencies) = postProject
		{8830930E-E475-43CC-8F6F-B114230B695B} = {8830930E-E475-43CC-8F6F-B114230B695B}
	EndProjectSection
EndProject
Project("{2150E333-8FDC-42A3-9474-1A3956D46DE8}") = "3.Maths", "3.Maths", "{5D8D05B2-3256-4362-BA4E-934699EE24F4}"
EndProject
Project("{2150E333-8FDC-42A3-9474-1A3956D46DE8}") = "Newton", "Newton", "{01A4764A-CF62-479A-A7DF-4E018D5C6535}"
EndProject
Project("{FAE04EC0-301F-11D3-BF4B-00C04F79EFBC}") = "Newton", "3.Maths\Newton\Newton\Newton.csproj", "{5D4AF4AE-D1EB-480B-B836-0BBF2A9D40CA}"
EndProject
Project("{8BC9CEB8-8B4A-11D0-8D11-00A0C91BC942}") = "Newton_CUDA", "3.Maths\Newton\Newton_CUDA\Newton_CUDA.vcxproj", "{F3A2F7A5-5CD3-419B-B6AA-7FCB18D8BA33}"
	ProjectSection(ProjectDependencies) = postProject
		{5D4AF4AE-D1EB-480B-B836-0BBF2A9D40CA} = {5D4AF4AE-D1EB-480B-B836-0BBF2A9D40CA}
	EndProjectSection
EndProject
Project("{2150E333-8FDC-42A3-9474-1A3956D46DE8}") = "Naive_Matrix", "Naive_Matrix", "{16BF8322-1E9F-4D3E-B269-1512D348376A}"
EndProject
Project("{FAE04EC0-301F-11D3-BF4B-00C04F79EFBC}") = "NaiveMatrix", "3.Maths\NaiveMatrix\NaiveMatrix\NaiveMatrix.csproj", "{4BC2EA0C-2FC6-4F53-901C-ADDD54F26E46}"
EndProject
Project("{8BC9CEB8-8B4A-11D0-8D11-00A0C91BC942}") = "NaiveMatrix_CUDA", "3.Maths\NaiveMatrix\NaiveMatrix_CUDA\NaiveMatrix_CUDA.vcxproj", "{1B88E318-A76A-45AD-8AD7-0168AD6559D7}"
	ProjectSection(ProjectDependencies) = postProject
		{4BC2EA0C-2FC6-4F53-901C-ADDD54F26E46} = {4BC2EA0C-2FC6-4F53-901C-ADDD54F26E46}
	EndProjectSection
EndProject
Global
	GlobalSection(SolutionConfigurationPlatforms) = preSolution
		Debug|Any CPU = Debug|Any CPU
		Debug|x64 = Debug|x64
		Debug|x86 = Debug|x86
		Release|Any CPU = Release|Any CPU
		Release|x64 = Release|x64
		Release|x86 = Release|x86
	EndGlobalSection
	GlobalSection(ProjectConfigurationPlatforms) = postSolution
		{DB431C6D-834A-4184-906B-9EBD4CD77876}.Debug|Any CPU.ActiveCfg = Debug|x64
		{DB431C6D-834A-4184-906B-9EBD4CD77876}.Debug|x64.ActiveCfg = Debug|x64
		{DB431C6D-834A-4184-906B-9EBD4CD77876}.Debug|x64.Build.0 = Debug|x64
		{DB431C6D-834A-4184-906B-9EBD4CD77876}.Debug|x86.ActiveCfg = Debug|x64
		{DB431C6D-834A-4184-906B-9EBD4CD77876}.Release|Any CPU.ActiveCfg = Release|x64
		{DB431C6D-834A-4184-906B-9EBD4CD77876}.Release|x64.ActiveCfg = Release|x64
		{DB431C6D-834A-4184-906B-9EBD4CD77876}.Release|x64.Build.0 = Release|x64
		{DB431C6D-834A-4184-906B-9EBD4CD77876}.Release|x86.ActiveCfg = Release|x64
		{8E006B19-BAEC-45C4-993F-C2F121B8CE9F}.Debug|Any CPU.ActiveCfg = Debug|x64
		{8E006B19-BAEC-45C4-993F-C2F121B8CE9F}.Debug|x64.ActiveCfg = Debug|x64
		{8E006B19-BAEC-45C4-993F-C2F121B8CE9F}.Debug|x64.Build.0 = Debug|x64
		{8E006B19-BAEC-45C4-993F-C2F121B8CE9F}.Debug|x86.ActiveCfg = Debug|x64
		{8E006B19-BAEC-45C4-993F-C2F121B8CE9F}.Release|Any CPU.ActiveCfg = Release|x64
		{8E006B19-BAEC-45C4-993F-C2F121B8CE9F}.Release|x64.ActiveCfg = Release|x64
		{8E006B19-BAEC-45C4-993F-C2F121B8CE9F}.Release|x64.Build.0 = Release|x64
		{8E006B19-BAEC-45C4-993F-C2F121B8CE9F}.Release|x86.ActiveCfg = Release|x64
		{2D5E7CEA-C29A-4262-AB57-9FE685238F65}.Debug|Any CPU.ActiveCfg = Debug|x64
		{2D5E7CEA-C29A-4262-AB57-9FE685238F65}.Debug|x64.ActiveCfg = Debug|x64
		{2D5E7CEA-C29A-4262-AB57-9FE685238F65}.Debug|x64.Build.0 = Debug|x64
		{2D5E7CEA-C29A-4262-AB57-9FE685238F65}.Debug|x86.ActiveCfg = Debug|x64
		{2D5E7CEA-C29A-4262-AB57-9FE685238F65}.Release|Any CPU.ActiveCfg = Release|x64
		{2D5E7CEA-C29A-4262-AB57-9FE685238F65}.Release|x64.ActiveCfg = Release|x64
		{2D5E7CEA-C29A-4262-AB57-9FE685238F65}.Release|x64.Build.0 = Release|x64
		{2D5E7CEA-C29A-4262-AB57-9FE685238F65}.Release|x86.ActiveCfg = Release|x64
		{49A8E063-2881-470C-B6E3-354307CEC6C7}.Debug|Any CPU.ActiveCfg = Debug|x64
		{49A8E063-2881-470C-B6E3-354307CEC6C7}.Debug|x64.ActiveCfg = Debug|x64
		{49A8E063-2881-470C-B6E3-354307CEC6C7}.Debug|x64.Build.0 = Debug|x64
		{49A8E063-2881-470C-B6E3-354307CEC6C7}.Debug|x86.ActiveCfg = Debug|x64
		{49A8E063-2881-470C-B6E3-354307CEC6C7}.Release|Any CPU.ActiveCfg = Release|x64
		{49A8E063-2881-470C-B6E3-354307CEC6C7}.Release|x64.ActiveCfg = Release|x64
		{49A8E063-2881-470C-B6E3-354307CEC6C7}.Release|x64.Build.0 = Release|x64
		{49A8E063-2881-470C-B6E3-354307CEC6C7}.Release|x86.ActiveCfg = Release|x64
		{520E32D4-0676-4A73-8BA9-EAAB32E9D4B4}.Debug|Any CPU.ActiveCfg = Debug|x64
		{520E32D4-0676-4A73-8BA9-EAAB32E9D4B4}.Debug|x64.ActiveCfg = Debug|x64
		{520E32D4-0676-4A73-8BA9-EAAB32E9D4B4}.Debug|x64.Build.0 = Debug|x64
		{520E32D4-0676-4A73-8BA9-EAAB32E9D4B4}.Debug|x86.ActiveCfg = Debug|x64
		{520E32D4-0676-4A73-8BA9-EAAB32E9D4B4}.Release|Any CPU.ActiveCfg = Release|x64
		{520E32D4-0676-4A73-8BA9-EAAB32E9D4B4}.Release|x64.ActiveCfg = Release|x64
		{520E32D4-0676-4A73-8BA9-EAAB32E9D4B4}.Release|x64.Build.0 = Release|x64
		{520E32D4-0676-4A73-8BA9-EAAB32E9D4B4}.Release|x86.ActiveCfg = Release|x64
		{B61CC73A-D332-4887-8D92-635192E93BEF}.Debug|Any CPU.ActiveCfg = Debug|x64
		{B61CC73A-D332-4887-8D92-635192E93BEF}.Debug|x64.ActiveCfg = Debug|x64
		{B61CC73A-D332-4887-8D92-635192E93BEF}.Debug|x64.Build.0 = Debug|x64
		{B61CC73A-D332-4887-8D92-635192E93BEF}.Debug|x86.ActiveCfg = Debug|x64
		{B61CC73A-D332-4887-8D92-635192E93BEF}.Release|Any CPU.ActiveCfg = Release|x64
		{B61CC73A-D332-4887-8D92-635192E93BEF}.Release|x64.ActiveCfg = Release|x64
		{B61CC73A-D332-4887-8D92-635192E93BEF}.Release|x64.Build.0 = Release|x64
		{B61CC73A-D332-4887-8D92-635192E93BEF}.Release|x86.ActiveCfg = Release|x64
		{8830930E-E475-43CC-8F6F-B114230B695B}.Debug|Any CPU.ActiveCfg = Debug|Any CPU
		{8830930E-E475-43CC-8F6F-B114230B695B}.Debug|Any CPU.Build.0 = Debug|Any CPU
		{8830930E-E475-43CC-8F6F-B114230B695B}.Debug|x64.ActiveCfg = Debug|x64
		{8830930E-E475-43CC-8F6F-B114230B695B}.Debug|x64.Build.0 = Debug|x64
		{8830930E-E475-43CC-8F6F-B114230B695B}.Debug|x86.ActiveCfg = Debug|Any CPU
		{8830930E-E475-43CC-8F6F-B114230B695B}.Debug|x86.Build.0 = Debug|Any CPU
		{8830930E-E475-43CC-8F6F-B114230B695B}.Release|Any CPU.ActiveCfg = Release|Any CPU
		{8830930E-E475-43CC-8F6F-B114230B695B}.Release|Any CPU.Build.0 = Release|Any CPU
		{8830930E-E475-43CC-8F6F-B114230B695B}.Release|x64.ActiveCfg = Release|x64
		{8830930E-E475-43CC-8F6F-B114230B695B}.Release|x64.Build.0 = Release|x64
		{8830930E-E475-43CC-8F6F-B114230B695B}.Release|x86.ActiveCfg = Release|Any CPU
		{8830930E-E475-43CC-8F6F-B114230B695B}.Release|x86.Build.0 = Release|Any CPU
		{0C184446-459C-4CB0-8784-46040A20364A}.Debug|Any CPU.ActiveCfg = Debug|Win32
		{0C184446-459C-4CB0-8784-46040A20364A}.Debug|x64.ActiveCfg = Debug|x64
		{0C184446-459C-4CB0-8784-46040A20364A}.Debug|x64.Build.0 = Debug|x64
		{0C184446-459C-4CB0-8784-46040A20364A}.Debug|x86.ActiveCfg = Debug|Win32
		{0C184446-459C-4CB0-8784-46040A20364A}.Debug|x86.Build.0 = Debug|Win32
		{0C184446-459C-4CB0-8784-46040A20364A}.Release|Any CPU.ActiveCfg = Release|Win32
		{0C184446-459C-4CB0-8784-46040A20364A}.Release|x64.ActiveCfg = Release|x64
		{0C184446-459C-4CB0-8784-46040A20364A}.Release|x64.Build.0 = Release|x64
		{0C184446-459C-4CB0-8784-46040A20364A}.Release|x86.ActiveCfg = Release|Win32
		{0C184446-459C-4CB0-8784-46040A20364A}.Release|x86.Build.0 = Release|Win32
		{5D4AF4AE-D1EB-480B-B836-0BBF2A9D40CA}.Debug|Any CPU.ActiveCfg = Debug|Any CPU
		{5D4AF4AE-D1EB-480B-B836-0BBF2A9D40CA}.Debug|Any CPU.Build.0 = Debug|Any CPU
		{5D4AF4AE-D1EB-480B-B836-0BBF2A9D40CA}.Debug|x64.ActiveCfg = Debug|x64
		{5D4AF4AE-D1EB-480B-B836-0BBF2A9D40CA}.Debug|x64.Build.0 = Debug|x64
		{5D4AF4AE-D1EB-480B-B836-0BBF2A9D40CA}.Debug|x86.ActiveCfg = Debug|Any CPU
		{5D4AF4AE-D1EB-480B-B836-0BBF2A9D40CA}.Debug|x86.Build.0 = Debug|Any CPU
		{5D4AF4AE-D1EB-480B-B836-0BBF2A9D40CA}.Release|Any CPU.ActiveCfg = Release|Any CPU
		{5D4AF4AE-D1EB-480B-B836-0BBF2A9D40CA}.Release|Any CPU.Build.0 = Release|Any CPU
		{5D4AF4AE-D1EB-480B-B836-0BBF2A9D40CA}.Release|x64.ActiveCfg = Release|x64
		{5D4AF4AE-D1EB-480B-B836-0BBF2A9D40CA}.Release|x64.Build.0 = Release|x64
		{5D4AF4AE-D1EB-480B-B836-0BBF2A9D40CA}.Release|x86.ActiveCfg = Release|Any CPU
		{5D4AF4AE-D1EB-480B-B836-0BBF2A9D40CA}.Release|x86.Build.0 = Release|Any CPU
		{F3A2F7A5-5CD3-419B-B6AA-7FCB18D8BA33}.Debug|Any CPU.ActiveCfg = Debug|Win32
		{F3A2F7A5-5CD3-419B-B6AA-7FCB18D8BA33}.Debug|x64.ActiveCfg = Debug|x64
		{F3A2F7A5-5CD3-419B-B6AA-7FCB18D8BA33}.Debug|x64.Build.0 = Debug|x64
		{F3A2F7A5-5CD3-419B-B6AA-7FCB18D8BA33}.Debug|x86.ActiveCfg = Debug|Win32
		{F3A2F7A5-5CD3-419B-B6AA-7FCB18D8BA33}.Debug|x86.Build.0 = Debug|Win32
		{F3A2F7A5-5CD3-419B-B6AA-7FCB18D8BA33}.Release|Any CPU.ActiveCfg = Release|Win32
		{F3A2F7A5-5CD3-419B-B6AA-7FCB18D8BA33}.Release|x64.ActiveCfg = Release|x64
		{F3A2F7A5-5CD3-419B-B6AA-7FCB18D8BA33}.Release|x64.Build.0 = Release|x64
		{F3A2F7A5-5CD3-419B-B6AA-7FCB18D8BA33}.Release|x86.ActiveCfg = Release|Win32
		{F3A2F7A5-5CD3-419B-B6AA-7FCB18D8BA33}.Release|x86.Build.0 = Release|Win32
		{4BC2EA0C-2FC6-4F53-901C-ADDD54F26E46}.Debug|Any CPU.ActiveCfg = Debug|Any CPU
		{4BC2EA0C-2FC6-4F53-901C-ADDD54F26E46}.Debug|Any CPU.Build.0 = Debug|Any CPU
		{4BC2EA0C-2FC6-4F53-901C-ADDD54F26E46}.Debug|x64.ActiveCfg = Debug|x64
		{4BC2EA0C-2FC6-4F53-901C-ADDD54F26E46}.Debug|x64.Build.0 = Debug|x64
		{4BC2EA0C-2FC6-4F53-901C-ADDD54F26E46}.Debug|x86.ActiveCfg = Debug|Any CPU
		{4BC2EA0C-2FC6-4F53-901C-ADDD54F26E46}.Debug|x86.Build.0 = Debug|Any CPU
		{4BC2EA0C-2FC6-4F53-901C-ADDD54F26E46}.Release|Any CPU.ActiveCfg = Release|Any CPU
		{4BC2EA0C-2FC6-4F53-901C-ADDD54F26E46}.Release|Any CPU.Build.0 = Release|Any CPU
		{4BC2EA0C-2FC6-4F53-901C-ADDD54F26E46}.Release|x64.ActiveCfg = Release|x64
		{4BC2EA0C-2FC6-4F53-901C-ADDD54F26E46}.Release|x64.Build.0 = Release|x64
		{4BC2EA0C-2FC6-4F53-901C-ADDD54F26E46}.Release|x86.ActiveCfg = Release|Any CPU
		{4BC2EA0C-2FC6-4F53-901C-ADDD54F26E46}.Release|x86.Build.0 = Release|Any CPU
		{1B88E318-A76A-45AD-8AD7-0168AD6559D7}.Debug|Any CPU.ActiveCfg = Debug|Win32
		{1B88E318-A76A-45AD-8AD7-0168AD6559D7}.Debug|x64.ActiveCfg = Debug|x64
		{1B88E318-A76A-45AD-8AD7-0168AD6559D7}.Debug|x64.Build.0 = Debug|x64
		{1B88E318-A76A-45AD-8AD7-0168AD6559D7}.Debug|x86.ActiveCfg = Debug|Win32
		{1B88E318-A76A-45AD-8AD7-0168AD6559D7}.Debug|x86.Build.0 = Debug|Win32
		{1B88E318-A76A-45AD-8AD7-0168AD6559D7}.Release|Any CPU.ActiveCfg = Release|Win32
		{1B88E318-A76A-45AD-8AD7-0168AD6559D7}.Release|x64.ActiveCfg = Release|x64
		{1B88E318-A76A-45AD-8AD7-0168AD6559D7}.Release|x64.Build.0 = Release|x64
		{1B88E318-A76A-45AD-8AD7-0168AD6559D7}.Release|x86.ActiveCfg = Release|Win32
		{1B88E318-A76A-45AD-8AD7-0168AD6559D7}.Release|x86.Build.0 = Release|Win32
	EndGlobalSection
	GlobalSection(SolutionProperties) = preSolution
		HideSolutionNode = FALSE
	EndGlobalSection
	GlobalSection(NestedProjects) = preSolution
		{2B37F4AC-25A9-4B9B-9398-0812C89EEAC9} = {27283798-E3D6-4A61-AB4E-6FE433D2B776}
		{DB431C6D-834A-4184-906B-9EBD4CD77876} = {2B37F4AC-25A9-4B9B-9398-0812C89EEAC9}
		{8E006B19-BAEC-45C4-993F-C2F121B8CE9F} = {2B37F4AC-25A9-4B9B-9398-0812C89EEAC9}
		{42316BC5-4995-4432-8094-0BE88A5F0ABD} = {27283798-E3D6-4A61-AB4E-6FE433D2B776}
		{2D5E7CEA-C29A-4262-AB57-9FE685238F65} = {42316BC5-4995-4432-8094-0BE88A5F0ABD}
		{49A8E063-2881-470C-B6E3-354307CEC6C7} = {42316BC5-4995-4432-8094-0BE88A5F0ABD}
		{675946B5-5B6B-4517-A37A-2B1E3AF08228} = {27283798-E3D6-4A61-AB4E-6FE433D2B776}
		{520E32D4-0676-4A73-8BA9-EAAB32E9D4B4} = {675946B5-5B6B-4517-A37A-2B1E3AF08228}
		{B61CC73A-D332-4887-8D92-635192E93BEF} = {675946B5-5B6B-4517-A37A-2B1E3AF08228}
		{8830930E-E475-43CC-8F6F-B114230B695B} = {617334C1-DDE1-4B76-8461-F56620337D4C}
		{0C184446-459C-4CB0-8784-46040A20364A} = {617334C1-DDE1-4B76-8461-F56620337D4C}
		{01A4764A-CF62-479A-A7DF-4E018D5C6535} = {5D8D05B2-3256-4362-BA4E-934699EE24F4}
		{5D4AF4AE-D1EB-480B-B836-0BBF2A9D40CA} = {01A4764A-CF62-479A-A7DF-4E018D5C6535}
		{F3A2F7A5-5CD3-419B-B6AA-7FCB18D8BA33} = {01A4764A-CF62-479A-A7DF-4E018D5C6535}
		{16BF8322-1E9F-4D3E-B269-1512D348376A} = {5D8D05B2-3256-4362-BA4E-934699EE24F4}
		{4BC2EA0C-2FC6-4F53-901C-ADDD54F26E46} = {16BF8322-1E9F-4D3E-B269-1512D348376A}
		{1B88E318-A76A-45AD-8AD7-0168AD6559D7} = {16BF8322-1E9F-4D3E-B269-1512D348376A}
	EndGlobalSection
EndGlobal
