
Microsoft Visual Studio Solution File, Format Version 12.00
# Visual Studio 2012
Project("{2150E333-8FDC-42A3-9474-1A3956D46DE8}") = "0.Utils", "0.Utils", "{74C897E3-0223-44F9-ADAA-973710108819}"
EndProject
Project("{2150E333-8FDC-42A3-9474-1A3956D46DE8}") = "1.Simple", "1.Simple", "{5B5F2A33-A4F5-4332-AC71-C9956B368F83}"
EndProject
Project("{2150E333-8FDC-42A3-9474-1A3956D46DE8}") = "2.Imaging", "2.Imaging", "{292DC21A-E8CC-4ACE-90A8-79E879A88E8A}"
EndProject
Project("{2150E333-8FDC-42A3-9474-1A3956D46DE8}") = "3.Maths", "3.Maths", "{F08F3D68-C739-4F06-A7D1-FD9D435270C4}"
EndProject
Project("{2150E333-8FDC-42A3-9474-1A3956D46DE8}") = "4.Finance", "4.Finance", "{E52ACEB9-B87D-4ECF-9BF7-3F16F68CCDE4}"
EndProject
Project("{2150E333-8FDC-42A3-9474-1A3956D46DE8}") = "5.Vendor library integration", "5.Vendor library integration", "{80E119A9-FD5B-4FED-A7FA-272DF0CCFE25}"
EndProject
Project("{2150E333-8FDC-42A3-9474-1A3956D46DE8}") = "Libraries", "Libraries", "{BBF51BF0-C963-4459-86F8-AE1A797BDB3C}"
EndProject
Project("{2150E333-8FDC-42A3-9474-1A3956D46DE8}") = "Utilities", "Utilities", "{5DD5B0CD-630F-4AFC-8DCB-50B55D191F31}"
EndProject
Project("{2150E333-8FDC-42A3-9474-1A3956D46DE8}") = "HelloWorld", "HelloWorld", "{5D269EB7-C909-4953-9B8E-FA6C0075F67D}"
EndProject
Project("{2150E333-8FDC-42A3-9474-1A3956D46DE8}") = "Malloc", "Malloc", "{786EF195-CAF9-4163-839D-D6E5B714B661}"
EndProject
Project("{2150E333-8FDC-42A3-9474-1A3956D46DE8}") = "Mandelbrot", "Mandelbrot", "{3A1A0709-F1AC-4DAE-AF88-DEE1B87A728E}"
EndProject
Project("{2150E333-8FDC-42A3-9474-1A3956D46DE8}") = "Printf", "Printf", "{FC2B5C8B-40F5-4090-83FC-960292F7B710}"
EndProject
Project("{2150E333-8FDC-42A3-9474-1A3956D46DE8}") = "Sobel", "Sobel", "{17DAC534-CC60-4DD6-8955-7E7EF7EA3BB8}"
EndProject
Project("{2150E333-8FDC-42A3-9474-1A3956D46DE8}") = "Sobel_2D", "Sobel_2D", "{B792EED9-4427-4400-A2EC-D0FD9747045B}"
EndProject
Project("{2150E333-8FDC-42A3-9474-1A3956D46DE8}") = "Sobel_Lock", "Sobel_Lock", "{952C9FDE-7004-4D16-A729-9384F7F7DEC4}"
EndProject
Project("{2150E333-8FDC-42A3-9474-1A3956D46DE8}") = "ConjugateGradient", "ConjugateGradient", "{2104B462-9336-4A86-95A8-45699157BDAE}"
EndProject
Project("{2150E333-8FDC-42A3-9474-1A3956D46DE8}") = "MonteCarloHeatEquation", "MonteCarloHeatEquation", "{78AD5BE5-7C92-49CA-A6B0-1468DF5443FC}"
EndProject
Project("{2150E333-8FDC-42A3-9474-1A3956D46DE8}") = "NaiveMatrix", "NaiveMatrix", "{591BE2C6-C9CA-4E5E-8535-0E87840297D0}"
EndProject
Project("{2150E333-8FDC-42A3-9474-1A3956D46DE8}") = "Newton", "Newton", "{1A94279C-69FD-4A85-9107-900685813110}"
EndProject
Project("{2150E333-8FDC-42A3-9474-1A3956D46DE8}") = "SharedMatrix", "SharedMatrix", "{A91BBC83-4BD4-49CF-AF87-7A273F966171}"
EndProject
Project("{2150E333-8FDC-42A3-9474-1A3956D46DE8}") = "SparseMatrix", "SparseMatrix", "{259B09D3-7BAE-4C86-ABED-D03E4A74765D}"
EndProject
Project("{2150E333-8FDC-42A3-9474-1A3956D46DE8}") = "BlackScholes", "BlackScholes", "{72B6885D-86DC-44F1-87A6-750AD6CECD9C}"
EndProject
Project("{2150E333-8FDC-42A3-9474-1A3956D46DE8}") = "BlackScholesFloat4", "BlackScholesFloat4", "{B0769215-D37A-4A5F-917E-C3C31AC4BE6D}"
EndProject
Project("{2150E333-8FDC-42A3-9474-1A3956D46DE8}") = "MatrixCublas", "MatrixCublas", "{51C401BF-7B1B-4269-A051-40B8C5756312}"
EndProject
Project("{2150E333-8FDC-42A3-9474-1A3956D46DE8}") = "MatrixCusparse", "MatrixCusparse", "{F5C486FC-DAEE-4A4E-837E-4826A19CAAC5}"
EndProject
Project("{2150E333-8FDC-42A3-9474-1A3956D46DE8}") = "HybridizerCudaReduction", "HybridizerCudaReduction", "{62A97AA7-C7F5-4509-8D70-5ED151D2CD28}"
EndProject
Project("{FAE04EC0-301F-11D3-BF4B-00C04F79EFBC}") = "HelloWorld.vs2012", "1.Simple\HelloWorld\HelloWorld\HelloWorld.vs2012.csproj", "{ADE14E43-D7CB-4460-91EE-C7AF736FF765}"
EndProject
Project("{FAE04EC0-301F-11D3-BF4B-00C04F79EFBC}") = "Malloc.vs2012", "1.Simple\Malloc\Malloc\Malloc.vs2012.csproj", "{48203BB0-4204-4739-923C-7CCD416E3D55}"
EndProject
Project("{FAE04EC0-301F-11D3-BF4B-00C04F79EFBC}") = "Mandelbrot.vs2012", "1.Simple\Mandelbrot\Mandelbrot\Mandelbrot.vs2012.csproj", "{D3745ED6-A9E2-4FAD-B611-8A0063FF6F3D}"
EndProject
Project("{FAE04EC0-301F-11D3-BF4B-00C04F79EFBC}") = "SimplePrintf.vs2012", "1.Simple\Printf\SimplePrintf\SimplePrintf.vs2012.csproj", "{814643FB-3E5A-4170-9764-FFFE00EA79DE}"
EndProject
Project("{FAE04EC0-301F-11D3-BF4B-00C04F79EFBC}") = "Sobel.vs2012", "2.Imaging\Sobel\Sobel\Sobel.vs2012.csproj", "{CE795AF0-991F-40A5-B79E-BE792BB9D8DD}"
EndProject
Project("{FAE04EC0-301F-11D3-BF4B-00C04F79EFBC}") = "Sobel_2D.vs2012", "2.Imaging\Sobel_2D\Sobel_2D\Sobel_2D.vs2012.csproj", "{BA43BF00-58FE-4E09-981E-899155623E39}"
EndProject
Project("{FAE04EC0-301F-11D3-BF4B-00C04F79EFBC}") = "Sobel_Lock.vs2012", "2.Imaging\Sobel_Lock\Sobel_Lock\Sobel_Lock.vs2012.csproj", "{1D081E91-7CF4-4EED-81A2-9E706164A547}"
EndProject
Project("{FAE04EC0-301F-11D3-BF4B-00C04F79EFBC}") = "ConjugateGradient.vs2012", "3.Maths\ConjugateGradient\ConjugateGradient\ConjugateGradient.vs2012.csproj", "{200CD152-C0F9-4FD6-997B-3E01DFDE66D2}"
EndProject
Project("{FAE04EC0-301F-11D3-BF4B-00C04F79EFBC}") = "MonteCarloHeatEquation.vs2012", "3.Maths\MonteCarloHeatEquation\MonteCarloHeatEquation\MonteCarloHeatEquation.vs2012.csproj", "{1DD21997-E415-4A45-AE65-184E3362776D}"
EndProject
Project("{FAE04EC0-301F-11D3-BF4B-00C04F79EFBC}") = "NaiveMatrix.vs2012", "3.Maths\NaiveMatrix\NaiveMatrix\NaiveMatrix.vs2012.csproj", "{1F8ACEB5-6D29-44CF-B9B2-C6208BFD8BA4}"
EndProject
Project("{FAE04EC0-301F-11D3-BF4B-00C04F79EFBC}") = "Newton.vs2012", "3.Maths\Newton\Newton\Newton.vs2012.csproj", "{0F94CA59-1A70-403C-AFC6-292EF4CAE36C}"
EndProject
Project("{FAE04EC0-301F-11D3-BF4B-00C04F79EFBC}") = "SharedMatrix.vs2012", "3.Maths\SharedMatrix\SharedMatrix\SharedMatrix.vs2012.csproj", "{CB3C9DDD-17AD-4DFB-9A3B-E12A35C4F422}"
EndProject
Project("{FAE04EC0-301F-11D3-BF4B-00C04F79EFBC}") = "SparseMatrix.vs2012", "3.Maths\SparseMatrix\SparseMatrix\SparseMatrix.vs2012.csproj", "{F0778D44-FB8C-4AFC-A079-367A5F86265E}"
EndProject
Project("{FAE04EC0-301F-11D3-BF4B-00C04F79EFBC}") = "BlackScholes.vs2012", "4.Finance\BlackScholes\BlackScholes\BlackScholes.vs2012.csproj", "{D6DE0013-00A6-4FE7-9AD2-2B1FE1DE39F7}"
EndProject
Project("{FAE04EC0-301F-11D3-BF4B-00C04F79EFBC}") = "BlackScholesFloat4.vs2012", "4.Finance\BlackScholesFloat4\BlackScholesFloat4\BlackScholesFloat4.vs2012.csproj", "{935FB6CE-EE93-4356-B7B2-8E0AAF2AFF3B}"
EndProject
Project("{FAE04EC0-301F-11D3-BF4B-00C04F79EFBC}") = "MatrixCublas.vs2012", "5.Vendor library integration\MatrixCublas\MatrixCublas\MatrixCublas.vs2012.csproj", "{032B6CB3-0295-45B4-9CF7-2EE8FADE151F}"
EndProject
Project("{FAE04EC0-301F-11D3-BF4B-00C04F79EFBC}") = "MatrixCusparse.vs2012", "5.Vendor library integration\MatrixCusparse\MatrixCusparse\MatrixCusparse.vs2012.csproj", "{3F6E2056-0E5F-450F-8996-2961E7F0A732}"
EndProject
Project("{8BC9CEB8-8B4A-11D0-8D11-00A0C91BC942}") = "Malloc_CUDA.vs2012", "1.Simple\Malloc\Malloc_CUDA\Malloc_CUDA.vs2012.vcxproj", "{CB1B7A32-2F0B-437E-B943-DE3905726EA2}"
	ProjectSection(ProjectDependencies) = postProject
		{48203BB0-4204-4739-923C-7CCD416E3D55} = {48203BB0-4204-4739-923C-7CCD416E3D55}
	EndProjectSection
EndProject
Project("{8BC9CEB8-8B4A-11D0-8D11-00A0C91BC942}") = "Mandelbrot_CUDA.vs2012", "1.Simple\Mandelbrot\Mandelbrot_CUDA\Mandelbrot_CUDA.vs2012.vcxproj", "{868D40CD-20D3-4ABA-AD6C-B3E461487825}"
	ProjectSection(ProjectDependencies) = postProject
		{D3745ED6-A9E2-4FAD-B611-8A0063FF6F3D} = {D3745ED6-A9E2-4FAD-B611-8A0063FF6F3D}
	EndProjectSection
EndProject
Project("{8BC9CEB8-8B4A-11D0-8D11-00A0C91BC942}") = "SimplePrintf_CUDA.vs2012", "1.Simple\Printf\SimplePrintf_CUDA\SimplePrintf_CUDA.vs2012.vcxproj", "{E6ACE7C4-C760-4879-BF97-499219F1A55E}"
	ProjectSection(ProjectDependencies) = postProject
		{814643FB-3E5A-4170-9764-FFFE00EA79DE} = {814643FB-3E5A-4170-9764-FFFE00EA79DE}
	EndProjectSection
EndProject
Project("{8BC9CEB8-8B4A-11D0-8D11-00A0C91BC942}") = "Sobel_CUDA.vs2012", "2.Imaging\Sobel\Sobel_CUDA\Sobel_CUDA.vs2012.vcxproj", "{2A80BAD1-F048-4268-B385-2BDD30744C20}"
	ProjectSection(ProjectDependencies) = postProject
		{CE795AF0-991F-40A5-B79E-BE792BB9D8DD} = {CE795AF0-991F-40A5-B79E-BE792BB9D8DD}
	EndProjectSection
EndProject
Project("{8BC9CEB8-8B4A-11D0-8D11-00A0C91BC942}") = "Sobel_2D_CUDA.vs2012", "2.Imaging\Sobel_2D\Sobel_2D_CUDA\Sobel_2D_CUDA.vs2012.vcxproj", "{8C694AFC-DA41-4F35-A8C7-FF9207D91EAE}"
	ProjectSection(ProjectDependencies) = postProject
		{BA43BF00-58FE-4E09-981E-899155623E39} = {BA43BF00-58FE-4E09-981E-899155623E39}
	EndProjectSection
EndProject
Project("{8BC9CEB8-8B4A-11D0-8D11-00A0C91BC942}") = "Sobel_Lock_CUDA.vs2012", "2.Imaging\Sobel_Lock\Sobel_Lock_CUDA\Sobel_Lock_CUDA.vs2012.vcxproj", "{248F8058-4D72-4B04-B2CD-4B5C22D9D2C8}"
	ProjectSection(ProjectDependencies) = postProject
		{1D081E91-7CF4-4EED-81A2-9E706164A547} = {1D081E91-7CF4-4EED-81A2-9E706164A547}
	EndProjectSection
EndProject
Project("{8BC9CEB8-8B4A-11D0-8D11-00A0C91BC942}") = "MonteCarloHeatEquation_CUDA.vs2012", "3.Maths\MonteCarloHeatEquation\MonteCarloHeatEquation_CUDA\MonteCarloHeatEquation_CUDA.vs2012.vcxproj", "{93D5F8B0-8A5B-4BAB-A1CB-59A15B9517F3}"
	ProjectSection(ProjectDependencies) = postProject
		{1DD21997-E415-4A45-AE65-184E3362776D} = {1DD21997-E415-4A45-AE65-184E3362776D}
	EndProjectSection
EndProject
Project("{FAE04EC0-301F-11D3-BF4B-00C04F79EFBC}") = "Utilities.vs2012", "0.Utils\Utilities\Utilities.vs2012.csproj", "{AE229EB0-5BCD-436E-8F9C-CDE7E2011181}"
EndProject
Project("{8BC9CEB8-8B4A-11D0-8D11-00A0C91BC942}") = "ConjugateGradient_CUDA.vs2012", "3.Maths\ConjugateGradient\ConjugateGradient_CUDA\ConjugateGradient_CUDA.vs2012.vcxproj", "{A15E2B31-32FB-4E05-91CD-EA2F6889E9F1}"
	ProjectSection(ProjectDependencies) = postProject
		{200CD152-C0F9-4FD6-997B-3E01DFDE66D2} = {200CD152-C0F9-4FD6-997B-3E01DFDE66D2}
	EndProjectSection
EndProject
Project("{8BC9CEB8-8B4A-11D0-8D11-00A0C91BC942}") = "NaiveMatrix_CUDA.vs2012", "3.Maths\NaiveMatrix\NaiveMatrix_CUDA\NaiveMatrix_CUDA.vs2012.vcxproj", "{05599A4F-3A3B-4384-8CCE-699DF502DF6D}"
	ProjectSection(ProjectDependencies) = postProject
		{1F8ACEB5-6D29-44CF-B9B2-C6208BFD8BA4} = {1F8ACEB5-6D29-44CF-B9B2-C6208BFD8BA4}
	EndProjectSection
EndProject
Project("{8BC9CEB8-8B4A-11D0-8D11-00A0C91BC942}") = "Newton_CUDA.vs2012", "3.Maths\Newton\Newton_CUDA\Newton_CUDA.vs2012.vcxproj", "{FE88145D-1784-4971-AE20-3B98F6E0D73B}"
	ProjectSection(ProjectDependencies) = postProject
		{0F94CA59-1A70-403C-AFC6-292EF4CAE36C} = {0F94CA59-1A70-403C-AFC6-292EF4CAE36C}
	EndProjectSection
EndProject
Project("{8BC9CEB8-8B4A-11D0-8D11-00A0C91BC942}") = "SharedMatrix_CUDA.vs2012", "3.Maths\SharedMatrix\SharedMatrix_CUDA\SharedMatrix_CUDA.vs2012.vcxproj", "{E908DE44-C1E5-45E7-B9DB-FB6812AE4A2D}"
	ProjectSection(ProjectDependencies) = postProject
		{CB3C9DDD-17AD-4DFB-9A3B-E12A35C4F422} = {CB3C9DDD-17AD-4DFB-9A3B-E12A35C4F422}
	EndProjectSection
EndProject
Project("{8BC9CEB8-8B4A-11D0-8D11-00A0C91BC942}") = "SparseMatrix_CUDA.vs2012", "3.Maths\SparseMatrix\SparseMatrix_CUDA\SparseMatrix_CUDA.vs2012.vcxproj", "{58BE048B-58A6-4482-9C5E-443D3835C346}"
	ProjectSection(ProjectDependencies) = postProject
		{F0778D44-FB8C-4AFC-A079-367A5F86265E} = {F0778D44-FB8C-4AFC-A079-367A5F86265E}
	EndProjectSection
EndProject
Project("{8BC9CEB8-8B4A-11D0-8D11-00A0C91BC942}") = "BlackScholes_CUDA.vs2012", "4.Finance\BlackScholes\BlackScholes_CUDA\BlackScholes_CUDA.vs2012.vcxproj", "{F23372EE-8F80-4AEE-8D22-D4CEBAC8DBCB}"
	ProjectSection(ProjectDependencies) = postProject
		{D6DE0013-00A6-4FE7-9AD2-2B1FE1DE39F7} = {D6DE0013-00A6-4FE7-9AD2-2B1FE1DE39F7}
	EndProjectSection
EndProject
Project("{8BC9CEB8-8B4A-11D0-8D11-00A0C91BC942}") = "BlackScholesFloat4_CUDA.vs2012", "4.Finance\BlackScholesFloat4\BlackScholesFloat4_CUDA\BlackScholesFloat4_CUDA.vs2012.vcxproj", "{85FCE1C4-A255-4CE9-A892-3EB87E5D0EE6}"
	ProjectSection(ProjectDependencies) = postProject
		{935FB6CE-EE93-4356-B7B2-8E0AAF2AFF3B} = {935FB6CE-EE93-4356-B7B2-8E0AAF2AFF3B}
	EndProjectSection
EndProject
Project("{8BC9CEB8-8B4A-11D0-8D11-00A0C91BC942}") = "hybridizer_cuda_reduction", "Libraries\HybridizerCudaReduction\hybridizer_cuda_reduction.vs2012.vcxproj", "{C1BFF4FF-96E6-4762-9EA1-67B4DF87F060}"
EndProject
Project("{8BC9CEB8-8B4A-11D0-8D11-00A0C91BC942}") = "HelloWorld_CUDA.vs2012", "1.Simple\HelloWorld\HelloWorld_CUDA\HelloWorld_CUDA.vs2012.vcxproj", "{8DF76B17-8149-4C3C-958F-6154F6FF66D0}"
EndProject
Global
	GlobalSection(SolutionConfigurationPlatforms) = preSolution
		Debug|Any CPU = Debug|Any CPU
		Debug|Mixed Platforms = Debug|Mixed Platforms
		Debug|Win32 = Debug|Win32
		Debug|x64 = Debug|x64
		Release|Any CPU = Release|Any CPU
		Release|Mixed Platforms = Release|Mixed Platforms
		Release|Win32 = Release|Win32
		Release|x64 = Release|x64
	EndGlobalSection
	GlobalSection(ProjectConfigurationPlatforms) = postSolution
		{ADE14E43-D7CB-4460-91EE-C7AF736FF765}.Debug|Any CPU.ActiveCfg = Debug|x64
		{ADE14E43-D7CB-4460-91EE-C7AF736FF765}.Debug|Mixed Platforms.ActiveCfg = Debug|x64
		{ADE14E43-D7CB-4460-91EE-C7AF736FF765}.Debug|Mixed Platforms.Build.0 = Debug|x64
		{ADE14E43-D7CB-4460-91EE-C7AF736FF765}.Debug|Win32.ActiveCfg = Debug|x64
		{ADE14E43-D7CB-4460-91EE-C7AF736FF765}.Debug|x64.ActiveCfg = Debug|x64
		{ADE14E43-D7CB-4460-91EE-C7AF736FF765}.Debug|x64.Build.0 = Debug|x64
		{ADE14E43-D7CB-4460-91EE-C7AF736FF765}.Release|Any CPU.ActiveCfg = Release|x64
		{ADE14E43-D7CB-4460-91EE-C7AF736FF765}.Release|Mixed Platforms.ActiveCfg = Release|x64
		{ADE14E43-D7CB-4460-91EE-C7AF736FF765}.Release|Mixed Platforms.Build.0 = Release|x64
		{ADE14E43-D7CB-4460-91EE-C7AF736FF765}.Release|Win32.ActiveCfg = Release|x64
		{ADE14E43-D7CB-4460-91EE-C7AF736FF765}.Release|x64.ActiveCfg = Release|x64
		{ADE14E43-D7CB-4460-91EE-C7AF736FF765}.Release|x64.Build.0 = Release|x64
		{48203BB0-4204-4739-923C-7CCD416E3D55}.Debug|Any CPU.ActiveCfg = Debug|Any CPU
		{48203BB0-4204-4739-923C-7CCD416E3D55}.Debug|Any CPU.Build.0 = Debug|Any CPU
		{48203BB0-4204-4739-923C-7CCD416E3D55}.Debug|Mixed Platforms.ActiveCfg = Debug|Any CPU
		{48203BB0-4204-4739-923C-7CCD416E3D55}.Debug|Mixed Platforms.Build.0 = Debug|Any CPU
		{48203BB0-4204-4739-923C-7CCD416E3D55}.Debug|Win32.ActiveCfg = Debug|Any CPU
		{48203BB0-4204-4739-923C-7CCD416E3D55}.Debug|x64.ActiveCfg = Debug|x64
		{48203BB0-4204-4739-923C-7CCD416E3D55}.Debug|x64.Build.0 = Debug|x64
		{48203BB0-4204-4739-923C-7CCD416E3D55}.Release|Any CPU.ActiveCfg = Release|Any CPU
		{48203BB0-4204-4739-923C-7CCD416E3D55}.Release|Any CPU.Build.0 = Release|Any CPU
		{48203BB0-4204-4739-923C-7CCD416E3D55}.Release|Mixed Platforms.ActiveCfg = Release|Any CPU
		{48203BB0-4204-4739-923C-7CCD416E3D55}.Release|Mixed Platforms.Build.0 = Release|Any CPU
		{48203BB0-4204-4739-923C-7CCD416E3D55}.Release|Win32.ActiveCfg = Release|Any CPU
		{48203BB0-4204-4739-923C-7CCD416E3D55}.Release|x64.ActiveCfg = Release|x64
		{48203BB0-4204-4739-923C-7CCD416E3D55}.Release|x64.Build.0 = Release|x64
		{D3745ED6-A9E2-4FAD-B611-8A0063FF6F3D}.Debug|Any CPU.ActiveCfg = Debug|x64
		{D3745ED6-A9E2-4FAD-B611-8A0063FF6F3D}.Debug|Mixed Platforms.ActiveCfg = Debug|x64
		{D3745ED6-A9E2-4FAD-B611-8A0063FF6F3D}.Debug|Mixed Platforms.Build.0 = Debug|x64
		{D3745ED6-A9E2-4FAD-B611-8A0063FF6F3D}.Debug|Win32.ActiveCfg = Debug|x64
		{D3745ED6-A9E2-4FAD-B611-8A0063FF6F3D}.Debug|x64.ActiveCfg = Debug|x64
		{D3745ED6-A9E2-4FAD-B611-8A0063FF6F3D}.Debug|x64.Build.0 = Debug|x64
		{D3745ED6-A9E2-4FAD-B611-8A0063FF6F3D}.Release|Any CPU.ActiveCfg = Release|x64
		{D3745ED6-A9E2-4FAD-B611-8A0063FF6F3D}.Release|Mixed Platforms.ActiveCfg = Release|x64
		{D3745ED6-A9E2-4FAD-B611-8A0063FF6F3D}.Release|Mixed Platforms.Build.0 = Release|x64
		{D3745ED6-A9E2-4FAD-B611-8A0063FF6F3D}.Release|Win32.ActiveCfg = Release|x64
		{D3745ED6-A9E2-4FAD-B611-8A0063FF6F3D}.Release|x64.ActiveCfg = Release|x64
		{D3745ED6-A9E2-4FAD-B611-8A0063FF6F3D}.Release|x64.Build.0 = Release|x64
		{814643FB-3E5A-4170-9764-FFFE00EA79DE}.Debug|Any CPU.ActiveCfg = Debug|x64
		{814643FB-3E5A-4170-9764-FFFE00EA79DE}.Debug|Mixed Platforms.ActiveCfg = Debug|x64
		{814643FB-3E5A-4170-9764-FFFE00EA79DE}.Debug|Mixed Platforms.Build.0 = Debug|x64
		{814643FB-3E5A-4170-9764-FFFE00EA79DE}.Debug|Win32.ActiveCfg = Debug|x64
		{814643FB-3E5A-4170-9764-FFFE00EA79DE}.Debug|x64.ActiveCfg = Debug|x64
		{814643FB-3E5A-4170-9764-FFFE00EA79DE}.Debug|x64.Build.0 = Debug|x64
		{814643FB-3E5A-4170-9764-FFFE00EA79DE}.Release|Any CPU.ActiveCfg = Release|x64
		{814643FB-3E5A-4170-9764-FFFE00EA79DE}.Release|Mixed Platforms.ActiveCfg = Release|x64
		{814643FB-3E5A-4170-9764-FFFE00EA79DE}.Release|Mixed Platforms.Build.0 = Release|x64
		{814643FB-3E5A-4170-9764-FFFE00EA79DE}.Release|Win32.ActiveCfg = Release|x64
		{814643FB-3E5A-4170-9764-FFFE00EA79DE}.Release|x64.ActiveCfg = Release|x64
		{814643FB-3E5A-4170-9764-FFFE00EA79DE}.Release|x64.Build.0 = Release|x64
		{CE795AF0-991F-40A5-B79E-BE792BB9D8DD}.Debug|Any CPU.ActiveCfg = Debug|Any CPU
		{CE795AF0-991F-40A5-B79E-BE792BB9D8DD}.Debug|Any CPU.Build.0 = Debug|Any CPU
		{CE795AF0-991F-40A5-B79E-BE792BB9D8DD}.Debug|Mixed Platforms.ActiveCfg = Debug|Any CPU
		{CE795AF0-991F-40A5-B79E-BE792BB9D8DD}.Debug|Mixed Platforms.Build.0 = Debug|Any CPU
		{CE795AF0-991F-40A5-B79E-BE792BB9D8DD}.Debug|Win32.ActiveCfg = Debug|Any CPU
		{CE795AF0-991F-40A5-B79E-BE792BB9D8DD}.Debug|x64.ActiveCfg = Debug|x64
		{CE795AF0-991F-40A5-B79E-BE792BB9D8DD}.Debug|x64.Build.0 = Debug|x64
		{CE795AF0-991F-40A5-B79E-BE792BB9D8DD}.Release|Any CPU.ActiveCfg = Release|Any CPU
		{CE795AF0-991F-40A5-B79E-BE792BB9D8DD}.Release|Any CPU.Build.0 = Release|Any CPU
		{CE795AF0-991F-40A5-B79E-BE792BB9D8DD}.Release|Mixed Platforms.ActiveCfg = Release|Any CPU
		{CE795AF0-991F-40A5-B79E-BE792BB9D8DD}.Release|Mixed Platforms.Build.0 = Release|Any CPU
		{CE795AF0-991F-40A5-B79E-BE792BB9D8DD}.Release|Win32.ActiveCfg = Release|Any CPU
		{CE795AF0-991F-40A5-B79E-BE792BB9D8DD}.Release|x64.ActiveCfg = Release|x64
		{CE795AF0-991F-40A5-B79E-BE792BB9D8DD}.Release|x64.Build.0 = Release|x64
		{BA43BF00-58FE-4E09-981E-899155623E39}.Debug|Any CPU.ActiveCfg = Debug|Any CPU
		{BA43BF00-58FE-4E09-981E-899155623E39}.Debug|Any CPU.Build.0 = Debug|Any CPU
		{BA43BF00-58FE-4E09-981E-899155623E39}.Debug|Mixed Platforms.ActiveCfg = Debug|Any CPU
		{BA43BF00-58FE-4E09-981E-899155623E39}.Debug|Mixed Platforms.Build.0 = Debug|Any CPU
		{BA43BF00-58FE-4E09-981E-899155623E39}.Debug|Win32.ActiveCfg = Debug|Any CPU
		{BA43BF00-58FE-4E09-981E-899155623E39}.Debug|x64.ActiveCfg = Debug|x64
		{BA43BF00-58FE-4E09-981E-899155623E39}.Debug|x64.Build.0 = Debug|x64
		{BA43BF00-58FE-4E09-981E-899155623E39}.Release|Any CPU.ActiveCfg = Release|Any CPU
		{BA43BF00-58FE-4E09-981E-899155623E39}.Release|Any CPU.Build.0 = Release|Any CPU
		{BA43BF00-58FE-4E09-981E-899155623E39}.Release|Mixed Platforms.ActiveCfg = Release|Any CPU
		{BA43BF00-58FE-4E09-981E-899155623E39}.Release|Mixed Platforms.Build.0 = Release|Any CPU
		{BA43BF00-58FE-4E09-981E-899155623E39}.Release|Win32.ActiveCfg = Release|Any CPU
		{BA43BF00-58FE-4E09-981E-899155623E39}.Release|x64.ActiveCfg = Release|x64
		{BA43BF00-58FE-4E09-981E-899155623E39}.Release|x64.Build.0 = Release|x64
		{1D081E91-7CF4-4EED-81A2-9E706164A547}.Debug|Any CPU.ActiveCfg = Debug|x64
		{1D081E91-7CF4-4EED-81A2-9E706164A547}.Debug|Mixed Platforms.ActiveCfg = Debug|x64
		{1D081E91-7CF4-4EED-81A2-9E706164A547}.Debug|Mixed Platforms.Build.0 = Debug|x64
		{1D081E91-7CF4-4EED-81A2-9E706164A547}.Debug|Win32.ActiveCfg = Debug|x64
		{1D081E91-7CF4-4EED-81A2-9E706164A547}.Debug|x64.ActiveCfg = Debug|x64
		{1D081E91-7CF4-4EED-81A2-9E706164A547}.Debug|x64.Build.0 = Debug|x64
		{1D081E91-7CF4-4EED-81A2-9E706164A547}.Release|Any CPU.ActiveCfg = Release|x64
		{1D081E91-7CF4-4EED-81A2-9E706164A547}.Release|Mixed Platforms.ActiveCfg = Release|x64
		{1D081E91-7CF4-4EED-81A2-9E706164A547}.Release|Mixed Platforms.Build.0 = Release|x64
		{1D081E91-7CF4-4EED-81A2-9E706164A547}.Release|Win32.ActiveCfg = Release|x64
		{1D081E91-7CF4-4EED-81A2-9E706164A547}.Release|x64.ActiveCfg = Release|x64
		{1D081E91-7CF4-4EED-81A2-9E706164A547}.Release|x64.Build.0 = Release|x64
		{200CD152-C0F9-4FD6-997B-3E01DFDE66D2}.Debug|Any CPU.ActiveCfg = Debug|Any CPU
		{200CD152-C0F9-4FD6-997B-3E01DFDE66D2}.Debug|Any CPU.Build.0 = Debug|Any CPU
		{200CD152-C0F9-4FD6-997B-3E01DFDE66D2}.Debug|Mixed Platforms.ActiveCfg = Debug|Any CPU
		{200CD152-C0F9-4FD6-997B-3E01DFDE66D2}.Debug|Mixed Platforms.Build.0 = Debug|Any CPU
		{200CD152-C0F9-4FD6-997B-3E01DFDE66D2}.Debug|Win32.ActiveCfg = Debug|Any CPU
		{200CD152-C0F9-4FD6-997B-3E01DFDE66D2}.Debug|x64.ActiveCfg = Debug|x64
		{200CD152-C0F9-4FD6-997B-3E01DFDE66D2}.Debug|x64.Build.0 = Debug|x64
		{200CD152-C0F9-4FD6-997B-3E01DFDE66D2}.Release|Any CPU.ActiveCfg = Release|Any CPU
		{200CD152-C0F9-4FD6-997B-3E01DFDE66D2}.Release|Any CPU.Build.0 = Release|Any CPU
		{200CD152-C0F9-4FD6-997B-3E01DFDE66D2}.Release|Mixed Platforms.ActiveCfg = Release|Any CPU
		{200CD152-C0F9-4FD6-997B-3E01DFDE66D2}.Release|Mixed Platforms.Build.0 = Release|Any CPU
		{200CD152-C0F9-4FD6-997B-3E01DFDE66D2}.Release|Win32.ActiveCfg = Release|Any CPU
		{200CD152-C0F9-4FD6-997B-3E01DFDE66D2}.Release|x64.ActiveCfg = Release|x64
		{200CD152-C0F9-4FD6-997B-3E01DFDE66D2}.Release|x64.Build.0 = Release|x64
		{1DD21997-E415-4A45-AE65-184E3362776D}.Debug|Any CPU.ActiveCfg = Debug|Any CPU
		{1DD21997-E415-4A45-AE65-184E3362776D}.Debug|Any CPU.Build.0 = Debug|Any CPU
		{1DD21997-E415-4A45-AE65-184E3362776D}.Debug|Mixed Platforms.ActiveCfg = Debug|Any CPU
		{1DD21997-E415-4A45-AE65-184E3362776D}.Debug|Mixed Platforms.Build.0 = Debug|Any CPU
		{1DD21997-E415-4A45-AE65-184E3362776D}.Debug|Win32.ActiveCfg = Debug|Any CPU
		{1DD21997-E415-4A45-AE65-184E3362776D}.Debug|x64.ActiveCfg = Debug|x64
		{1DD21997-E415-4A45-AE65-184E3362776D}.Debug|x64.Build.0 = Debug|x64
		{1DD21997-E415-4A45-AE65-184E3362776D}.Release|Any CPU.ActiveCfg = Release|Any CPU
		{1DD21997-E415-4A45-AE65-184E3362776D}.Release|Any CPU.Build.0 = Release|Any CPU
		{1DD21997-E415-4A45-AE65-184E3362776D}.Release|Mixed Platforms.ActiveCfg = Release|Any CPU
		{1DD21997-E415-4A45-AE65-184E3362776D}.Release|Mixed Platforms.Build.0 = Release|Any CPU
		{1DD21997-E415-4A45-AE65-184E3362776D}.Release|Win32.ActiveCfg = Release|Any CPU
		{1DD21997-E415-4A45-AE65-184E3362776D}.Release|x64.ActiveCfg = Release|x64
		{1DD21997-E415-4A45-AE65-184E3362776D}.Release|x64.Build.0 = Release|x64
		{1F8ACEB5-6D29-44CF-B9B2-C6208BFD8BA4}.Debug|Any CPU.ActiveCfg = Debug|Any CPU
		{1F8ACEB5-6D29-44CF-B9B2-C6208BFD8BA4}.Debug|Any CPU.Build.0 = Debug|Any CPU
		{1F8ACEB5-6D29-44CF-B9B2-C6208BFD8BA4}.Debug|Mixed Platforms.ActiveCfg = Debug|Any CPU
		{1F8ACEB5-6D29-44CF-B9B2-C6208BFD8BA4}.Debug|Mixed Platforms.Build.0 = Debug|Any CPU
		{1F8ACEB5-6D29-44CF-B9B2-C6208BFD8BA4}.Debug|Win32.ActiveCfg = Debug|Any CPU
		{1F8ACEB5-6D29-44CF-B9B2-C6208BFD8BA4}.Debug|x64.ActiveCfg = Debug|x64
		{1F8ACEB5-6D29-44CF-B9B2-C6208BFD8BA4}.Debug|x64.Build.0 = Debug|x64
		{1F8ACEB5-6D29-44CF-B9B2-C6208BFD8BA4}.Release|Any CPU.ActiveCfg = Release|Any CPU
		{1F8ACEB5-6D29-44CF-B9B2-C6208BFD8BA4}.Release|Any CPU.Build.0 = Release|Any CPU
		{1F8ACEB5-6D29-44CF-B9B2-C6208BFD8BA4}.Release|Mixed Platforms.ActiveCfg = Release|Any CPU
		{1F8ACEB5-6D29-44CF-B9B2-C6208BFD8BA4}.Release|Mixed Platforms.Build.0 = Release|Any CPU
		{1F8ACEB5-6D29-44CF-B9B2-C6208BFD8BA4}.Release|Win32.ActiveCfg = Release|Any CPU
		{1F8ACEB5-6D29-44CF-B9B2-C6208BFD8BA4}.Release|x64.ActiveCfg = Release|x64
		{1F8ACEB5-6D29-44CF-B9B2-C6208BFD8BA4}.Release|x64.Build.0 = Release|x64
		{0F94CA59-1A70-403C-AFC6-292EF4CAE36C}.Debug|Any CPU.ActiveCfg = Debug|Any CPU
		{0F94CA59-1A70-403C-AFC6-292EF4CAE36C}.Debug|Any CPU.Build.0 = Debug|Any CPU
		{0F94CA59-1A70-403C-AFC6-292EF4CAE36C}.Debug|Mixed Platforms.ActiveCfg = Debug|Any CPU
		{0F94CA59-1A70-403C-AFC6-292EF4CAE36C}.Debug|Mixed Platforms.Build.0 = Debug|Any CPU
		{0F94CA59-1A70-403C-AFC6-292EF4CAE36C}.Debug|Win32.ActiveCfg = Debug|Any CPU
		{0F94CA59-1A70-403C-AFC6-292EF4CAE36C}.Debug|x64.ActiveCfg = Debug|x64
		{0F94CA59-1A70-403C-AFC6-292EF4CAE36C}.Debug|x64.Build.0 = Debug|x64
		{0F94CA59-1A70-403C-AFC6-292EF4CAE36C}.Release|Any CPU.ActiveCfg = Release|Any CPU
		{0F94CA59-1A70-403C-AFC6-292EF4CAE36C}.Release|Any CPU.Build.0 = Release|Any CPU
		{0F94CA59-1A70-403C-AFC6-292EF4CAE36C}.Release|Mixed Platforms.ActiveCfg = Release|Any CPU
		{0F94CA59-1A70-403C-AFC6-292EF4CAE36C}.Release|Mixed Platforms.Build.0 = Release|Any CPU
		{0F94CA59-1A70-403C-AFC6-292EF4CAE36C}.Release|Win32.ActiveCfg = Release|Any CPU
		{0F94CA59-1A70-403C-AFC6-292EF4CAE36C}.Release|x64.ActiveCfg = Release|x64
		{0F94CA59-1A70-403C-AFC6-292EF4CAE36C}.Release|x64.Build.0 = Release|x64
		{CB3C9DDD-17AD-4DFB-9A3B-E12A35C4F422}.Debug|Any CPU.ActiveCfg = Debug|Any CPU
		{CB3C9DDD-17AD-4DFB-9A3B-E12A35C4F422}.Debug|Any CPU.Build.0 = Debug|Any CPU
		{CB3C9DDD-17AD-4DFB-9A3B-E12A35C4F422}.Debug|Mixed Platforms.ActiveCfg = Debug|Any CPU
		{CB3C9DDD-17AD-4DFB-9A3B-E12A35C4F422}.Debug|Mixed Platforms.Build.0 = Debug|Any CPU
		{CB3C9DDD-17AD-4DFB-9A3B-E12A35C4F422}.Debug|Win32.ActiveCfg = Debug|Any CPU
		{CB3C9DDD-17AD-4DFB-9A3B-E12A35C4F422}.Debug|x64.ActiveCfg = Debug|x64
		{CB3C9DDD-17AD-4DFB-9A3B-E12A35C4F422}.Debug|x64.Build.0 = Debug|x64
		{CB3C9DDD-17AD-4DFB-9A3B-E12A35C4F422}.Release|Any CPU.ActiveCfg = Release|Any CPU
		{CB3C9DDD-17AD-4DFB-9A3B-E12A35C4F422}.Release|Any CPU.Build.0 = Release|Any CPU
		{CB3C9DDD-17AD-4DFB-9A3B-E12A35C4F422}.Release|Mixed Platforms.ActiveCfg = Release|Any CPU
		{CB3C9DDD-17AD-4DFB-9A3B-E12A35C4F422}.Release|Mixed Platforms.Build.0 = Release|Any CPU
		{CB3C9DDD-17AD-4DFB-9A3B-E12A35C4F422}.Release|Win32.ActiveCfg = Release|Any CPU
		{CB3C9DDD-17AD-4DFB-9A3B-E12A35C4F422}.Release|x64.ActiveCfg = Release|x64
		{CB3C9DDD-17AD-4DFB-9A3B-E12A35C4F422}.Release|x64.Build.0 = Release|x64
		{F0778D44-FB8C-4AFC-A079-367A5F86265E}.Debug|Any CPU.ActiveCfg = Debug|Any CPU
		{F0778D44-FB8C-4AFC-A079-367A5F86265E}.Debug|Any CPU.Build.0 = Debug|Any CPU
		{F0778D44-FB8C-4AFC-A079-367A5F86265E}.Debug|Mixed Platforms.ActiveCfg = Debug|Any CPU
		{F0778D44-FB8C-4AFC-A079-367A5F86265E}.Debug|Mixed Platforms.Build.0 = Debug|Any CPU
		{F0778D44-FB8C-4AFC-A079-367A5F86265E}.Debug|Win32.ActiveCfg = Debug|Any CPU
		{F0778D44-FB8C-4AFC-A079-367A5F86265E}.Debug|x64.ActiveCfg = Debug|x64
		{F0778D44-FB8C-4AFC-A079-367A5F86265E}.Debug|x64.Build.0 = Debug|x64
		{F0778D44-FB8C-4AFC-A079-367A5F86265E}.Release|Any CPU.ActiveCfg = Release|Any CPU
		{F0778D44-FB8C-4AFC-A079-367A5F86265E}.Release|Any CPU.Build.0 = Release|Any CPU
		{F0778D44-FB8C-4AFC-A079-367A5F86265E}.Release|Mixed Platforms.ActiveCfg = Release|Any CPU
		{F0778D44-FB8C-4AFC-A079-367A5F86265E}.Release|Mixed Platforms.Build.0 = Release|Any CPU
		{F0778D44-FB8C-4AFC-A079-367A5F86265E}.Release|Win32.ActiveCfg = Release|Any CPU
		{F0778D44-FB8C-4AFC-A079-367A5F86265E}.Release|x64.ActiveCfg = Release|x64
		{F0778D44-FB8C-4AFC-A079-367A5F86265E}.Release|x64.Build.0 = Release|x64
		{D6DE0013-00A6-4FE7-9AD2-2B1FE1DE39F7}.Debug|Any CPU.ActiveCfg = Debug|Any CPU
		{D6DE0013-00A6-4FE7-9AD2-2B1FE1DE39F7}.Debug|Any CPU.Build.0 = Debug|Any CPU
		{D6DE0013-00A6-4FE7-9AD2-2B1FE1DE39F7}.Debug|Mixed Platforms.ActiveCfg = Debug|Any CPU
		{D6DE0013-00A6-4FE7-9AD2-2B1FE1DE39F7}.Debug|Mixed Platforms.Build.0 = Debug|Any CPU
		{D6DE0013-00A6-4FE7-9AD2-2B1FE1DE39F7}.Debug|Win32.ActiveCfg = Debug|Any CPU
		{D6DE0013-00A6-4FE7-9AD2-2B1FE1DE39F7}.Debug|x64.ActiveCfg = Debug|x64
		{D6DE0013-00A6-4FE7-9AD2-2B1FE1DE39F7}.Debug|x64.Build.0 = Debug|x64
		{D6DE0013-00A6-4FE7-9AD2-2B1FE1DE39F7}.Release|Any CPU.ActiveCfg = Release|Any CPU
		{D6DE0013-00A6-4FE7-9AD2-2B1FE1DE39F7}.Release|Any CPU.Build.0 = Release|Any CPU
		{D6DE0013-00A6-4FE7-9AD2-2B1FE1DE39F7}.Release|Mixed Platforms.ActiveCfg = Release|Any CPU
		{D6DE0013-00A6-4FE7-9AD2-2B1FE1DE39F7}.Release|Mixed Platforms.Build.0 = Release|Any CPU
		{D6DE0013-00A6-4FE7-9AD2-2B1FE1DE39F7}.Release|Win32.ActiveCfg = Release|Any CPU
		{D6DE0013-00A6-4FE7-9AD2-2B1FE1DE39F7}.Release|x64.ActiveCfg = Release|x64
		{D6DE0013-00A6-4FE7-9AD2-2B1FE1DE39F7}.Release|x64.Build.0 = Release|x64
		{935FB6CE-EE93-4356-B7B2-8E0AAF2AFF3B}.Debug|Any CPU.ActiveCfg = Debug|Any CPU
		{935FB6CE-EE93-4356-B7B2-8E0AAF2AFF3B}.Debug|Any CPU.Build.0 = Debug|Any CPU
		{935FB6CE-EE93-4356-B7B2-8E0AAF2AFF3B}.Debug|Mixed Platforms.ActiveCfg = Debug|Any CPU
		{935FB6CE-EE93-4356-B7B2-8E0AAF2AFF3B}.Debug|Mixed Platforms.Build.0 = Debug|Any CPU
		{935FB6CE-EE93-4356-B7B2-8E0AAF2AFF3B}.Debug|Win32.ActiveCfg = Debug|Any CPU
		{935FB6CE-EE93-4356-B7B2-8E0AAF2AFF3B}.Debug|x64.ActiveCfg = Debug|x64
		{935FB6CE-EE93-4356-B7B2-8E0AAF2AFF3B}.Debug|x64.Build.0 = Debug|x64
		{935FB6CE-EE93-4356-B7B2-8E0AAF2AFF3B}.Release|Any CPU.ActiveCfg = Release|Any CPU
		{935FB6CE-EE93-4356-B7B2-8E0AAF2AFF3B}.Release|Any CPU.Build.0 = Release|Any CPU
		{935FB6CE-EE93-4356-B7B2-8E0AAF2AFF3B}.Release|Mixed Platforms.ActiveCfg = Release|Any CPU
		{935FB6CE-EE93-4356-B7B2-8E0AAF2AFF3B}.Release|Mixed Platforms.Build.0 = Release|Any CPU
		{935FB6CE-EE93-4356-B7B2-8E0AAF2AFF3B}.Release|Win32.ActiveCfg = Release|Any CPU
		{935FB6CE-EE93-4356-B7B2-8E0AAF2AFF3B}.Release|x64.ActiveCfg = Release|x64
		{935FB6CE-EE93-4356-B7B2-8E0AAF2AFF3B}.Release|x64.Build.0 = Release|x64
		{032B6CB3-0295-45B4-9CF7-2EE8FADE151F}.Debug|Any CPU.ActiveCfg = Debug|Any CPU
		{032B6CB3-0295-45B4-9CF7-2EE8FADE151F}.Debug|Any CPU.Build.0 = Debug|Any CPU
		{032B6CB3-0295-45B4-9CF7-2EE8FADE151F}.Debug|Mixed Platforms.ActiveCfg = Debug|Any CPU
		{032B6CB3-0295-45B4-9CF7-2EE8FADE151F}.Debug|Mixed Platforms.Build.0 = Debug|Any CPU
		{032B6CB3-0295-45B4-9CF7-2EE8FADE151F}.Debug|Win32.ActiveCfg = Debug|Any CPU
		{032B6CB3-0295-45B4-9CF7-2EE8FADE151F}.Debug|x64.ActiveCfg = Debug|x64
		{032B6CB3-0295-45B4-9CF7-2EE8FADE151F}.Debug|x64.Build.0 = Debug|x64
		{032B6CB3-0295-45B4-9CF7-2EE8FADE151F}.Release|Any CPU.ActiveCfg = Release|Any CPU
		{032B6CB3-0295-45B4-9CF7-2EE8FADE151F}.Release|Any CPU.Build.0 = Release|Any CPU
		{032B6CB3-0295-45B4-9CF7-2EE8FADE151F}.Release|Mixed Platforms.ActiveCfg = Release|Any CPU
		{032B6CB3-0295-45B4-9CF7-2EE8FADE151F}.Release|Mixed Platforms.Build.0 = Release|Any CPU
		{032B6CB3-0295-45B4-9CF7-2EE8FADE151F}.Release|Win32.ActiveCfg = Release|Any CPU
		{032B6CB3-0295-45B4-9CF7-2EE8FADE151F}.Release|x64.ActiveCfg = Release|x64
		{032B6CB3-0295-45B4-9CF7-2EE8FADE151F}.Release|x64.Build.0 = Release|x64
		{3F6E2056-0E5F-450F-8996-2961E7F0A732}.Debug|Any CPU.ActiveCfg = Debug|Any CPU
		{3F6E2056-0E5F-450F-8996-2961E7F0A732}.Debug|Any CPU.Build.0 = Debug|Any CPU
		{3F6E2056-0E5F-450F-8996-2961E7F0A732}.Debug|Mixed Platforms.ActiveCfg = Debug|Any CPU
		{3F6E2056-0E5F-450F-8996-2961E7F0A732}.Debug|Mixed Platforms.Build.0 = Debug|Any CPU
		{3F6E2056-0E5F-450F-8996-2961E7F0A732}.Debug|Win32.ActiveCfg = Debug|Any CPU
		{3F6E2056-0E5F-450F-8996-2961E7F0A732}.Debug|x64.ActiveCfg = Debug|x64
		{3F6E2056-0E5F-450F-8996-2961E7F0A732}.Debug|x64.Build.0 = Debug|x64
		{3F6E2056-0E5F-450F-8996-2961E7F0A732}.Release|Any CPU.ActiveCfg = Release|Any CPU
		{3F6E2056-0E5F-450F-8996-2961E7F0A732}.Release|Any CPU.Build.0 = Release|Any CPU
		{3F6E2056-0E5F-450F-8996-2961E7F0A732}.Release|Mixed Platforms.ActiveCfg = Release|Any CPU
		{3F6E2056-0E5F-450F-8996-2961E7F0A732}.Release|Mixed Platforms.Build.0 = Release|Any CPU
		{3F6E2056-0E5F-450F-8996-2961E7F0A732}.Release|Win32.ActiveCfg = Release|Any CPU
		{3F6E2056-0E5F-450F-8996-2961E7F0A732}.Release|x64.ActiveCfg = Release|x64
		{3F6E2056-0E5F-450F-8996-2961E7F0A732}.Release|x64.Build.0 = Release|x64
		{CB1B7A32-2F0B-437E-B943-DE3905726EA2}.Debug|Any CPU.ActiveCfg = Debug|x64
		{CB1B7A32-2F0B-437E-B943-DE3905726EA2}.Debug|Mixed Platforms.ActiveCfg = Debug|x64
		{CB1B7A32-2F0B-437E-B943-DE3905726EA2}.Debug|Mixed Platforms.Build.0 = Debug|x64
		{CB1B7A32-2F0B-437E-B943-DE3905726EA2}.Debug|Win32.ActiveCfg = Debug|x64
		{CB1B7A32-2F0B-437E-B943-DE3905726EA2}.Debug|x64.ActiveCfg = Debug|x64
		{CB1B7A32-2F0B-437E-B943-DE3905726EA2}.Debug|x64.Build.0 = Debug|x64
		{CB1B7A32-2F0B-437E-B943-DE3905726EA2}.Release|Any CPU.ActiveCfg = Release|x64
		{CB1B7A32-2F0B-437E-B943-DE3905726EA2}.Release|Mixed Platforms.ActiveCfg = Release|x64
		{CB1B7A32-2F0B-437E-B943-DE3905726EA2}.Release|Mixed Platforms.Build.0 = Release|x64
		{CB1B7A32-2F0B-437E-B943-DE3905726EA2}.Release|Win32.ActiveCfg = Release|x64
		{CB1B7A32-2F0B-437E-B943-DE3905726EA2}.Release|x64.ActiveCfg = Release|x64
		{CB1B7A32-2F0B-437E-B943-DE3905726EA2}.Release|x64.Build.0 = Release|x64
		{868D40CD-20D3-4ABA-AD6C-B3E461487825}.Debug|Any CPU.ActiveCfg = Debug|x64
		{868D40CD-20D3-4ABA-AD6C-B3E461487825}.Debug|Mixed Platforms.ActiveCfg = Debug|x64
		{868D40CD-20D3-4ABA-AD6C-B3E461487825}.Debug|Mixed Platforms.Build.0 = Debug|x64
		{868D40CD-20D3-4ABA-AD6C-B3E461487825}.Debug|Win32.ActiveCfg = Debug|x64
		{868D40CD-20D3-4ABA-AD6C-B3E461487825}.Debug|x64.ActiveCfg = Debug|x64
		{868D40CD-20D3-4ABA-AD6C-B3E461487825}.Debug|x64.Build.0 = Debug|x64
		{868D40CD-20D3-4ABA-AD6C-B3E461487825}.Release|Any CPU.ActiveCfg = Release|x64
		{868D40CD-20D3-4ABA-AD6C-B3E461487825}.Release|Mixed Platforms.ActiveCfg = Release|x64
		{868D40CD-20D3-4ABA-AD6C-B3E461487825}.Release|Mixed Platforms.Build.0 = Release|x64
		{868D40CD-20D3-4ABA-AD6C-B3E461487825}.Release|Win32.ActiveCfg = Release|x64
		{868D40CD-20D3-4ABA-AD6C-B3E461487825}.Release|x64.ActiveCfg = Release|x64
		{868D40CD-20D3-4ABA-AD6C-B3E461487825}.Release|x64.Build.0 = Release|x64
		{E6ACE7C4-C760-4879-BF97-499219F1A55E}.Debug|Any CPU.ActiveCfg = Debug|x64
		{E6ACE7C4-C760-4879-BF97-499219F1A55E}.Debug|Mixed Platforms.ActiveCfg = Debug|x64
		{E6ACE7C4-C760-4879-BF97-499219F1A55E}.Debug|Mixed Platforms.Build.0 = Debug|x64
		{E6ACE7C4-C760-4879-BF97-499219F1A55E}.Debug|Win32.ActiveCfg = Debug|x64
		{E6ACE7C4-C760-4879-BF97-499219F1A55E}.Debug|x64.ActiveCfg = Debug|x64
		{E6ACE7C4-C760-4879-BF97-499219F1A55E}.Debug|x64.Build.0 = Debug|x64
		{E6ACE7C4-C760-4879-BF97-499219F1A55E}.Release|Any CPU.ActiveCfg = Release|x64
		{E6ACE7C4-C760-4879-BF97-499219F1A55E}.Release|Mixed Platforms.ActiveCfg = Release|x64
		{E6ACE7C4-C760-4879-BF97-499219F1A55E}.Release|Mixed Platforms.Build.0 = Release|x64
		{E6ACE7C4-C760-4879-BF97-499219F1A55E}.Release|Win32.ActiveCfg = Release|x64
		{E6ACE7C4-C760-4879-BF97-499219F1A55E}.Release|x64.ActiveCfg = Release|x64
		{E6ACE7C4-C760-4879-BF97-499219F1A55E}.Release|x64.Build.0 = Release|x64
		{2A80BAD1-F048-4268-B385-2BDD30744C20}.Debug|Any CPU.ActiveCfg = Debug|x64
		{2A80BAD1-F048-4268-B385-2BDD30744C20}.Debug|Mixed Platforms.ActiveCfg = Debug|x64
		{2A80BAD1-F048-4268-B385-2BDD30744C20}.Debug|Mixed Platforms.Build.0 = Debug|x64
		{2A80BAD1-F048-4268-B385-2BDD30744C20}.Debug|Win32.ActiveCfg = Debug|x64
		{2A80BAD1-F048-4268-B385-2BDD30744C20}.Debug|x64.ActiveCfg = Debug|x64
		{2A80BAD1-F048-4268-B385-2BDD30744C20}.Debug|x64.Build.0 = Debug|x64
		{2A80BAD1-F048-4268-B385-2BDD30744C20}.Release|Any CPU.ActiveCfg = Release|x64
		{2A80BAD1-F048-4268-B385-2BDD30744C20}.Release|Mixed Platforms.ActiveCfg = Release|x64
		{2A80BAD1-F048-4268-B385-2BDD30744C20}.Release|Mixed Platforms.Build.0 = Release|x64
		{2A80BAD1-F048-4268-B385-2BDD30744C20}.Release|Win32.ActiveCfg = Release|x64
		{2A80BAD1-F048-4268-B385-2BDD30744C20}.Release|x64.ActiveCfg = Release|x64
		{2A80BAD1-F048-4268-B385-2BDD30744C20}.Release|x64.Build.0 = Release|x64
		{8C694AFC-DA41-4F35-A8C7-FF9207D91EAE}.Debug|Any CPU.ActiveCfg = Debug|x64
		{8C694AFC-DA41-4F35-A8C7-FF9207D91EAE}.Debug|Mixed Platforms.ActiveCfg = Debug|x64
		{8C694AFC-DA41-4F35-A8C7-FF9207D91EAE}.Debug|Mixed Platforms.Build.0 = Debug|x64
		{8C694AFC-DA41-4F35-A8C7-FF9207D91EAE}.Debug|Win32.ActiveCfg = Debug|x64
		{8C694AFC-DA41-4F35-A8C7-FF9207D91EAE}.Debug|x64.ActiveCfg = Debug|x64
		{8C694AFC-DA41-4F35-A8C7-FF9207D91EAE}.Debug|x64.Build.0 = Debug|x64
		{8C694AFC-DA41-4F35-A8C7-FF9207D91EAE}.Release|Any CPU.ActiveCfg = Release|x64
		{8C694AFC-DA41-4F35-A8C7-FF9207D91EAE}.Release|Mixed Platforms.ActiveCfg = Release|x64
		{8C694AFC-DA41-4F35-A8C7-FF9207D91EAE}.Release|Mixed Platforms.Build.0 = Release|x64
		{8C694AFC-DA41-4F35-A8C7-FF9207D91EAE}.Release|Win32.ActiveCfg = Release|x64
		{8C694AFC-DA41-4F35-A8C7-FF9207D91EAE}.Release|x64.ActiveCfg = Release|x64
		{8C694AFC-DA41-4F35-A8C7-FF9207D91EAE}.Release|x64.Build.0 = Release|x64
		{248F8058-4D72-4B04-B2CD-4B5C22D9D2C8}.Debug|Any CPU.ActiveCfg = Debug|x64
		{248F8058-4D72-4B04-B2CD-4B5C22D9D2C8}.Debug|Mixed Platforms.ActiveCfg = Debug|x64
		{248F8058-4D72-4B04-B2CD-4B5C22D9D2C8}.Debug|Mixed Platforms.Build.0 = Debug|x64
		{248F8058-4D72-4B04-B2CD-4B5C22D9D2C8}.Debug|Win32.ActiveCfg = Debug|x64
		{248F8058-4D72-4B04-B2CD-4B5C22D9D2C8}.Debug|x64.ActiveCfg = Debug|x64
		{248F8058-4D72-4B04-B2CD-4B5C22D9D2C8}.Debug|x64.Build.0 = Debug|x64
		{248F8058-4D72-4B04-B2CD-4B5C22D9D2C8}.Release|Any CPU.ActiveCfg = Release|x64
		{248F8058-4D72-4B04-B2CD-4B5C22D9D2C8}.Release|Mixed Platforms.ActiveCfg = Release|x64
		{248F8058-4D72-4B04-B2CD-4B5C22D9D2C8}.Release|Mixed Platforms.Build.0 = Release|x64
		{248F8058-4D72-4B04-B2CD-4B5C22D9D2C8}.Release|Win32.ActiveCfg = Release|x64
		{248F8058-4D72-4B04-B2CD-4B5C22D9D2C8}.Release|x64.ActiveCfg = Release|x64
		{248F8058-4D72-4B04-B2CD-4B5C22D9D2C8}.Release|x64.Build.0 = Release|x64
		{93D5F8B0-8A5B-4BAB-A1CB-59A15B9517F3}.Debug|Any CPU.ActiveCfg = Debug|x64
		{93D5F8B0-8A5B-4BAB-A1CB-59A15B9517F3}.Debug|Mixed Platforms.ActiveCfg = Debug|x64
		{93D5F8B0-8A5B-4BAB-A1CB-59A15B9517F3}.Debug|Mixed Platforms.Build.0 = Debug|x64
		{93D5F8B0-8A5B-4BAB-A1CB-59A15B9517F3}.Debug|Win32.ActiveCfg = Debug|x64
		{93D5F8B0-8A5B-4BAB-A1CB-59A15B9517F3}.Debug|x64.ActiveCfg = Debug|x64
		{93D5F8B0-8A5B-4BAB-A1CB-59A15B9517F3}.Debug|x64.Build.0 = Debug|x64
		{93D5F8B0-8A5B-4BAB-A1CB-59A15B9517F3}.Release|Any CPU.ActiveCfg = Release|x64
		{93D5F8B0-8A5B-4BAB-A1CB-59A15B9517F3}.Release|Mixed Platforms.ActiveCfg = Release|x64
		{93D5F8B0-8A5B-4BAB-A1CB-59A15B9517F3}.Release|Mixed Platforms.Build.0 = Release|x64
		{93D5F8B0-8A5B-4BAB-A1CB-59A15B9517F3}.Release|Win32.ActiveCfg = Release|x64
		{93D5F8B0-8A5B-4BAB-A1CB-59A15B9517F3}.Release|x64.ActiveCfg = Release|x64
		{93D5F8B0-8A5B-4BAB-A1CB-59A15B9517F3}.Release|x64.Build.0 = Release|x64
		{AE229EB0-5BCD-436E-8F9C-CDE7E2011181}.Debug|Any CPU.ActiveCfg = Debug|Any CPU
		{AE229EB0-5BCD-436E-8F9C-CDE7E2011181}.Debug|Any CPU.Build.0 = Debug|Any CPU
		{AE229EB0-5BCD-436E-8F9C-CDE7E2011181}.Debug|Mixed Platforms.ActiveCfg = Debug|Any CPU
		{AE229EB0-5BCD-436E-8F9C-CDE7E2011181}.Debug|Mixed Platforms.Build.0 = Debug|Any CPU
		{AE229EB0-5BCD-436E-8F9C-CDE7E2011181}.Debug|Win32.ActiveCfg = Debug|Any CPU
		{AE229EB0-5BCD-436E-8F9C-CDE7E2011181}.Debug|x64.ActiveCfg = Debug|x64
		{AE229EB0-5BCD-436E-8F9C-CDE7E2011181}.Debug|x64.Build.0 = Debug|x64
		{AE229EB0-5BCD-436E-8F9C-CDE7E2011181}.Release|Any CPU.ActiveCfg = Release|Any CPU
		{AE229EB0-5BCD-436E-8F9C-CDE7E2011181}.Release|Any CPU.Build.0 = Release|Any CPU
		{AE229EB0-5BCD-436E-8F9C-CDE7E2011181}.Release|Mixed Platforms.ActiveCfg = Release|Any CPU
		{AE229EB0-5BCD-436E-8F9C-CDE7E2011181}.Release|Mixed Platforms.Build.0 = Release|Any CPU
		{AE229EB0-5BCD-436E-8F9C-CDE7E2011181}.Release|Win32.ActiveCfg = Release|Any CPU
		{AE229EB0-5BCD-436E-8F9C-CDE7E2011181}.Release|x64.ActiveCfg = Release|x64
		{AE229EB0-5BCD-436E-8F9C-CDE7E2011181}.Release|x64.Build.0 = Release|x64
		{A15E2B31-32FB-4E05-91CD-EA2F6889E9F1}.Debug|Any CPU.ActiveCfg = Debug|x64
		{A15E2B31-32FB-4E05-91CD-EA2F6889E9F1}.Debug|Mixed Platforms.ActiveCfg = Debug|x64
		{A15E2B31-32FB-4E05-91CD-EA2F6889E9F1}.Debug|Mixed Platforms.Build.0 = Debug|x64
		{A15E2B31-32FB-4E05-91CD-EA2F6889E9F1}.Debug|Win32.ActiveCfg = Debug|x64
		{A15E2B31-32FB-4E05-91CD-EA2F6889E9F1}.Debug|x64.ActiveCfg = Debug|x64
		{A15E2B31-32FB-4E05-91CD-EA2F6889E9F1}.Debug|x64.Build.0 = Debug|x64
		{A15E2B31-32FB-4E05-91CD-EA2F6889E9F1}.Release|Any CPU.ActiveCfg = Release|x64
		{A15E2B31-32FB-4E05-91CD-EA2F6889E9F1}.Release|Mixed Platforms.ActiveCfg = Release|x64
		{A15E2B31-32FB-4E05-91CD-EA2F6889E9F1}.Release|Mixed Platforms.Build.0 = Release|x64
		{A15E2B31-32FB-4E05-91CD-EA2F6889E9F1}.Release|Win32.ActiveCfg = Release|x64
		{A15E2B31-32FB-4E05-91CD-EA2F6889E9F1}.Release|x64.ActiveCfg = Release|x64
		{A15E2B31-32FB-4E05-91CD-EA2F6889E9F1}.Release|x64.Build.0 = Release|x64
		{05599A4F-3A3B-4384-8CCE-699DF502DF6D}.Debug|Any CPU.ActiveCfg = Debug|x64
		{05599A4F-3A3B-4384-8CCE-699DF502DF6D}.Debug|Mixed Platforms.ActiveCfg = Debug|x64
		{05599A4F-3A3B-4384-8CCE-699DF502DF6D}.Debug|Mixed Platforms.Build.0 = Debug|x64
		{05599A4F-3A3B-4384-8CCE-699DF502DF6D}.Debug|Win32.ActiveCfg = Debug|x64
		{05599A4F-3A3B-4384-8CCE-699DF502DF6D}.Debug|x64.ActiveCfg = Debug|x64
		{05599A4F-3A3B-4384-8CCE-699DF502DF6D}.Debug|x64.Build.0 = Debug|x64
		{05599A4F-3A3B-4384-8CCE-699DF502DF6D}.Release|Any CPU.ActiveCfg = Release|x64
		{05599A4F-3A3B-4384-8CCE-699DF502DF6D}.Release|Mixed Platforms.ActiveCfg = Release|x64
		{05599A4F-3A3B-4384-8CCE-699DF502DF6D}.Release|Mixed Platforms.Build.0 = Release|x64
		{05599A4F-3A3B-4384-8CCE-699DF502DF6D}.Release|Win32.ActiveCfg = Release|x64
		{05599A4F-3A3B-4384-8CCE-699DF502DF6D}.Release|x64.ActiveCfg = Release|x64
		{05599A4F-3A3B-4384-8CCE-699DF502DF6D}.Release|x64.Build.0 = Release|x64
		{FE88145D-1784-4971-AE20-3B98F6E0D73B}.Debug|Any CPU.ActiveCfg = Debug|x64
		{FE88145D-1784-4971-AE20-3B98F6E0D73B}.Debug|Mixed Platforms.ActiveCfg = Debug|x64
		{FE88145D-1784-4971-AE20-3B98F6E0D73B}.Debug|Mixed Platforms.Build.0 = Debug|x64
		{FE88145D-1784-4971-AE20-3B98F6E0D73B}.Debug|Win32.ActiveCfg = Debug|x64
		{FE88145D-1784-4971-AE20-3B98F6E0D73B}.Debug|x64.ActiveCfg = Debug|x64
		{FE88145D-1784-4971-AE20-3B98F6E0D73B}.Debug|x64.Build.0 = Debug|x64
		{FE88145D-1784-4971-AE20-3B98F6E0D73B}.Release|Any CPU.ActiveCfg = Release|x64
		{FE88145D-1784-4971-AE20-3B98F6E0D73B}.Release|Mixed Platforms.ActiveCfg = Release|x64
		{FE88145D-1784-4971-AE20-3B98F6E0D73B}.Release|Mixed Platforms.Build.0 = Release|x64
		{FE88145D-1784-4971-AE20-3B98F6E0D73B}.Release|Win32.ActiveCfg = Release|x64
		{FE88145D-1784-4971-AE20-3B98F6E0D73B}.Release|x64.ActiveCfg = Release|x64
		{FE88145D-1784-4971-AE20-3B98F6E0D73B}.Release|x64.Build.0 = Release|x64
		{E908DE44-C1E5-45E7-B9DB-FB6812AE4A2D}.Debug|Any CPU.ActiveCfg = Debug|x64
		{E908DE44-C1E5-45E7-B9DB-FB6812AE4A2D}.Debug|Mixed Platforms.ActiveCfg = Debug|x64
		{E908DE44-C1E5-45E7-B9DB-FB6812AE4A2D}.Debug|Mixed Platforms.Build.0 = Debug|x64
		{E908DE44-C1E5-45E7-B9DB-FB6812AE4A2D}.Debug|Win32.ActiveCfg = Debug|x64
		{E908DE44-C1E5-45E7-B9DB-FB6812AE4A2D}.Debug|x64.ActiveCfg = Debug|x64
		{E908DE44-C1E5-45E7-B9DB-FB6812AE4A2D}.Debug|x64.Build.0 = Debug|x64
		{E908DE44-C1E5-45E7-B9DB-FB6812AE4A2D}.Release|Any CPU.ActiveCfg = Release|x64
		{E908DE44-C1E5-45E7-B9DB-FB6812AE4A2D}.Release|Mixed Platforms.ActiveCfg = Release|x64
		{E908DE44-C1E5-45E7-B9DB-FB6812AE4A2D}.Release|Mixed Platforms.Build.0 = Release|x64
		{E908DE44-C1E5-45E7-B9DB-FB6812AE4A2D}.Release|Win32.ActiveCfg = Release|x64
		{E908DE44-C1E5-45E7-B9DB-FB6812AE4A2D}.Release|x64.ActiveCfg = Release|x64
		{E908DE44-C1E5-45E7-B9DB-FB6812AE4A2D}.Release|x64.Build.0 = Release|x64
		{58BE048B-58A6-4482-9C5E-443D3835C346}.Debug|Any CPU.ActiveCfg = Debug|x64
		{58BE048B-58A6-4482-9C5E-443D3835C346}.Debug|Mixed Platforms.ActiveCfg = Debug|x64
		{58BE048B-58A6-4482-9C5E-443D3835C346}.Debug|Mixed Platforms.Build.0 = Debug|x64
		{58BE048B-58A6-4482-9C5E-443D3835C346}.Debug|Win32.ActiveCfg = Debug|x64
		{58BE048B-58A6-4482-9C5E-443D3835C346}.Debug|x64.ActiveCfg = Debug|x64
		{58BE048B-58A6-4482-9C5E-443D3835C346}.Debug|x64.Build.0 = Debug|x64
		{58BE048B-58A6-4482-9C5E-443D3835C346}.Release|Any CPU.ActiveCfg = Release|x64
		{58BE048B-58A6-4482-9C5E-443D3835C346}.Release|Mixed Platforms.ActiveCfg = Release|x64
		{58BE048B-58A6-4482-9C5E-443D3835C346}.Release|Mixed Platforms.Build.0 = Release|x64
		{58BE048B-58A6-4482-9C5E-443D3835C346}.Release|Win32.ActiveCfg = Release|x64
		{58BE048B-58A6-4482-9C5E-443D3835C346}.Release|x64.ActiveCfg = Release|x64
		{58BE048B-58A6-4482-9C5E-443D3835C346}.Release|x64.Build.0 = Release|x64
		{F23372EE-8F80-4AEE-8D22-D4CEBAC8DBCB}.Debug|Any CPU.ActiveCfg = Debug|x64
		{F23372EE-8F80-4AEE-8D22-D4CEBAC8DBCB}.Debug|Mixed Platforms.ActiveCfg = Debug|x64
		{F23372EE-8F80-4AEE-8D22-D4CEBAC8DBCB}.Debug|Mixed Platforms.Build.0 = Debug|x64
		{F23372EE-8F80-4AEE-8D22-D4CEBAC8DBCB}.Debug|Win32.ActiveCfg = Debug|x64
		{F23372EE-8F80-4AEE-8D22-D4CEBAC8DBCB}.Debug|x64.ActiveCfg = Debug|x64
		{F23372EE-8F80-4AEE-8D22-D4CEBAC8DBCB}.Debug|x64.Build.0 = Debug|x64
		{F23372EE-8F80-4AEE-8D22-D4CEBAC8DBCB}.Release|Any CPU.ActiveCfg = Release|x64
		{F23372EE-8F80-4AEE-8D22-D4CEBAC8DBCB}.Release|Mixed Platforms.ActiveCfg = Release|x64
		{F23372EE-8F80-4AEE-8D22-D4CEBAC8DBCB}.Release|Mixed Platforms.Build.0 = Release|x64
		{F23372EE-8F80-4AEE-8D22-D4CEBAC8DBCB}.Release|Win32.ActiveCfg = Release|x64
		{F23372EE-8F80-4AEE-8D22-D4CEBAC8DBCB}.Release|x64.ActiveCfg = Release|x64
		{F23372EE-8F80-4AEE-8D22-D4CEBAC8DBCB}.Release|x64.Build.0 = Release|x64
		{85FCE1C4-A255-4CE9-A892-3EB87E5D0EE6}.Debug|Any CPU.ActiveCfg = Debug|x64
		{85FCE1C4-A255-4CE9-A892-3EB87E5D0EE6}.Debug|Mixed Platforms.ActiveCfg = Debug|x64
		{85FCE1C4-A255-4CE9-A892-3EB87E5D0EE6}.Debug|Mixed Platforms.Build.0 = Debug|x64
		{85FCE1C4-A255-4CE9-A892-3EB87E5D0EE6}.Debug|Win32.ActiveCfg = Debug|x64
		{85FCE1C4-A255-4CE9-A892-3EB87E5D0EE6}.Debug|x64.ActiveCfg = Debug|x64
		{85FCE1C4-A255-4CE9-A892-3EB87E5D0EE6}.Debug|x64.Build.0 = Debug|x64
		{85FCE1C4-A255-4CE9-A892-3EB87E5D0EE6}.Release|Any CPU.ActiveCfg = Release|x64
		{85FCE1C4-A255-4CE9-A892-3EB87E5D0EE6}.Release|Mixed Platforms.ActiveCfg = Release|x64
		{85FCE1C4-A255-4CE9-A892-3EB87E5D0EE6}.Release|Mixed Platforms.Build.0 = Release|x64
		{85FCE1C4-A255-4CE9-A892-3EB87E5D0EE6}.Release|Win32.ActiveCfg = Release|x64
		{85FCE1C4-A255-4CE9-A892-3EB87E5D0EE6}.Release|x64.ActiveCfg = Release|x64
		{85FCE1C4-A255-4CE9-A892-3EB87E5D0EE6}.Release|x64.Build.0 = Release|x64
		{C1BFF4FF-96E6-4762-9EA1-67B4DF87F060}.Debug|Any CPU.ActiveCfg = Debug|x64
		{C1BFF4FF-96E6-4762-9EA1-67B4DF87F060}.Debug|Mixed Platforms.ActiveCfg = Debug|x64
		{C1BFF4FF-96E6-4762-9EA1-67B4DF87F060}.Debug|Mixed Platforms.Build.0 = Debug|x64
		{C1BFF4FF-96E6-4762-9EA1-67B4DF87F060}.Debug|Win32.ActiveCfg = Debug|x64
		{C1BFF4FF-96E6-4762-9EA1-67B4DF87F060}.Debug|x64.ActiveCfg = Debug|x64
		{C1BFF4FF-96E6-4762-9EA1-67B4DF87F060}.Debug|x64.Build.0 = Debug|x64
		{C1BFF4FF-96E6-4762-9EA1-67B4DF87F060}.Release|Any CPU.ActiveCfg = Release|x64
		{C1BFF4FF-96E6-4762-9EA1-67B4DF87F060}.Release|Mixed Platforms.ActiveCfg = Release|x64
		{C1BFF4FF-96E6-4762-9EA1-67B4DF87F060}.Release|Mixed Platforms.Build.0 = Release|x64
		{C1BFF4FF-96E6-4762-9EA1-67B4DF87F060}.Release|Win32.ActiveCfg = Release|x64
		{C1BFF4FF-96E6-4762-9EA1-67B4DF87F060}.Release|x64.ActiveCfg = Release|x64
		{C1BFF4FF-96E6-4762-9EA1-67B4DF87F060}.Release|x64.Build.0 = Release|x64
		{8DF76B17-8149-4C3C-958F-6154F6FF66D0}.Debug|Any CPU.ActiveCfg = Debug|x64
		{8DF76B17-8149-4C3C-958F-6154F6FF66D0}.Debug|Mixed Platforms.ActiveCfg = Debug|x64
		{8DF76B17-8149-4C3C-958F-6154F6FF66D0}.Debug|Mixed Platforms.Build.0 = Debug|x64
		{8DF76B17-8149-4C3C-958F-6154F6FF66D0}.Debug|Win32.ActiveCfg = Debug|x64
		{8DF76B17-8149-4C3C-958F-6154F6FF66D0}.Debug|x64.ActiveCfg = Debug|x64
		{8DF76B17-8149-4C3C-958F-6154F6FF66D0}.Debug|x64.Build.0 = Debug|x64
		{8DF76B17-8149-4C3C-958F-6154F6FF66D0}.Release|Any CPU.ActiveCfg = Release|x64
		{8DF76B17-8149-4C3C-958F-6154F6FF66D0}.Release|Mixed Platforms.ActiveCfg = Release|x64
		{8DF76B17-8149-4C3C-958F-6154F6FF66D0}.Release|Mixed Platforms.Build.0 = Release|x64
		{8DF76B17-8149-4C3C-958F-6154F6FF66D0}.Release|Win32.ActiveCfg = Release|x64
		{8DF76B17-8149-4C3C-958F-6154F6FF66D0}.Release|x64.ActiveCfg = Release|x64
		{8DF76B17-8149-4C3C-958F-6154F6FF66D0}.Release|x64.Build.0 = Release|x64
	EndGlobalSection
	GlobalSection(SolutionProperties) = preSolution
		HideSolutionNode = FALSE
	EndGlobalSection
	GlobalSection(NestedProjects) = preSolution
		{5DD5B0CD-630F-4AFC-8DCB-50B55D191F31} = {74C897E3-0223-44F9-ADAA-973710108819}
		{5D269EB7-C909-4953-9B8E-FA6C0075F67D} = {5B5F2A33-A4F5-4332-AC71-C9956B368F83}
		{786EF195-CAF9-4163-839D-D6E5B714B661} = {5B5F2A33-A4F5-4332-AC71-C9956B368F83}
		{3A1A0709-F1AC-4DAE-AF88-DEE1B87A728E} = {5B5F2A33-A4F5-4332-AC71-C9956B368F83}
		{FC2B5C8B-40F5-4090-83FC-960292F7B710} = {5B5F2A33-A4F5-4332-AC71-C9956B368F83}
		{17DAC534-CC60-4DD6-8955-7E7EF7EA3BB8} = {292DC21A-E8CC-4ACE-90A8-79E879A88E8A}
		{B792EED9-4427-4400-A2EC-D0FD9747045B} = {292DC21A-E8CC-4ACE-90A8-79E879A88E8A}
		{952C9FDE-7004-4D16-A729-9384F7F7DEC4} = {292DC21A-E8CC-4ACE-90A8-79E879A88E8A}
		{2104B462-9336-4A86-95A8-45699157BDAE} = {F08F3D68-C739-4F06-A7D1-FD9D435270C4}
		{78AD5BE5-7C92-49CA-A6B0-1468DF5443FC} = {F08F3D68-C739-4F06-A7D1-FD9D435270C4}
		{591BE2C6-C9CA-4E5E-8535-0E87840297D0} = {F08F3D68-C739-4F06-A7D1-FD9D435270C4}
		{1A94279C-69FD-4A85-9107-900685813110} = {F08F3D68-C739-4F06-A7D1-FD9D435270C4}
		{A91BBC83-4BD4-49CF-AF87-7A273F966171} = {F08F3D68-C739-4F06-A7D1-FD9D435270C4}
		{259B09D3-7BAE-4C86-ABED-D03E4A74765D} = {F08F3D68-C739-4F06-A7D1-FD9D435270C4}
		{72B6885D-86DC-44F1-87A6-750AD6CECD9C} = {E52ACEB9-B87D-4ECF-9BF7-3F16F68CCDE4}
		{B0769215-D37A-4A5F-917E-C3C31AC4BE6D} = {E52ACEB9-B87D-4ECF-9BF7-3F16F68CCDE4}
		{51C401BF-7B1B-4269-A051-40B8C5756312} = {80E119A9-FD5B-4FED-A7FA-272DF0CCFE25}
		{F5C486FC-DAEE-4A4E-837E-4826A19CAAC5} = {80E119A9-FD5B-4FED-A7FA-272DF0CCFE25}
		{62A97AA7-C7F5-4509-8D70-5ED151D2CD28} = {BBF51BF0-C963-4459-86F8-AE1A797BDB3C}
		{AE229EB0-5BCD-436E-8F9C-CDE7E2011181} = {5DD5B0CD-630F-4AFC-8DCB-50B55D191F31}
		{ADE14E43-D7CB-4460-91EE-C7AF736FF765} = {5D269EB7-C909-4953-9B8E-FA6C0075F67D}
		{8DF76B17-8149-4C3C-958F-6154F6FF66D0} = {5D269EB7-C909-4953-9B8E-FA6C0075F67D}
		{48203BB0-4204-4739-923C-7CCD416E3D55} = {786EF195-CAF9-4163-839D-D6E5B714B661}
		{CB1B7A32-2F0B-437E-B943-DE3905726EA2} = {786EF195-CAF9-4163-839D-D6E5B714B661}
		{D3745ED6-A9E2-4FAD-B611-8A0063FF6F3D} = {3A1A0709-F1AC-4DAE-AF88-DEE1B87A728E}
		{868D40CD-20D3-4ABA-AD6C-B3E461487825} = {3A1A0709-F1AC-4DAE-AF88-DEE1B87A728E}
		{814643FB-3E5A-4170-9764-FFFE00EA79DE} = {FC2B5C8B-40F5-4090-83FC-960292F7B710}
		{E6ACE7C4-C760-4879-BF97-499219F1A55E} = {FC2B5C8B-40F5-4090-83FC-960292F7B710}
		{CE795AF0-991F-40A5-B79E-BE792BB9D8DD} = {17DAC534-CC60-4DD6-8955-7E7EF7EA3BB8}
		{2A80BAD1-F048-4268-B385-2BDD30744C20} = {17DAC534-CC60-4DD6-8955-7E7EF7EA3BB8}
		{BA43BF00-58FE-4E09-981E-899155623E39} = {B792EED9-4427-4400-A2EC-D0FD9747045B}
		{8C694AFC-DA41-4F35-A8C7-FF9207D91EAE} = {B792EED9-4427-4400-A2EC-D0FD9747045B}
		{1D081E91-7CF4-4EED-81A2-9E706164A547} = {952C9FDE-7004-4D16-A729-9384F7F7DEC4}
		{248F8058-4D72-4B04-B2CD-4B5C22D9D2C8} = {952C9FDE-7004-4D16-A729-9384F7F7DEC4}
		{200CD152-C0F9-4FD6-997B-3E01DFDE66D2} = {2104B462-9336-4A86-95A8-45699157BDAE}
		{A15E2B31-32FB-4E05-91CD-EA2F6889E9F1} = {2104B462-9336-4A86-95A8-45699157BDAE}
		{1DD21997-E415-4A45-AE65-184E3362776D} = {78AD5BE5-7C92-49CA-A6B0-1468DF5443FC}
		{93D5F8B0-8A5B-4BAB-A1CB-59A15B9517F3} = {78AD5BE5-7C92-49CA-A6B0-1468DF5443FC}
		{1F8ACEB5-6D29-44CF-B9B2-C6208BFD8BA4} = {591BE2C6-C9CA-4E5E-8535-0E87840297D0}
		{05599A4F-3A3B-4384-8CCE-699DF502DF6D} = {591BE2C6-C9CA-4E5E-8535-0E87840297D0}
		{0F94CA59-1A70-403C-AFC6-292EF4CAE36C} = {1A94279C-69FD-4A85-9107-900685813110}
		{FE88145D-1784-4971-AE20-3B98F6E0D73B} = {1A94279C-69FD-4A85-9107-900685813110}
		{CB3C9DDD-17AD-4DFB-9A3B-E12A35C4F422} = {A91BBC83-4BD4-49CF-AF87-7A273F966171}
		{E908DE44-C1E5-45E7-B9DB-FB6812AE4A2D} = {A91BBC83-4BD4-49CF-AF87-7A273F966171}
		{F0778D44-FB8C-4AFC-A079-367A5F86265E} = {259B09D3-7BAE-4C86-ABED-D03E4A74765D}
		{58BE048B-58A6-4482-9C5E-443D3835C346} = {259B09D3-7BAE-4C86-ABED-D03E4A74765D}
		{D6DE0013-00A6-4FE7-9AD2-2B1FE1DE39F7} = {72B6885D-86DC-44F1-87A6-750AD6CECD9C}
		{F23372EE-8F80-4AEE-8D22-D4CEBAC8DBCB} = {72B6885D-86DC-44F1-87A6-750AD6CECD9C}
		{935FB6CE-EE93-4356-B7B2-8E0AAF2AFF3B} = {B0769215-D37A-4A5F-917E-C3C31AC4BE6D}
		{85FCE1C4-A255-4CE9-A892-3EB87E5D0EE6} = {B0769215-D37A-4A5F-917E-C3C31AC4BE6D}
		{032B6CB3-0295-45B4-9CF7-2EE8FADE151F} = {51C401BF-7B1B-4269-A051-40B8C5756312}
		{3F6E2056-0E5F-450F-8996-2961E7F0A732} = {F5C486FC-DAEE-4A4E-837E-4826A19CAAC5}
		{C1BFF4FF-96E6-4762-9EA1-67B4DF87F060} = {62A97AA7-C7F5-4509-8D70-5ED151D2CD28}
	EndGlobalSection
EndGlobal
