
Microsoft Visual Studio Solution File, Format Version 12.00
# Visual Studio 14
VisualStudioVersion = 14.0.25420.1
MinimumVisualStudioVersion = 10.0.40219.1
Project("{2150E333-8FDC-42A3-9474-1A3956D46DE8}") = "1.Simple", "1.Simple", "{27283798-E3D6-4A61-AB4E-6FE433D2B776}"
EndProject
Project("{2150E333-8FDC-42A3-9474-1A3956D46DE8}") = "Hello World", "Hello World", "{2B37F4AC-25A9-4B9B-9398-0812C89EEAC9}"
EndProject
Project("{FAE04EC0-301F-11D3-BF4B-00C04F79EFBC}") = "HelloWorld", "1.Simple\HelloWorld\HelloWorld\HelloWorld.csproj", "{DB431C6D-834A-4184-906B-9EBD4CD77876}"
EndProject
Project("{8BC9CEB8-8B4A-11D0-8D11-00A0C91BC942}") = "HelloWorld_CUDA", "1.Simple\HelloWorld\HelloWorld_CUDA\HelloWorld_CUDA.vcxproj", "{8E006B19-BAEC-45C4-993F-C2F121B8CE9F}"
	ProjectSection(ProjectDependencies) = postProject
		{DB431C6D-834A-4184-906B-9EBD4CD77876} = {DB431C6D-834A-4184-906B-9EBD4CD77876}
	EndProjectSection
EndProject
Project("{2150E333-8FDC-42A3-9474-1A3956D46DE8}") = "Mandelbrot", "Mandelbrot", "{42316BC5-4995-4432-8094-0BE88A5F0ABD}"
EndProject
Project("{FAE04EC0-301F-11D3-BF4B-00C04F79EFBC}") = "Mandelbrot", "1.Simple\Mandelbrot\Mandelbrot\Mandelbrot.csproj", "{2D5E7CEA-C29A-4262-AB57-9FE685238F65}"
EndProject
Project("{8BC9CEB8-8B4A-11D0-8D11-00A0C91BC942}") = "Mandelbrot_CUDA", "1.Simple\Mandelbrot\Mandelbrot_CUDA\Mandelbrot_CUDA.vcxproj", "{49A8E063-2881-470C-B6E3-354307CEC6C7}"
	ProjectSection(ProjectDependencies) = postProject
		{2D5E7CEA-C29A-4262-AB57-9FE685238F65} = {2D5E7CEA-C29A-4262-AB57-9FE685238F65}
	EndProjectSection
EndProject
Project("{2150E333-8FDC-42A3-9474-1A3956D46DE8}") = "Printf", "Printf", "{675946B5-5B6B-4517-A37A-2B1E3AF08228}"
EndProject
Project("{FAE04EC0-301F-11D3-BF4B-00C04F79EFBC}") = "SimplePrintf", "1.Simple\Printf\SimplePrintf\SimplePrintf.csproj", "{520E32D4-0676-4A73-8BA9-EAAB32E9D4B4}"
EndProject
Project("{8BC9CEB8-8B4A-11D0-8D11-00A0C91BC942}") = "SimplePrintf_CUDA", "1.Simple\Printf\SimplePrintf_CUDA\SimplePrintf_CUDA.vcxproj", "{B61CC73A-D332-4887-8D92-635192E93BEF}"
	ProjectSection(ProjectDependencies) = postProject
		{520E32D4-0676-4A73-8BA9-EAAB32E9D4B4} = {520E32D4-0676-4A73-8BA9-EAAB32E9D4B4}
	EndProjectSection
EndProject
Project("{2150E333-8FDC-42A3-9474-1A3956D46DE8}") = "2.Imaging", "2.Imaging", "{617334C1-DDE1-4B76-8461-F56620337D4C}"
EndProject
Project("{2150E333-8FDC-42A3-9474-1A3956D46DE8}") = "3.Maths", "3.Maths", "{5D8D05B2-3256-4362-BA4E-934699EE24F4}"
EndProject
Project("{2150E333-8FDC-42A3-9474-1A3956D46DE8}") = "Newton", "Newton", "{01A4764A-CF62-479A-A7DF-4E018D5C6535}"
EndProject
Project("{FAE04EC0-301F-11D3-BF4B-00C04F79EFBC}") = "Newton", "3.Maths\Newton\Newton\Newton.csproj", "{5D4AF4AE-D1EB-480B-B836-0BBF2A9D40CA}"
EndProject
Project("{2150E333-8FDC-42A3-9474-1A3956D46DE8}") = "Naive_Matrix", "Naive_Matrix", "{16BF8322-1E9F-4D3E-B269-1512D348376A}"
EndProject
Project("{FAE04EC0-301F-11D3-BF4B-00C04F79EFBC}") = "NaiveMatrix", "3.Maths\NaiveMatrix\NaiveMatrix\NaiveMatrix.csproj", "{4BC2EA0C-2FC6-4F53-901C-ADDD54F26E46}"
EndProject
Project("{2150E333-8FDC-42A3-9474-1A3956D46DE8}") = "Shared_Matrix", "Shared_Matrix", "{07BDBFDF-C21C-4663-A6B3-5F882E615C2C}"
EndProject
Project("{FAE04EC0-301F-11D3-BF4B-00C04F79EFBC}") = "SharedMatrix", "3.Maths\SharedMatrix\SharedMatrix\SharedMatrix.csproj", "{395D1BDB-D436-4F1C-A833-8CCA86C61745}"
EndProject
Project("{2150E333-8FDC-42A3-9474-1A3956D46DE8}") = "4.Finance", "4.Finance", "{23E82FFA-42A4-4648-BAE3-F76AD50D81B4}"
EndProject
Project("{2150E333-8FDC-42A3-9474-1A3956D46DE8}") = "BlackScholes", "BlackScholes", "{3D267270-2571-433C-8A48-4696BA3C2828}"
EndProject
Project("{FAE04EC0-301F-11D3-BF4B-00C04F79EFBC}") = "BlackScholes", "4.Finance\BlackScholes\BlackScholes\BlackScholes.csproj", "{0ED99A85-3E8A-4830-9E77-05A0933C701A}"
EndProject
Project("{2150E333-8FDC-42A3-9474-1A3956D46DE8}") = "BlackScholesFloat4", "BlackScholesFloat4", "{08311B1F-2C54-4621-9ADA-7926CCDE60CA}"
EndProject
Project("{FAE04EC0-301F-11D3-BF4B-00C04F79EFBC}") = "BlackScholesFloat4", "4.Finance\BlackScholesFloat4\BlackScholesFloat4\BlackScholesFloat4.csproj", "{5F435DC1-92A6-4492-8C73-489CDDEF4890}"
EndProject
Project("{2150E333-8FDC-42A3-9474-1A3956D46DE8}") = "0.Utilities", "0.Utilities", "{E2F43170-27F3-47C1-B4A9-1CA8AF78B5DF}"
EndProject
Project("{FAE04EC0-301F-11D3-BF4B-00C04F79EFBC}") = "Utilities", "0.Utils\Utilities\Utilities.csproj", "{6B01AC2C-AF20-4885-BBA9-9D23A37A3944}"
EndProject
Project("{8BC9CEB8-8B4A-11D0-8D11-00A0C91BC942}") = "Newton_CUDA", "3.Maths\Newton\Newton_CUDA\Newton_CUDA.vcxproj", "{8442BDD4-3C21-49D8-A3FF-343F00E74FF9}"
	ProjectSection(ProjectDependencies) = postProject
		{5D4AF4AE-D1EB-480B-B836-0BBF2A9D40CA} = {5D4AF4AE-D1EB-480B-B836-0BBF2A9D40CA}
	EndProjectSection
EndProject
Project("{8BC9CEB8-8B4A-11D0-8D11-00A0C91BC942}") = "SharedMatrix_CUDA", "3.Maths\SharedMatrix\SharedMatrix_CUDA\SharedMatrix_CUDA.vcxproj", "{E763FF38-D634-4ED1-9DDE-00C5ECC0B3EB}"
	ProjectSection(ProjectDependencies) = postProject
		{395D1BDB-D436-4F1C-A833-8CCA86C61745} = {395D1BDB-D436-4F1C-A833-8CCA86C61745}
	EndProjectSection
EndProject
Project("{8BC9CEB8-8B4A-11D0-8D11-00A0C91BC942}") = "BlackScholes_CUDA", "4.Finance\BlackScholes\BlackScholes_CUDA\BlackScholes_CUDA.vcxproj", "{DD6B55F6-44DB-4849-B958-9B91A4BCC276}"
	ProjectSection(ProjectDependencies) = postProject
		{0ED99A85-3E8A-4830-9E77-05A0933C701A} = {0ED99A85-3E8A-4830-9E77-05A0933C701A}
	EndProjectSection
EndProject
Project("{8BC9CEB8-8B4A-11D0-8D11-00A0C91BC942}") = "BlackScholesFloat4_CUDA", "4.Finance\BlackScholesFloat4\BlackScholesFloat4_CUDA\BlackScholesFloat4_CUDA.vcxproj", "{355B5210-6FF9-4DC8-BCB6-E7DA979913B1}"
	ProjectSection(ProjectDependencies) = postProject
		{5F435DC1-92A6-4492-8C73-489CDDEF4890} = {5F435DC1-92A6-4492-8C73-489CDDEF4890}
	EndProjectSection
EndProject
Project("{2150E333-8FDC-42A3-9474-1A3956D46DE8}") = "5. Vendor Libraries", "5. Vendor Libraries", "{ADCD681F-0BB0-47E7-8A94-73176ADDC914}"
EndProject
Project("{2150E333-8FDC-42A3-9474-1A3956D46DE8}") = "Cublas", "Cublas", "{DEA19A3D-0535-43C9-8AAD-D0B719E464A2}"
EndProject
Project("{2150E333-8FDC-42A3-9474-1A3956D46DE8}") = "Cusparse", "Cusparse", "{1AD7F956-89C4-4D2E-927D-3BD31B211E9C}"
EndProject
Project("{2150E333-8FDC-42A3-9474-1A3956D46DE8}") = "ConjugateGradient", "ConjugateGradient", "{611B234C-E10D-44D7-A5A8-750AA2DFD6D3}"
EndProject
Project("{FAE04EC0-301F-11D3-BF4B-00C04F79EFBC}") = "MatrixCusparse", "5.Vendor library integration\MatrixCusparse\MatrixCusparse\MatrixCusparse.csproj", "{9CC9B520-CA29-410A-AE69-B1C4AFA2B98E}"
EndProject
Project("{FAE04EC0-301F-11D3-BF4B-00C04F79EFBC}") = "ConjugateGradient", "3.Maths\ConjugateGradient\ConjugateGradient\ConjugateGradient.csproj", "{ED17770A-B107-4334-86C5-13614D0D6784}"
	ProjectSection(ProjectDependencies) = postProject
		{C1BFF4FF-96E6-4762-9EA1-67B4DF87F060} = {C1BFF4FF-96E6-4762-9EA1-67B4DF87F060}
	EndProjectSection
EndProject
Project("{8BC9CEB8-8B4A-11D0-8D11-00A0C91BC942}") = "ConjugateGradient_CUDA", "3.Maths\ConjugateGradient\ConjugateGradient_CUDA\ConjugateGradient_CUDA.vcxproj", "{6BFDFAA9-0CC4-4BDD-90CC-F38BEDBD55D2}"
	ProjectSection(ProjectDependencies) = postProject
		{ED17770A-B107-4334-86C5-13614D0D6784} = {ED17770A-B107-4334-86C5-13614D0D6784}
	EndProjectSection
EndProject
Project("{2150E333-8FDC-42A3-9474-1A3956D46DE8}") = "Libraries", "Libraries", "{F8315370-45D2-4CA7-A236-160A4E221679}"
EndProject
Project("{2150E333-8FDC-42A3-9474-1A3956D46DE8}") = "HybridizerCudaReduction", "HybridizerCudaReduction", "{A0A288C1-E926-4D23-96D4-36D844B819DB}"
EndProject
Project("{8BC9CEB8-8B4A-11D0-8D11-00A0C91BC942}") = "hybridizer_cuda_reduction", "Libraries\HybridizerCudaReduction\hybridizer_cuda_reduction.vcxproj", "{C1BFF4FF-96E6-4762-9EA1-67B4DF87F060}"
EndProject
Project("{2150E333-8FDC-42A3-9474-1A3956D46DE8}") = "MonteCarloHeatEquation", "MonteCarloHeatEquation", "{CDC0FD34-0769-41AC-B9C4-65D5640A7C35}"
EndProject
Project("{FAE04EC0-301F-11D3-BF4B-00C04F79EFBC}") = "MonteCarloHeatEquation", "3.Maths\MonteCarloHeatEquation\MonteCarloHeatEquation\MonteCarloHeatEquation.csproj", "{F9DD4E63-CDC1-4264-BA2E-30E8A8064C6D}"
EndProject
Project("{8BC9CEB8-8B4A-11D0-8D11-00A0C91BC942}") = "MonteCarloHeatEquation_CUDA", "3.Maths\MonteCarloHeatEquation\MonteCarloHeatEquation_CUDA\MonteCarloHeatEquation_CUDA.vcxproj", "{A6D25EB3-A680-4878-BEBD-EB03551DB404}"
	ProjectSection(ProjectDependencies) = postProject
		{F9DD4E63-CDC1-4264-BA2E-30E8A8064C6D} = {F9DD4E63-CDC1-4264-BA2E-30E8A8064C6D}
	EndProjectSection
EndProject
Project("{FAE04EC0-301F-11D3-BF4B-00C04F79EFBC}") = "MatrixCublas", "5.Vendor library integration\MatrixCublas\MatrixCublas\MatrixCublas.csproj", "{D1E2A165-7E15-47E1-9ABA-B55DD5F6E878}"
EndProject
Project("{2150E333-8FDC-42A3-9474-1A3956D46DE8}") = "Sobel", "Sobel", "{95454EE3-C8F0-404F-B40D-C288AA671FD2}"
EndProject
Project("{FAE04EC0-301F-11D3-BF4B-00C04F79EFBC}") = "Sobel", "2.Imaging\Sobel\Sobel\Sobel.csproj", "{8830930E-E475-43CC-8F6F-B114230B695B}"
EndProject
Project("{8BC9CEB8-8B4A-11D0-8D11-00A0C91BC942}") = "Sobel_CUDA", "2.Imaging\Sobel\Sobel_CUDA\Sobel_CUDA.vcxproj", "{CA47EE58-C37D-46BC-A386-3EE17C1EDEAD}"
EndProject
Project("{2150E333-8FDC-42A3-9474-1A3956D46DE8}") = "Sobel_2D", "Sobel_2D", "{E4563483-01E4-486A-BDB3-B21B5365A6BD}"
EndProject
Project("{FAE04EC0-301F-11D3-BF4B-00C04F79EFBC}") = "Sobel_2D", "2.Imaging\Sobel_2D\Sobel_2D\Sobel_2D.csproj", "{254E50A3-2ABD-40FB-A1D0-C4C0F6051685}"
EndProject
Project("{8BC9CEB8-8B4A-11D0-8D11-00A0C91BC942}") = "NaiveMatrix_CUDA", "3.Maths\NaiveMatrix\NaiveMatrix_CUDA\NaiveMatrix_CUDA.vcxproj", "{1DBE2687-EB02-4020-943A-89916D8AD0EE}"
	ProjectSection(ProjectDependencies) = postProject
		{4BC2EA0C-2FC6-4F53-901C-ADDD54F26E46} = {4BC2EA0C-2FC6-4F53-901C-ADDD54F26E46}
	EndProjectSection
EndProject
Project("{8BC9CEB8-8B4A-11D0-8D11-00A0C91BC942}") = "Sobel_2D_CUDA", "2.Imaging\Sobel_2D\Sobel_2D_CUDA\Sobel_2D_CUDA.vcxproj", "{17434B99-254D-49BC-894D-74CB1C918599}"
	ProjectSection(ProjectDependencies) = postProject
		{254E50A3-2ABD-40FB-A1D0-C4C0F6051685} = {254E50A3-2ABD-40FB-A1D0-C4C0F6051685}
	EndProjectSection
EndProject
Project("{2150E333-8FDC-42A3-9474-1A3956D46DE8}") = "Malloc", "Malloc", "{9A0F297E-6344-46FB-AD09-752736D29B43}"
EndProject
Project("{FAE04EC0-301F-11D3-BF4B-00C04F79EFBC}") = "Malloc", "1.Simple\Malloc\Malloc\Malloc.csproj", "{7A66A395-8481-4BDF-BB3C-F03B13A45F9F}"
EndProject
Project("{8BC9CEB8-8B4A-11D0-8D11-00A0C91BC942}") = "Malloc_CUDA", "1.Simple\Malloc\Malloc_CUDA\Malloc_CUDA.vcxproj", "{508FE54B-C7FE-4FE9-8528-C84B1124366D}"
	ProjectSection(ProjectDependencies) = postProject
		{7A66A395-8481-4BDF-BB3C-F03B13A45F9F} = {7A66A395-8481-4BDF-BB3C-F03B13A45F9F}
	EndProjectSection
EndProject
Global
	GlobalSection(SolutionConfigurationPlatforms) = preSolution
		Debug_BasicVersion|x64 = Debug_BasicVersion|x64
		Debug_NoHybrid|x64 = Debug_NoHybrid|x64
		Debug|x64 = Debug|x64
		Release_BasicVersion|x64 = Release_BasicVersion|x64
		Release_NoHybrid|x64 = Release_NoHybrid|x64
		Release|x64 = Release|x64
		Sources|x64 = Sources|x64
	EndGlobalSection
	GlobalSection(ProjectConfigurationPlatforms) = postSolution
		{DB431C6D-834A-4184-906B-9EBD4CD77876}.Debug_BasicVersion|x64.ActiveCfg = Debug|x64
		{DB431C6D-834A-4184-906B-9EBD4CD77876}.Debug_BasicVersion|x64.Build.0 = Debug|x64
		{DB431C6D-834A-4184-906B-9EBD4CD77876}.Debug_NoHybrid|x64.ActiveCfg = Debug|x64
		{DB431C6D-834A-4184-906B-9EBD4CD77876}.Debug_NoHybrid|x64.Build.0 = Debug|x64
		{DB431C6D-834A-4184-906B-9EBD4CD77876}.Debug|x64.ActiveCfg = Debug|x64
		{DB431C6D-834A-4184-906B-9EBD4CD77876}.Debug|x64.Build.0 = Debug|x64
		{DB431C6D-834A-4184-906B-9EBD4CD77876}.Release_BasicVersion|x64.ActiveCfg = Release|x64
		{DB431C6D-834A-4184-906B-9EBD4CD77876}.Release_BasicVersion|x64.Build.0 = Release|x64
		{DB431C6D-834A-4184-906B-9EBD4CD77876}.Release_NoHybrid|x64.ActiveCfg = Release|x64
		{DB431C6D-834A-4184-906B-9EBD4CD77876}.Release_NoHybrid|x64.Build.0 = Release|x64
		{DB431C6D-834A-4184-906B-9EBD4CD77876}.Release|x64.ActiveCfg = Release|x64
		{DB431C6D-834A-4184-906B-9EBD4CD77876}.Release|x64.Build.0 = Release|x64
		{DB431C6D-834A-4184-906B-9EBD4CD77876}.Sources|x64.ActiveCfg = Release|x64
		{DB431C6D-834A-4184-906B-9EBD4CD77876}.Sources|x64.Build.0 = Release|x64
		{8E006B19-BAEC-45C4-993F-C2F121B8CE9F}.Debug_BasicVersion|x64.ActiveCfg = Debug|x64
		{8E006B19-BAEC-45C4-993F-C2F121B8CE9F}.Debug_BasicVersion|x64.Build.0 = Debug|x64
		{8E006B19-BAEC-45C4-993F-C2F121B8CE9F}.Debug_NoHybrid|x64.ActiveCfg = Debug|x64
		{8E006B19-BAEC-45C4-993F-C2F121B8CE9F}.Debug_NoHybrid|x64.Build.0 = Debug|x64
		{8E006B19-BAEC-45C4-993F-C2F121B8CE9F}.Debug|x64.ActiveCfg = Debug|x64
		{8E006B19-BAEC-45C4-993F-C2F121B8CE9F}.Debug|x64.Build.0 = Debug|x64
		{8E006B19-BAEC-45C4-993F-C2F121B8CE9F}.Release_BasicVersion|x64.ActiveCfg = Release|x64
		{8E006B19-BAEC-45C4-993F-C2F121B8CE9F}.Release_BasicVersion|x64.Build.0 = Release|x64
		{8E006B19-BAEC-45C4-993F-C2F121B8CE9F}.Release_NoHybrid|x64.ActiveCfg = Release|x64
		{8E006B19-BAEC-45C4-993F-C2F121B8CE9F}.Release_NoHybrid|x64.Build.0 = Release|x64
		{8E006B19-BAEC-45C4-993F-C2F121B8CE9F}.Release|x64.ActiveCfg = Release|x64
		{8E006B19-BAEC-45C4-993F-C2F121B8CE9F}.Release|x64.Build.0 = Release|x64
		{8E006B19-BAEC-45C4-993F-C2F121B8CE9F}.Sources|x64.ActiveCfg = Release|x64
		{8E006B19-BAEC-45C4-993F-C2F121B8CE9F}.Sources|x64.Build.0 = Release|x64
		{2D5E7CEA-C29A-4262-AB57-9FE685238F65}.Debug_BasicVersion|x64.ActiveCfg = Debug|x64
		{2D5E7CEA-C29A-4262-AB57-9FE685238F65}.Debug_BasicVersion|x64.Build.0 = Debug|x64
		{2D5E7CEA-C29A-4262-AB57-9FE685238F65}.Debug_NoHybrid|x64.ActiveCfg = Debug|x64
		{2D5E7CEA-C29A-4262-AB57-9FE685238F65}.Debug_NoHybrid|x64.Build.0 = Debug|x64
		{2D5E7CEA-C29A-4262-AB57-9FE685238F65}.Debug|x64.ActiveCfg = Debug|x64
		{2D5E7CEA-C29A-4262-AB57-9FE685238F65}.Debug|x64.Build.0 = Debug|x64
		{2D5E7CEA-C29A-4262-AB57-9FE685238F65}.Release_BasicVersion|x64.ActiveCfg = Release|x64
		{2D5E7CEA-C29A-4262-AB57-9FE685238F65}.Release_BasicVersion|x64.Build.0 = Release|x64
		{2D5E7CEA-C29A-4262-AB57-9FE685238F65}.Release_NoHybrid|x64.ActiveCfg = Release|x64
		{2D5E7CEA-C29A-4262-AB57-9FE685238F65}.Release_NoHybrid|x64.Build.0 = Release|x64
		{2D5E7CEA-C29A-4262-AB57-9FE685238F65}.Release|x64.ActiveCfg = Release|x64
		{2D5E7CEA-C29A-4262-AB57-9FE685238F65}.Release|x64.Build.0 = Release|x64
		{2D5E7CEA-C29A-4262-AB57-9FE685238F65}.Sources|x64.ActiveCfg = Release|x64
		{2D5E7CEA-C29A-4262-AB57-9FE685238F65}.Sources|x64.Build.0 = Release|x64
		{49A8E063-2881-470C-B6E3-354307CEC6C7}.Debug_BasicVersion|x64.ActiveCfg = Debug|x64
		{49A8E063-2881-470C-B6E3-354307CEC6C7}.Debug_BasicVersion|x64.Build.0 = Debug|x64
		{49A8E063-2881-470C-B6E3-354307CEC6C7}.Debug_NoHybrid|x64.ActiveCfg = Debug|x64
		{49A8E063-2881-470C-B6E3-354307CEC6C7}.Debug_NoHybrid|x64.Build.0 = Debug|x64
		{49A8E063-2881-470C-B6E3-354307CEC6C7}.Debug|x64.ActiveCfg = Debug|x64
		{49A8E063-2881-470C-B6E3-354307CEC6C7}.Debug|x64.Build.0 = Debug|x64
		{49A8E063-2881-470C-B6E3-354307CEC6C7}.Release_BasicVersion|x64.ActiveCfg = Release|x64
		{49A8E063-2881-470C-B6E3-354307CEC6C7}.Release_BasicVersion|x64.Build.0 = Release|x64
		{49A8E063-2881-470C-B6E3-354307CEC6C7}.Release_NoHybrid|x64.ActiveCfg = Release|x64
		{49A8E063-2881-470C-B6E3-354307CEC6C7}.Release_NoHybrid|x64.Build.0 = Release|x64
		{49A8E063-2881-470C-B6E3-354307CEC6C7}.Release|x64.ActiveCfg = Release|x64
		{49A8E063-2881-470C-B6E3-354307CEC6C7}.Release|x64.Build.0 = Release|x64
		{49A8E063-2881-470C-B6E3-354307CEC6C7}.Sources|x64.ActiveCfg = Release|x64
		{49A8E063-2881-470C-B6E3-354307CEC6C7}.Sources|x64.Build.0 = Release|x64
		{520E32D4-0676-4A73-8BA9-EAAB32E9D4B4}.Debug_BasicVersion|x64.ActiveCfg = Debug|x64
		{520E32D4-0676-4A73-8BA9-EAAB32E9D4B4}.Debug_BasicVersion|x64.Build.0 = Debug|x64
		{520E32D4-0676-4A73-8BA9-EAAB32E9D4B4}.Debug_NoHybrid|x64.ActiveCfg = Debug|x64
		{520E32D4-0676-4A73-8BA9-EAAB32E9D4B4}.Debug_NoHybrid|x64.Build.0 = Debug|x64
		{520E32D4-0676-4A73-8BA9-EAAB32E9D4B4}.Debug|x64.ActiveCfg = Debug|x64
		{520E32D4-0676-4A73-8BA9-EAAB32E9D4B4}.Debug|x64.Build.0 = Debug|x64
		{520E32D4-0676-4A73-8BA9-EAAB32E9D4B4}.Release_BasicVersion|x64.ActiveCfg = Release|x64
		{520E32D4-0676-4A73-8BA9-EAAB32E9D4B4}.Release_BasicVersion|x64.Build.0 = Release|x64
		{520E32D4-0676-4A73-8BA9-EAAB32E9D4B4}.Release_NoHybrid|x64.ActiveCfg = Release|x64
		{520E32D4-0676-4A73-8BA9-EAAB32E9D4B4}.Release_NoHybrid|x64.Build.0 = Release|x64
		{520E32D4-0676-4A73-8BA9-EAAB32E9D4B4}.Release|x64.ActiveCfg = Release|x64
		{520E32D4-0676-4A73-8BA9-EAAB32E9D4B4}.Release|x64.Build.0 = Release|x64
		{520E32D4-0676-4A73-8BA9-EAAB32E9D4B4}.Sources|x64.ActiveCfg = Release|x64
		{520E32D4-0676-4A73-8BA9-EAAB32E9D4B4}.Sources|x64.Build.0 = Release|x64
		{B61CC73A-D332-4887-8D92-635192E93BEF}.Debug_BasicVersion|x64.ActiveCfg = Debug|x64
		{B61CC73A-D332-4887-8D92-635192E93BEF}.Debug_BasicVersion|x64.Build.0 = Debug|x64
		{B61CC73A-D332-4887-8D92-635192E93BEF}.Debug_NoHybrid|x64.ActiveCfg = Debug|x64
		{B61CC73A-D332-4887-8D92-635192E93BEF}.Debug_NoHybrid|x64.Build.0 = Debug|x64
		{B61CC73A-D332-4887-8D92-635192E93BEF}.Debug|x64.ActiveCfg = Debug|x64
		{B61CC73A-D332-4887-8D92-635192E93BEF}.Debug|x64.Build.0 = Debug|x64
		{B61CC73A-D332-4887-8D92-635192E93BEF}.Release_BasicVersion|x64.ActiveCfg = Release|x64
		{B61CC73A-D332-4887-8D92-635192E93BEF}.Release_BasicVersion|x64.Build.0 = Release|x64
		{B61CC73A-D332-4887-8D92-635192E93BEF}.Release_NoHybrid|x64.ActiveCfg = Release|x64
		{B61CC73A-D332-4887-8D92-635192E93BEF}.Release_NoHybrid|x64.Build.0 = Release|x64
		{B61CC73A-D332-4887-8D92-635192E93BEF}.Release|x64.ActiveCfg = Release|x64
		{B61CC73A-D332-4887-8D92-635192E93BEF}.Release|x64.Build.0 = Release|x64
		{B61CC73A-D332-4887-8D92-635192E93BEF}.Sources|x64.ActiveCfg = Release|x64
		{B61CC73A-D332-4887-8D92-635192E93BEF}.Sources|x64.Build.0 = Release|x64
		{5D4AF4AE-D1EB-480B-B836-0BBF2A9D40CA}.Debug_BasicVersion|x64.ActiveCfg = Debug|x64
		{5D4AF4AE-D1EB-480B-B836-0BBF2A9D40CA}.Debug_BasicVersion|x64.Build.0 = Debug|x64
		{5D4AF4AE-D1EB-480B-B836-0BBF2A9D40CA}.Debug_NoHybrid|x64.ActiveCfg = Debug|x64
		{5D4AF4AE-D1EB-480B-B836-0BBF2A9D40CA}.Debug_NoHybrid|x64.Build.0 = Debug|x64
		{5D4AF4AE-D1EB-480B-B836-0BBF2A9D40CA}.Debug|x64.ActiveCfg = Debug|x64
		{5D4AF4AE-D1EB-480B-B836-0BBF2A9D40CA}.Debug|x64.Build.0 = Debug|x64
		{5D4AF4AE-D1EB-480B-B836-0BBF2A9D40CA}.Release_BasicVersion|x64.ActiveCfg = Release|x64
		{5D4AF4AE-D1EB-480B-B836-0BBF2A9D40CA}.Release_BasicVersion|x64.Build.0 = Release|x64
		{5D4AF4AE-D1EB-480B-B836-0BBF2A9D40CA}.Release_NoHybrid|x64.ActiveCfg = Release|x64
		{5D4AF4AE-D1EB-480B-B836-0BBF2A9D40CA}.Release_NoHybrid|x64.Build.0 = Release|x64
		{5D4AF4AE-D1EB-480B-B836-0BBF2A9D40CA}.Release|x64.ActiveCfg = Release|x64
		{5D4AF4AE-D1EB-480B-B836-0BBF2A9D40CA}.Release|x64.Build.0 = Release|x64
		{5D4AF4AE-D1EB-480B-B836-0BBF2A9D40CA}.Sources|x64.ActiveCfg = Release|x64
		{5D4AF4AE-D1EB-480B-B836-0BBF2A9D40CA}.Sources|x64.Build.0 = Release|x64
		{4BC2EA0C-2FC6-4F53-901C-ADDD54F26E46}.Debug_BasicVersion|x64.ActiveCfg = Debug|x64
		{4BC2EA0C-2FC6-4F53-901C-ADDD54F26E46}.Debug_BasicVersion|x64.Build.0 = Debug|x64
		{4BC2EA0C-2FC6-4F53-901C-ADDD54F26E46}.Debug_NoHybrid|x64.ActiveCfg = Debug|x64
		{4BC2EA0C-2FC6-4F53-901C-ADDD54F26E46}.Debug_NoHybrid|x64.Build.0 = Debug|x64
		{4BC2EA0C-2FC6-4F53-901C-ADDD54F26E46}.Debug|x64.ActiveCfg = Debug|x64
		{4BC2EA0C-2FC6-4F53-901C-ADDD54F26E46}.Debug|x64.Build.0 = Debug|x64
		{4BC2EA0C-2FC6-4F53-901C-ADDD54F26E46}.Release_BasicVersion|x64.ActiveCfg = Release|x64
		{4BC2EA0C-2FC6-4F53-901C-ADDD54F26E46}.Release_BasicVersion|x64.Build.0 = Release|x64
		{4BC2EA0C-2FC6-4F53-901C-ADDD54F26E46}.Release_NoHybrid|x64.ActiveCfg = Release|x64
		{4BC2EA0C-2FC6-4F53-901C-ADDD54F26E46}.Release_NoHybrid|x64.Build.0 = Release|x64
		{4BC2EA0C-2FC6-4F53-901C-ADDD54F26E46}.Release|x64.ActiveCfg = Release|x64
		{4BC2EA0C-2FC6-4F53-901C-ADDD54F26E46}.Release|x64.Build.0 = Release|x64
		{4BC2EA0C-2FC6-4F53-901C-ADDD54F26E46}.Sources|x64.ActiveCfg = Release|x64
		{4BC2EA0C-2FC6-4F53-901C-ADDD54F26E46}.Sources|x64.Build.0 = Release|x64
		{395D1BDB-D436-4F1C-A833-8CCA86C61745}.Debug_BasicVersion|x64.ActiveCfg = Debug|x64
		{395D1BDB-D436-4F1C-A833-8CCA86C61745}.Debug_BasicVersion|x64.Build.0 = Debug|x64
		{395D1BDB-D436-4F1C-A833-8CCA86C61745}.Debug_NoHybrid|x64.ActiveCfg = Debug|x64
		{395D1BDB-D436-4F1C-A833-8CCA86C61745}.Debug_NoHybrid|x64.Build.0 = Debug|x64
		{395D1BDB-D436-4F1C-A833-8CCA86C61745}.Debug|x64.ActiveCfg = Debug|x64
		{395D1BDB-D436-4F1C-A833-8CCA86C61745}.Debug|x64.Build.0 = Debug|x64
		{395D1BDB-D436-4F1C-A833-8CCA86C61745}.Release_BasicVersion|x64.ActiveCfg = Release|x64
		{395D1BDB-D436-4F1C-A833-8CCA86C61745}.Release_BasicVersion|x64.Build.0 = Release|x64
		{395D1BDB-D436-4F1C-A833-8CCA86C61745}.Release_NoHybrid|x64.ActiveCfg = Release|x64
		{395D1BDB-D436-4F1C-A833-8CCA86C61745}.Release_NoHybrid|x64.Build.0 = Release|x64
		{395D1BDB-D436-4F1C-A833-8CCA86C61745}.Release|x64.ActiveCfg = Release|x64
		{395D1BDB-D436-4F1C-A833-8CCA86C61745}.Release|x64.Build.0 = Release|x64
		{395D1BDB-D436-4F1C-A833-8CCA86C61745}.Sources|x64.ActiveCfg = Release|x64
		{395D1BDB-D436-4F1C-A833-8CCA86C61745}.Sources|x64.Build.0 = Release|x64
		{0ED99A85-3E8A-4830-9E77-05A0933C701A}.Debug_BasicVersion|x64.ActiveCfg = Debug|x64
		{0ED99A85-3E8A-4830-9E77-05A0933C701A}.Debug_BasicVersion|x64.Build.0 = Debug|x64
		{0ED99A85-3E8A-4830-9E77-05A0933C701A}.Debug_NoHybrid|x64.ActiveCfg = Debug|x64
		{0ED99A85-3E8A-4830-9E77-05A0933C701A}.Debug_NoHybrid|x64.Build.0 = Debug|x64
		{0ED99A85-3E8A-4830-9E77-05A0933C701A}.Debug|x64.ActiveCfg = Debug|x64
		{0ED99A85-3E8A-4830-9E77-05A0933C701A}.Debug|x64.Build.0 = Debug|x64
		{0ED99A85-3E8A-4830-9E77-05A0933C701A}.Release_BasicVersion|x64.ActiveCfg = Release|x64
		{0ED99A85-3E8A-4830-9E77-05A0933C701A}.Release_BasicVersion|x64.Build.0 = Release|x64
		{0ED99A85-3E8A-4830-9E77-05A0933C701A}.Release_NoHybrid|x64.ActiveCfg = Release|x64
		{0ED99A85-3E8A-4830-9E77-05A0933C701A}.Release_NoHybrid|x64.Build.0 = Release|x64
		{0ED99A85-3E8A-4830-9E77-05A0933C701A}.Release|x64.ActiveCfg = Release|x64
		{0ED99A85-3E8A-4830-9E77-05A0933C701A}.Release|x64.Build.0 = Release|x64
		{0ED99A85-3E8A-4830-9E77-05A0933C701A}.Sources|x64.ActiveCfg = Release|x64
		{0ED99A85-3E8A-4830-9E77-05A0933C701A}.Sources|x64.Build.0 = Release|x64
		{5F435DC1-92A6-4492-8C73-489CDDEF4890}.Debug_BasicVersion|x64.ActiveCfg = Debug|x64
		{5F435DC1-92A6-4492-8C73-489CDDEF4890}.Debug_BasicVersion|x64.Build.0 = Debug|x64
		{5F435DC1-92A6-4492-8C73-489CDDEF4890}.Debug_NoHybrid|x64.ActiveCfg = Debug|x64
		{5F435DC1-92A6-4492-8C73-489CDDEF4890}.Debug_NoHybrid|x64.Build.0 = Debug|x64
		{5F435DC1-92A6-4492-8C73-489CDDEF4890}.Debug|x64.ActiveCfg = Debug|x64
		{5F435DC1-92A6-4492-8C73-489CDDEF4890}.Debug|x64.Build.0 = Debug|x64
		{5F435DC1-92A6-4492-8C73-489CDDEF4890}.Release_BasicVersion|x64.ActiveCfg = Release|x64
		{5F435DC1-92A6-4492-8C73-489CDDEF4890}.Release_BasicVersion|x64.Build.0 = Release|x64
		{5F435DC1-92A6-4492-8C73-489CDDEF4890}.Release_NoHybrid|x64.ActiveCfg = Release|x64
		{5F435DC1-92A6-4492-8C73-489CDDEF4890}.Release_NoHybrid|x64.Build.0 = Release|x64
		{5F435DC1-92A6-4492-8C73-489CDDEF4890}.Release|x64.ActiveCfg = Release|x64
		{5F435DC1-92A6-4492-8C73-489CDDEF4890}.Release|x64.Build.0 = Release|x64
		{5F435DC1-92A6-4492-8C73-489CDDEF4890}.Sources|x64.ActiveCfg = Release|x64
		{5F435DC1-92A6-4492-8C73-489CDDEF4890}.Sources|x64.Build.0 = Release|x64
		{6B01AC2C-AF20-4885-BBA9-9D23A37A3944}.Debug_BasicVersion|x64.ActiveCfg = Debug|x64
		{6B01AC2C-AF20-4885-BBA9-9D23A37A3944}.Debug_BasicVersion|x64.Build.0 = Debug|x64
		{6B01AC2C-AF20-4885-BBA9-9D23A37A3944}.Debug_NoHybrid|x64.ActiveCfg = Debug|x64
		{6B01AC2C-AF20-4885-BBA9-9D23A37A3944}.Debug_NoHybrid|x64.Build.0 = Debug|x64
		{6B01AC2C-AF20-4885-BBA9-9D23A37A3944}.Debug|x64.ActiveCfg = Debug|x64
		{6B01AC2C-AF20-4885-BBA9-9D23A37A3944}.Debug|x64.Build.0 = Debug|x64
		{6B01AC2C-AF20-4885-BBA9-9D23A37A3944}.Release_BasicVersion|x64.ActiveCfg = Release|x64
		{6B01AC2C-AF20-4885-BBA9-9D23A37A3944}.Release_BasicVersion|x64.Build.0 = Release|x64
		{6B01AC2C-AF20-4885-BBA9-9D23A37A3944}.Release_NoHybrid|x64.ActiveCfg = Release|x64
		{6B01AC2C-AF20-4885-BBA9-9D23A37A3944}.Release_NoHybrid|x64.Build.0 = Release|x64
		{6B01AC2C-AF20-4885-BBA9-9D23A37A3944}.Release|x64.ActiveCfg = Release|x64
		{6B01AC2C-AF20-4885-BBA9-9D23A37A3944}.Release|x64.Build.0 = Release|x64
		{6B01AC2C-AF20-4885-BBA9-9D23A37A3944}.Sources|x64.ActiveCfg = Release|x64
		{6B01AC2C-AF20-4885-BBA9-9D23A37A3944}.Sources|x64.Build.0 = Release|x64
		{8442BDD4-3C21-49D8-A3FF-343F00E74FF9}.Debug_BasicVersion|x64.ActiveCfg = Debug|x64
		{8442BDD4-3C21-49D8-A3FF-343F00E74FF9}.Debug_BasicVersion|x64.Build.0 = Debug|x64
		{8442BDD4-3C21-49D8-A3FF-343F00E74FF9}.Debug_NoHybrid|x64.ActiveCfg = Debug|x64
		{8442BDD4-3C21-49D8-A3FF-343F00E74FF9}.Debug_NoHybrid|x64.Build.0 = Debug|x64
		{8442BDD4-3C21-49D8-A3FF-343F00E74FF9}.Debug|x64.ActiveCfg = Debug|x64
		{8442BDD4-3C21-49D8-A3FF-343F00E74FF9}.Debug|x64.Build.0 = Debug|x64
		{8442BDD4-3C21-49D8-A3FF-343F00E74FF9}.Release_BasicVersion|x64.ActiveCfg = Release|x64
		{8442BDD4-3C21-49D8-A3FF-343F00E74FF9}.Release_BasicVersion|x64.Build.0 = Release|x64
		{8442BDD4-3C21-49D8-A3FF-343F00E74FF9}.Release_NoHybrid|x64.ActiveCfg = Release|x64
		{8442BDD4-3C21-49D8-A3FF-343F00E74FF9}.Release_NoHybrid|x64.Build.0 = Release|x64
		{8442BDD4-3C21-49D8-A3FF-343F00E74FF9}.Release|x64.ActiveCfg = Release|x64
		{8442BDD4-3C21-49D8-A3FF-343F00E74FF9}.Release|x64.Build.0 = Release|x64
		{8442BDD4-3C21-49D8-A3FF-343F00E74FF9}.Sources|x64.ActiveCfg = Release|x64
		{8442BDD4-3C21-49D8-A3FF-343F00E74FF9}.Sources|x64.Build.0 = Release|x64
		{E763FF38-D634-4ED1-9DDE-00C5ECC0B3EB}.Debug_BasicVersion|x64.ActiveCfg = Debug|x64
		{E763FF38-D634-4ED1-9DDE-00C5ECC0B3EB}.Debug_BasicVersion|x64.Build.0 = Debug|x64
		{E763FF38-D634-4ED1-9DDE-00C5ECC0B3EB}.Debug_NoHybrid|x64.ActiveCfg = Debug|x64
		{E763FF38-D634-4ED1-9DDE-00C5ECC0B3EB}.Debug_NoHybrid|x64.Build.0 = Debug|x64
		{E763FF38-D634-4ED1-9DDE-00C5ECC0B3EB}.Debug|x64.ActiveCfg = Debug|x64
		{E763FF38-D634-4ED1-9DDE-00C5ECC0B3EB}.Debug|x64.Build.0 = Debug|x64
		{E763FF38-D634-4ED1-9DDE-00C5ECC0B3EB}.Release_BasicVersion|x64.ActiveCfg = Release|x64
		{E763FF38-D634-4ED1-9DDE-00C5ECC0B3EB}.Release_BasicVersion|x64.Build.0 = Release|x64
		{E763FF38-D634-4ED1-9DDE-00C5ECC0B3EB}.Release_NoHybrid|x64.ActiveCfg = Release|x64
		{E763FF38-D634-4ED1-9DDE-00C5ECC0B3EB}.Release_NoHybrid|x64.Build.0 = Release|x64
		{E763FF38-D634-4ED1-9DDE-00C5ECC0B3EB}.Release|x64.ActiveCfg = Release|x64
		{E763FF38-D634-4ED1-9DDE-00C5ECC0B3EB}.Release|x64.Build.0 = Release|x64
		{E763FF38-D634-4ED1-9DDE-00C5ECC0B3EB}.Sources|x64.ActiveCfg = Release|x64
		{E763FF38-D634-4ED1-9DDE-00C5ECC0B3EB}.Sources|x64.Build.0 = Release|x64
		{DD6B55F6-44DB-4849-B958-9B91A4BCC276}.Debug_BasicVersion|x64.ActiveCfg = Debug|x64
		{DD6B55F6-44DB-4849-B958-9B91A4BCC276}.Debug_BasicVersion|x64.Build.0 = Debug|x64
		{DD6B55F6-44DB-4849-B958-9B91A4BCC276}.Debug_NoHybrid|x64.ActiveCfg = Debug|x64
		{DD6B55F6-44DB-4849-B958-9B91A4BCC276}.Debug_NoHybrid|x64.Build.0 = Debug|x64
		{DD6B55F6-44DB-4849-B958-9B91A4BCC276}.Debug|x64.ActiveCfg = Debug|x64
		{DD6B55F6-44DB-4849-B958-9B91A4BCC276}.Debug|x64.Build.0 = Debug|x64
		{DD6B55F6-44DB-4849-B958-9B91A4BCC276}.Release_BasicVersion|x64.ActiveCfg = Release|x64
		{DD6B55F6-44DB-4849-B958-9B91A4BCC276}.Release_BasicVersion|x64.Build.0 = Release|x64
		{DD6B55F6-44DB-4849-B958-9B91A4BCC276}.Release_NoHybrid|x64.ActiveCfg = Release|x64
		{DD6B55F6-44DB-4849-B958-9B91A4BCC276}.Release_NoHybrid|x64.Build.0 = Release|x64
		{DD6B55F6-44DB-4849-B958-9B91A4BCC276}.Release|x64.ActiveCfg = Release|x64
		{DD6B55F6-44DB-4849-B958-9B91A4BCC276}.Release|x64.Build.0 = Release|x64
		{DD6B55F6-44DB-4849-B958-9B91A4BCC276}.Sources|x64.ActiveCfg = Release|x64
		{DD6B55F6-44DB-4849-B958-9B91A4BCC276}.Sources|x64.Build.0 = Release|x64
		{355B5210-6FF9-4DC8-BCB6-E7DA979913B1}.Debug_BasicVersion|x64.ActiveCfg = Debug|x64
		{355B5210-6FF9-4DC8-BCB6-E7DA979913B1}.Debug_BasicVersion|x64.Build.0 = Debug|x64
		{355B5210-6FF9-4DC8-BCB6-E7DA979913B1}.Debug_NoHybrid|x64.ActiveCfg = Debug|x64
		{355B5210-6FF9-4DC8-BCB6-E7DA979913B1}.Debug_NoHybrid|x64.Build.0 = Debug|x64
		{355B5210-6FF9-4DC8-BCB6-E7DA979913B1}.Debug|x64.ActiveCfg = Debug|x64
		{355B5210-6FF9-4DC8-BCB6-E7DA979913B1}.Debug|x64.Build.0 = Debug|x64
		{355B5210-6FF9-4DC8-BCB6-E7DA979913B1}.Release_BasicVersion|x64.ActiveCfg = Release|x64
		{355B5210-6FF9-4DC8-BCB6-E7DA979913B1}.Release_BasicVersion|x64.Build.0 = Release|x64
		{355B5210-6FF9-4DC8-BCB6-E7DA979913B1}.Release_NoHybrid|x64.ActiveCfg = Release|x64
		{355B5210-6FF9-4DC8-BCB6-E7DA979913B1}.Release_NoHybrid|x64.Build.0 = Release|x64
		{355B5210-6FF9-4DC8-BCB6-E7DA979913B1}.Release|x64.ActiveCfg = Release|x64
		{355B5210-6FF9-4DC8-BCB6-E7DA979913B1}.Release|x64.Build.0 = Release|x64
		{355B5210-6FF9-4DC8-BCB6-E7DA979913B1}.Sources|x64.ActiveCfg = Release|x64
		{355B5210-6FF9-4DC8-BCB6-E7DA979913B1}.Sources|x64.Build.0 = Release|x64
		{9CC9B520-CA29-410A-AE69-B1C4AFA2B98E}.Debug_BasicVersion|x64.ActiveCfg = Debug|x64
		{9CC9B520-CA29-410A-AE69-B1C4AFA2B98E}.Debug_BasicVersion|x64.Build.0 = Debug|x64
		{9CC9B520-CA29-410A-AE69-B1C4AFA2B98E}.Debug_NoHybrid|x64.ActiveCfg = Debug|x64
		{9CC9B520-CA29-410A-AE69-B1C4AFA2B98E}.Debug_NoHybrid|x64.Build.0 = Debug|x64
		{9CC9B520-CA29-410A-AE69-B1C4AFA2B98E}.Debug|x64.ActiveCfg = Debug|x64
		{9CC9B520-CA29-410A-AE69-B1C4AFA2B98E}.Debug|x64.Build.0 = Debug|x64
		{9CC9B520-CA29-410A-AE69-B1C4AFA2B98E}.Release_BasicVersion|x64.ActiveCfg = Release|x64
		{9CC9B520-CA29-410A-AE69-B1C4AFA2B98E}.Release_BasicVersion|x64.Build.0 = Release|x64
		{9CC9B520-CA29-410A-AE69-B1C4AFA2B98E}.Release_NoHybrid|x64.ActiveCfg = Release|x64
		{9CC9B520-CA29-410A-AE69-B1C4AFA2B98E}.Release_NoHybrid|x64.Build.0 = Release|x64
		{9CC9B520-CA29-410A-AE69-B1C4AFA2B98E}.Release|x64.ActiveCfg = Release|x64
		{9CC9B520-CA29-410A-AE69-B1C4AFA2B98E}.Release|x64.Build.0 = Release|x64
		{9CC9B520-CA29-410A-AE69-B1C4AFA2B98E}.Sources|x64.ActiveCfg = Release|x64
		{9CC9B520-CA29-410A-AE69-B1C4AFA2B98E}.Sources|x64.Build.0 = Release|x64
		{ED17770A-B107-4334-86C5-13614D0D6784}.Debug_BasicVersion|x64.ActiveCfg = Debug|x64
		{ED17770A-B107-4334-86C5-13614D0D6784}.Debug_BasicVersion|x64.Build.0 = Debug|x64
		{ED17770A-B107-4334-86C5-13614D0D6784}.Debug_NoHybrid|x64.ActiveCfg = Debug|x64
		{ED17770A-B107-4334-86C5-13614D0D6784}.Debug_NoHybrid|x64.Build.0 = Debug|x64
		{ED17770A-B107-4334-86C5-13614D0D6784}.Debug|x64.ActiveCfg = Debug|x64
		{ED17770A-B107-4334-86C5-13614D0D6784}.Debug|x64.Build.0 = Debug|x64
		{ED17770A-B107-4334-86C5-13614D0D6784}.Release_BasicVersion|x64.ActiveCfg = Release|x64
		{ED17770A-B107-4334-86C5-13614D0D6784}.Release_BasicVersion|x64.Build.0 = Release|x64
		{ED17770A-B107-4334-86C5-13614D0D6784}.Release_NoHybrid|x64.ActiveCfg = Release|x64
		{ED17770A-B107-4334-86C5-13614D0D6784}.Release_NoHybrid|x64.Build.0 = Release|x64
		{ED17770A-B107-4334-86C5-13614D0D6784}.Release|x64.ActiveCfg = Release|x64
		{ED17770A-B107-4334-86C5-13614D0D6784}.Release|x64.Build.0 = Release|x64
		{ED17770A-B107-4334-86C5-13614D0D6784}.Sources|x64.ActiveCfg = Release|x64
		{ED17770A-B107-4334-86C5-13614D0D6784}.Sources|x64.Build.0 = Release|x64
		{6BFDFAA9-0CC4-4BDD-90CC-F38BEDBD55D2}.Debug_BasicVersion|x64.ActiveCfg = Debug|x64
		{6BFDFAA9-0CC4-4BDD-90CC-F38BEDBD55D2}.Debug_BasicVersion|x64.Build.0 = Debug|x64
		{6BFDFAA9-0CC4-4BDD-90CC-F38BEDBD55D2}.Debug_NoHybrid|x64.ActiveCfg = Debug|x64
		{6BFDFAA9-0CC4-4BDD-90CC-F38BEDBD55D2}.Debug_NoHybrid|x64.Build.0 = Debug|x64
		{6BFDFAA9-0CC4-4BDD-90CC-F38BEDBD55D2}.Debug|x64.ActiveCfg = Debug|x64
		{6BFDFAA9-0CC4-4BDD-90CC-F38BEDBD55D2}.Debug|x64.Build.0 = Debug|x64
		{6BFDFAA9-0CC4-4BDD-90CC-F38BEDBD55D2}.Release_BasicVersion|x64.ActiveCfg = Release|x64
		{6BFDFAA9-0CC4-4BDD-90CC-F38BEDBD55D2}.Release_BasicVersion|x64.Build.0 = Release|x64
		{6BFDFAA9-0CC4-4BDD-90CC-F38BEDBD55D2}.Release_NoHybrid|x64.ActiveCfg = Release|x64
		{6BFDFAA9-0CC4-4BDD-90CC-F38BEDBD55D2}.Release_NoHybrid|x64.Build.0 = Release|x64
		{6BFDFAA9-0CC4-4BDD-90CC-F38BEDBD55D2}.Release|x64.ActiveCfg = Release|x64
		{6BFDFAA9-0CC4-4BDD-90CC-F38BEDBD55D2}.Release|x64.Build.0 = Release|x64
		{6BFDFAA9-0CC4-4BDD-90CC-F38BEDBD55D2}.Sources|x64.ActiveCfg = Release|x64
		{6BFDFAA9-0CC4-4BDD-90CC-F38BEDBD55D2}.Sources|x64.Build.0 = Release|x64
		{C1BFF4FF-96E6-4762-9EA1-67B4DF87F060}.Debug_BasicVersion|x64.ActiveCfg = Debug|x64
		{C1BFF4FF-96E6-4762-9EA1-67B4DF87F060}.Debug_BasicVersion|x64.Build.0 = Debug|x64
		{C1BFF4FF-96E6-4762-9EA1-67B4DF87F060}.Debug_NoHybrid|x64.ActiveCfg = Debug|x64
		{C1BFF4FF-96E6-4762-9EA1-67B4DF87F060}.Debug_NoHybrid|x64.Build.0 = Debug|x64
		{C1BFF4FF-96E6-4762-9EA1-67B4DF87F060}.Debug|x64.ActiveCfg = Debug|x64
		{C1BFF4FF-96E6-4762-9EA1-67B4DF87F060}.Debug|x64.Build.0 = Debug|x64
		{C1BFF4FF-96E6-4762-9EA1-67B4DF87F060}.Release_BasicVersion|x64.ActiveCfg = Release|x64
		{C1BFF4FF-96E6-4762-9EA1-67B4DF87F060}.Release_BasicVersion|x64.Build.0 = Release|x64
		{C1BFF4FF-96E6-4762-9EA1-67B4DF87F060}.Release_NoHybrid|x64.ActiveCfg = Release|x64
		{C1BFF4FF-96E6-4762-9EA1-67B4DF87F060}.Release_NoHybrid|x64.Build.0 = Release|x64
		{C1BFF4FF-96E6-4762-9EA1-67B4DF87F060}.Release|x64.ActiveCfg = Release|x64
		{C1BFF4FF-96E6-4762-9EA1-67B4DF87F060}.Release|x64.Build.0 = Release|x64
		{C1BFF4FF-96E6-4762-9EA1-67B4DF87F060}.Sources|x64.ActiveCfg = Release|x64
		{C1BFF4FF-96E6-4762-9EA1-67B4DF87F060}.Sources|x64.Build.0 = Release|x64
		{F9DD4E63-CDC1-4264-BA2E-30E8A8064C6D}.Debug_BasicVersion|x64.ActiveCfg = Debug|x64
		{F9DD4E63-CDC1-4264-BA2E-30E8A8064C6D}.Debug_BasicVersion|x64.Build.0 = Debug|x64
		{F9DD4E63-CDC1-4264-BA2E-30E8A8064C6D}.Debug_NoHybrid|x64.ActiveCfg = Debug|x64
		{F9DD4E63-CDC1-4264-BA2E-30E8A8064C6D}.Debug_NoHybrid|x64.Build.0 = Debug|x64
		{F9DD4E63-CDC1-4264-BA2E-30E8A8064C6D}.Debug|x64.ActiveCfg = Debug|x64
		{F9DD4E63-CDC1-4264-BA2E-30E8A8064C6D}.Debug|x64.Build.0 = Debug|x64
		{F9DD4E63-CDC1-4264-BA2E-30E8A8064C6D}.Release_BasicVersion|x64.ActiveCfg = Release|x64
		{F9DD4E63-CDC1-4264-BA2E-30E8A8064C6D}.Release_BasicVersion|x64.Build.0 = Release|x64
		{F9DD4E63-CDC1-4264-BA2E-30E8A8064C6D}.Release_NoHybrid|x64.ActiveCfg = Release|x64
		{F9DD4E63-CDC1-4264-BA2E-30E8A8064C6D}.Release_NoHybrid|x64.Build.0 = Release|x64
		{F9DD4E63-CDC1-4264-BA2E-30E8A8064C6D}.Release|x64.ActiveCfg = Release|x64
		{F9DD4E63-CDC1-4264-BA2E-30E8A8064C6D}.Release|x64.Build.0 = Release|x64
		{F9DD4E63-CDC1-4264-BA2E-30E8A8064C6D}.Sources|x64.ActiveCfg = Release|x64
		{F9DD4E63-CDC1-4264-BA2E-30E8A8064C6D}.Sources|x64.Build.0 = Release|x64
		{A6D25EB3-A680-4878-BEBD-EB03551DB404}.Debug_BasicVersion|x64.ActiveCfg = Debug|x64
		{A6D25EB3-A680-4878-BEBD-EB03551DB404}.Debug_BasicVersion|x64.Build.0 = Debug|x64
		{A6D25EB3-A680-4878-BEBD-EB03551DB404}.Debug_NoHybrid|x64.ActiveCfg = Debug|x64
		{A6D25EB3-A680-4878-BEBD-EB03551DB404}.Debug_NoHybrid|x64.Build.0 = Debug|x64
		{A6D25EB3-A680-4878-BEBD-EB03551DB404}.Debug|x64.ActiveCfg = Debug|x64
		{A6D25EB3-A680-4878-BEBD-EB03551DB404}.Debug|x64.Build.0 = Debug|x64
		{A6D25EB3-A680-4878-BEBD-EB03551DB404}.Release_BasicVersion|x64.ActiveCfg = Release|x64
		{A6D25EB3-A680-4878-BEBD-EB03551DB404}.Release_BasicVersion|x64.Build.0 = Release|x64
		{A6D25EB3-A680-4878-BEBD-EB03551DB404}.Release_NoHybrid|x64.ActiveCfg = Release|x64
		{A6D25EB3-A680-4878-BEBD-EB03551DB404}.Release_NoHybrid|x64.Build.0 = Release|x64
		{A6D25EB3-A680-4878-BEBD-EB03551DB404}.Release|x64.ActiveCfg = Release|x64
		{A6D25EB3-A680-4878-BEBD-EB03551DB404}.Release|x64.Build.0 = Release|x64
		{A6D25EB3-A680-4878-BEBD-EB03551DB404}.Sources|x64.ActiveCfg = Release|x64
		{A6D25EB3-A680-4878-BEBD-EB03551DB404}.Sources|x64.Build.0 = Release|x64
		{D1E2A165-7E15-47E1-9ABA-B55DD5F6E878}.Debug_BasicVersion|x64.ActiveCfg = Debug|x64
		{D1E2A165-7E15-47E1-9ABA-B55DD5F6E878}.Debug_BasicVersion|x64.Build.0 = Debug|x64
		{D1E2A165-7E15-47E1-9ABA-B55DD5F6E878}.Debug_NoHybrid|x64.ActiveCfg = Debug|x64
		{D1E2A165-7E15-47E1-9ABA-B55DD5F6E878}.Debug_NoHybrid|x64.Build.0 = Debug|x64
		{D1E2A165-7E15-47E1-9ABA-B55DD5F6E878}.Debug|x64.ActiveCfg = Debug|x64
		{D1E2A165-7E15-47E1-9ABA-B55DD5F6E878}.Debug|x64.Build.0 = Debug|x64
		{D1E2A165-7E15-47E1-9ABA-B55DD5F6E878}.Release_BasicVersion|x64.ActiveCfg = Release|x64
		{D1E2A165-7E15-47E1-9ABA-B55DD5F6E878}.Release_BasicVersion|x64.Build.0 = Release|x64
		{D1E2A165-7E15-47E1-9ABA-B55DD5F6E878}.Release_NoHybrid|x64.ActiveCfg = Release|x64
		{D1E2A165-7E15-47E1-9ABA-B55DD5F6E878}.Release_NoHybrid|x64.Build.0 = Release|x64
		{D1E2A165-7E15-47E1-9ABA-B55DD5F6E878}.Release|x64.ActiveCfg = Release|x64
		{D1E2A165-7E15-47E1-9ABA-B55DD5F6E878}.Release|x64.Build.0 = Release|x64
		{D1E2A165-7E15-47E1-9ABA-B55DD5F6E878}.Sources|x64.ActiveCfg = Release|x64
		{D1E2A165-7E15-47E1-9ABA-B55DD5F6E878}.Sources|x64.Build.0 = Release|x64
		{8830930E-E475-43CC-8F6F-B114230B695B}.Debug_BasicVersion|x64.ActiveCfg = Debug|x64
		{8830930E-E475-43CC-8F6F-B114230B695B}.Debug_BasicVersion|x64.Build.0 = Debug|x64
		{8830930E-E475-43CC-8F6F-B114230B695B}.Debug_NoHybrid|x64.ActiveCfg = Debug|x64
		{8830930E-E475-43CC-8F6F-B114230B695B}.Debug_NoHybrid|x64.Build.0 = Debug|x64
		{8830930E-E475-43CC-8F6F-B114230B695B}.Debug|x64.ActiveCfg = Debug|x64
		{8830930E-E475-43CC-8F6F-B114230B695B}.Debug|x64.Build.0 = Debug|x64
		{8830930E-E475-43CC-8F6F-B114230B695B}.Release_BasicVersion|x64.ActiveCfg = Release|x64
		{8830930E-E475-43CC-8F6F-B114230B695B}.Release_BasicVersion|x64.Build.0 = Release|x64
		{8830930E-E475-43CC-8F6F-B114230B695B}.Release_NoHybrid|x64.ActiveCfg = Release|x64
		{8830930E-E475-43CC-8F6F-B114230B695B}.Release_NoHybrid|x64.Build.0 = Release|x64
		{8830930E-E475-43CC-8F6F-B114230B695B}.Release|x64.ActiveCfg = Release|x64
		{8830930E-E475-43CC-8F6F-B114230B695B}.Release|x64.Build.0 = Release|x64
		{8830930E-E475-43CC-8F6F-B114230B695B}.Sources|x64.ActiveCfg = Release|x64
		{8830930E-E475-43CC-8F6F-B114230B695B}.Sources|x64.Build.0 = Release|x64
		{CA47EE58-C37D-46BC-A386-3EE17C1EDEAD}.Debug_BasicVersion|x64.ActiveCfg = Debug|x64
		{CA47EE58-C37D-46BC-A386-3EE17C1EDEAD}.Debug_BasicVersion|x64.Build.0 = Debug|x64
		{CA47EE58-C37D-46BC-A386-3EE17C1EDEAD}.Debug_NoHybrid|x64.ActiveCfg = Debug|x64
		{CA47EE58-C37D-46BC-A386-3EE17C1EDEAD}.Debug_NoHybrid|x64.Build.0 = Debug|x64
		{CA47EE58-C37D-46BC-A386-3EE17C1EDEAD}.Debug|x64.ActiveCfg = Debug|x64
		{CA47EE58-C37D-46BC-A386-3EE17C1EDEAD}.Debug|x64.Build.0 = Debug|x64
		{CA47EE58-C37D-46BC-A386-3EE17C1EDEAD}.Release_BasicVersion|x64.ActiveCfg = Release|x64
		{CA47EE58-C37D-46BC-A386-3EE17C1EDEAD}.Release_BasicVersion|x64.Build.0 = Release|x64
		{CA47EE58-C37D-46BC-A386-3EE17C1EDEAD}.Release_NoHybrid|x64.ActiveCfg = Release|x64
		{CA47EE58-C37D-46BC-A386-3EE17C1EDEAD}.Release_NoHybrid|x64.Build.0 = Release|x64
		{CA47EE58-C37D-46BC-A386-3EE17C1EDEAD}.Release|x64.ActiveCfg = Release|x64
		{CA47EE58-C37D-46BC-A386-3EE17C1EDEAD}.Release|x64.Build.0 = Release|x64
		{CA47EE58-C37D-46BC-A386-3EE17C1EDEAD}.Sources|x64.ActiveCfg = Release|x64
		{CA47EE58-C37D-46BC-A386-3EE17C1EDEAD}.Sources|x64.Build.0 = Release|x64
		{254E50A3-2ABD-40FB-A1D0-C4C0F6051685}.Debug_BasicVersion|x64.ActiveCfg = Debug|x64
		{254E50A3-2ABD-40FB-A1D0-C4C0F6051685}.Debug_BasicVersion|x64.Build.0 = Debug|x64
		{254E50A3-2ABD-40FB-A1D0-C4C0F6051685}.Debug_NoHybrid|x64.ActiveCfg = Debug|x64
		{254E50A3-2ABD-40FB-A1D0-C4C0F6051685}.Debug_NoHybrid|x64.Build.0 = Debug|x64
		{254E50A3-2ABD-40FB-A1D0-C4C0F6051685}.Debug|x64.ActiveCfg = Debug|x64
		{254E50A3-2ABD-40FB-A1D0-C4C0F6051685}.Debug|x64.Build.0 = Debug|x64
		{254E50A3-2ABD-40FB-A1D0-C4C0F6051685}.Release_BasicVersion|x64.ActiveCfg = Release|x64
		{254E50A3-2ABD-40FB-A1D0-C4C0F6051685}.Release_BasicVersion|x64.Build.0 = Release|x64
		{254E50A3-2ABD-40FB-A1D0-C4C0F6051685}.Release_NoHybrid|x64.ActiveCfg = Release|x64
		{254E50A3-2ABD-40FB-A1D0-C4C0F6051685}.Release_NoHybrid|x64.Build.0 = Release|x64
		{254E50A3-2ABD-40FB-A1D0-C4C0F6051685}.Release|x64.ActiveCfg = Release|x64
		{254E50A3-2ABD-40FB-A1D0-C4C0F6051685}.Release|x64.Build.0 = Release|x64
		{254E50A3-2ABD-40FB-A1D0-C4C0F6051685}.Sources|x64.ActiveCfg = Release|x64
		{254E50A3-2ABD-40FB-A1D0-C4C0F6051685}.Sources|x64.Build.0 = Release|x64
		{1DBE2687-EB02-4020-943A-89916D8AD0EE}.Debug_BasicVersion|x64.ActiveCfg = Debug|x64
		{1DBE2687-EB02-4020-943A-89916D8AD0EE}.Debug_BasicVersion|x64.Build.0 = Debug|x64
		{1DBE2687-EB02-4020-943A-89916D8AD0EE}.Debug_NoHybrid|x64.ActiveCfg = Debug|x64
		{1DBE2687-EB02-4020-943A-89916D8AD0EE}.Debug_NoHybrid|x64.Build.0 = Debug|x64
		{1DBE2687-EB02-4020-943A-89916D8AD0EE}.Debug|x64.ActiveCfg = Debug|x64
		{1DBE2687-EB02-4020-943A-89916D8AD0EE}.Debug|x64.Build.0 = Debug|x64
		{1DBE2687-EB02-4020-943A-89916D8AD0EE}.Release_BasicVersion|x64.ActiveCfg = Release|x64
		{1DBE2687-EB02-4020-943A-89916D8AD0EE}.Release_BasicVersion|x64.Build.0 = Release|x64
		{1DBE2687-EB02-4020-943A-89916D8AD0EE}.Release_NoHybrid|x64.ActiveCfg = Release|x64
		{1DBE2687-EB02-4020-943A-89916D8AD0EE}.Release_NoHybrid|x64.Build.0 = Release|x64
		{1DBE2687-EB02-4020-943A-89916D8AD0EE}.Release|x64.ActiveCfg = Release|x64
		{1DBE2687-EB02-4020-943A-89916D8AD0EE}.Release|x64.Build.0 = Release|x64
		{1DBE2687-EB02-4020-943A-89916D8AD0EE}.Sources|x64.ActiveCfg = Release|x64
		{1DBE2687-EB02-4020-943A-89916D8AD0EE}.Sources|x64.Build.0 = Release|x64
		{17434B99-254D-49BC-894D-74CB1C918599}.Debug_BasicVersion|x64.ActiveCfg = Debug|x64
		{17434B99-254D-49BC-894D-74CB1C918599}.Debug_BasicVersion|x64.Build.0 = Debug|x64
		{17434B99-254D-49BC-894D-74CB1C918599}.Debug_NoHybrid|x64.ActiveCfg = Debug|x64
		{17434B99-254D-49BC-894D-74CB1C918599}.Debug_NoHybrid|x64.Build.0 = Debug|x64
		{17434B99-254D-49BC-894D-74CB1C918599}.Debug|x64.ActiveCfg = Debug|x64
		{17434B99-254D-49BC-894D-74CB1C918599}.Debug|x64.Build.0 = Debug|x64
		{17434B99-254D-49BC-894D-74CB1C918599}.Release_BasicVersion|x64.ActiveCfg = Release|x64
		{17434B99-254D-49BC-894D-74CB1C918599}.Release_BasicVersion|x64.Build.0 = Release|x64
		{17434B99-254D-49BC-894D-74CB1C918599}.Release_NoHybrid|x64.ActiveCfg = Release|x64
		{17434B99-254D-49BC-894D-74CB1C918599}.Release_NoHybrid|x64.Build.0 = Release|x64
		{17434B99-254D-49BC-894D-74CB1C918599}.Release|x64.ActiveCfg = Release|x64
		{17434B99-254D-49BC-894D-74CB1C918599}.Release|x64.Build.0 = Release|x64
		{17434B99-254D-49BC-894D-74CB1C918599}.Sources|x64.ActiveCfg = Release|x64
		{17434B99-254D-49BC-894D-74CB1C918599}.Sources|x64.Build.0 = Release|x64
		{7A66A395-8481-4BDF-BB3C-F03B13A45F9F}.Debug_BasicVersion|x64.ActiveCfg = Debug|x64
		{7A66A395-8481-4BDF-BB3C-F03B13A45F9F}.Debug_BasicVersion|x64.Build.0 = Debug|x64
		{7A66A395-8481-4BDF-BB3C-F03B13A45F9F}.Debug_NoHybrid|x64.ActiveCfg = Debug|x64
		{7A66A395-8481-4BDF-BB3C-F03B13A45F9F}.Debug_NoHybrid|x64.Build.0 = Debug|x64
		{7A66A395-8481-4BDF-BB3C-F03B13A45F9F}.Debug|x64.ActiveCfg = Debug|x64
		{7A66A395-8481-4BDF-BB3C-F03B13A45F9F}.Debug|x64.Build.0 = Debug|x64
		{7A66A395-8481-4BDF-BB3C-F03B13A45F9F}.Release_BasicVersion|x64.ActiveCfg = Release|x64
		{7A66A395-8481-4BDF-BB3C-F03B13A45F9F}.Release_BasicVersion|x64.Build.0 = Release|x64
		{7A66A395-8481-4BDF-BB3C-F03B13A45F9F}.Release_NoHybrid|x64.ActiveCfg = Release|x64
		{7A66A395-8481-4BDF-BB3C-F03B13A45F9F}.Release_NoHybrid|x64.Build.0 = Release|x64
		{7A66A395-8481-4BDF-BB3C-F03B13A45F9F}.Release|x64.ActiveCfg = Release|x64
		{7A66A395-8481-4BDF-BB3C-F03B13A45F9F}.Release|x64.Build.0 = Release|x64
		{7A66A395-8481-4BDF-BB3C-F03B13A45F9F}.Sources|x64.ActiveCfg = Release|x64
		{7A66A395-8481-4BDF-BB3C-F03B13A45F9F}.Sources|x64.Build.0 = Release|x64
		{508FE54B-C7FE-4FE9-8528-C84B1124366D}.Debug_BasicVersion|x64.ActiveCfg = Debug|x64
		{508FE54B-C7FE-4FE9-8528-C84B1124366D}.Debug_BasicVersion|x64.Build.0 = Debug|x64
		{508FE54B-C7FE-4FE9-8528-C84B1124366D}.Debug_NoHybrid|x64.ActiveCfg = Debug|x64
		{508FE54B-C7FE-4FE9-8528-C84B1124366D}.Debug_NoHybrid|x64.Build.0 = Debug|x64
		{508FE54B-C7FE-4FE9-8528-C84B1124366D}.Debug|x64.ActiveCfg = Debug|x64
		{508FE54B-C7FE-4FE9-8528-C84B1124366D}.Debug|x64.Build.0 = Debug|x64
		{508FE54B-C7FE-4FE9-8528-C84B1124366D}.Release_BasicVersion|x64.ActiveCfg = Release|x64
		{508FE54B-C7FE-4FE9-8528-C84B1124366D}.Release_BasicVersion|x64.Build.0 = Release|x64
		{508FE54B-C7FE-4FE9-8528-C84B1124366D}.Release_NoHybrid|x64.ActiveCfg = Release|x64
		{508FE54B-C7FE-4FE9-8528-C84B1124366D}.Release_NoHybrid|x64.Build.0 = Release|x64
		{508FE54B-C7FE-4FE9-8528-C84B1124366D}.Release|x64.ActiveCfg = Release|x64
		{508FE54B-C7FE-4FE9-8528-C84B1124366D}.Release|x64.Build.0 = Release|x64
		{508FE54B-C7FE-4FE9-8528-C84B1124366D}.Sources|x64.ActiveCfg = Release|x64
		{508FE54B-C7FE-4FE9-8528-C84B1124366D}.Sources|x64.Build.0 = Release|x64
	EndGlobalSection
	GlobalSection(SolutionProperties) = preSolution
		HideSolutionNode = FALSE
	EndGlobalSection
	GlobalSection(NestedProjects) = preSolution
		{2B37F4AC-25A9-4B9B-9398-0812C89EEAC9} = {27283798-E3D6-4A61-AB4E-6FE433D2B776}
		{DB431C6D-834A-4184-906B-9EBD4CD77876} = {2B37F4AC-25A9-4B9B-9398-0812C89EEAC9}
		{8E006B19-BAEC-45C4-993F-C2F121B8CE9F} = {2B37F4AC-25A9-4B9B-9398-0812C89EEAC9}
		{42316BC5-4995-4432-8094-0BE88A5F0ABD} = {27283798-E3D6-4A61-AB4E-6FE433D2B776}
		{2D5E7CEA-C29A-4262-AB57-9FE685238F65} = {42316BC5-4995-4432-8094-0BE88A5F0ABD}
		{49A8E063-2881-470C-B6E3-354307CEC6C7} = {42316BC5-4995-4432-8094-0BE88A5F0ABD}
		{675946B5-5B6B-4517-A37A-2B1E3AF08228} = {27283798-E3D6-4A61-AB4E-6FE433D2B776}
		{520E32D4-0676-4A73-8BA9-EAAB32E9D4B4} = {675946B5-5B6B-4517-A37A-2B1E3AF08228}
		{B61CC73A-D332-4887-8D92-635192E93BEF} = {675946B5-5B6B-4517-A37A-2B1E3AF08228}
		{01A4764A-CF62-479A-A7DF-4E018D5C6535} = {5D8D05B2-3256-4362-BA4E-934699EE24F4}
		{5D4AF4AE-D1EB-480B-B836-0BBF2A9D40CA} = {01A4764A-CF62-479A-A7DF-4E018D5C6535}
		{16BF8322-1E9F-4D3E-B269-1512D348376A} = {5D8D05B2-3256-4362-BA4E-934699EE24F4}
		{4BC2EA0C-2FC6-4F53-901C-ADDD54F26E46} = {16BF8322-1E9F-4D3E-B269-1512D348376A}
		{07BDBFDF-C21C-4663-A6B3-5F882E615C2C} = {5D8D05B2-3256-4362-BA4E-934699EE24F4}
		{395D1BDB-D436-4F1C-A833-8CCA86C61745} = {07BDBFDF-C21C-4663-A6B3-5F882E615C2C}
		{3D267270-2571-433C-8A48-4696BA3C2828} = {23E82FFA-42A4-4648-BAE3-F76AD50D81B4}
		{0ED99A85-3E8A-4830-9E77-05A0933C701A} = {3D267270-2571-433C-8A48-4696BA3C2828}
		{08311B1F-2C54-4621-9ADA-7926CCDE60CA} = {23E82FFA-42A4-4648-BAE3-F76AD50D81B4}
		{5F435DC1-92A6-4492-8C73-489CDDEF4890} = {08311B1F-2C54-4621-9ADA-7926CCDE60CA}
		{6B01AC2C-AF20-4885-BBA9-9D23A37A3944} = {E2F43170-27F3-47C1-B4A9-1CA8AF78B5DF}
		{8442BDD4-3C21-49D8-A3FF-343F00E74FF9} = {01A4764A-CF62-479A-A7DF-4E018D5C6535}
		{E763FF38-D634-4ED1-9DDE-00C5ECC0B3EB} = {07BDBFDF-C21C-4663-A6B3-5F882E615C2C}
		{DD6B55F6-44DB-4849-B958-9B91A4BCC276} = {3D267270-2571-433C-8A48-4696BA3C2828}
		{355B5210-6FF9-4DC8-BCB6-E7DA979913B1} = {08311B1F-2C54-4621-9ADA-7926CCDE60CA}
		{DEA19A3D-0535-43C9-8AAD-D0B719E464A2} = {ADCD681F-0BB0-47E7-8A94-73176ADDC914}
		{1AD7F956-89C4-4D2E-927D-3BD31B211E9C} = {ADCD681F-0BB0-47E7-8A94-73176ADDC914}
		{611B234C-E10D-44D7-A5A8-750AA2DFD6D3} = {5D8D05B2-3256-4362-BA4E-934699EE24F4}
		{9CC9B520-CA29-410A-AE69-B1C4AFA2B98E} = {1AD7F956-89C4-4D2E-927D-3BD31B211E9C}
		{ED17770A-B107-4334-86C5-13614D0D6784} = {611B234C-E10D-44D7-A5A8-750AA2DFD6D3}
		{6BFDFAA9-0CC4-4BDD-90CC-F38BEDBD55D2} = {611B234C-E10D-44D7-A5A8-750AA2DFD6D3}
		{A0A288C1-E926-4D23-96D4-36D844B819DB} = {F8315370-45D2-4CA7-A236-160A4E221679}
		{C1BFF4FF-96E6-4762-9EA1-67B4DF87F060} = {A0A288C1-E926-4D23-96D4-36D844B819DB}
		{CDC0FD34-0769-41AC-B9C4-65D5640A7C35} = {5D8D05B2-3256-4362-BA4E-934699EE24F4}
		{F9DD4E63-CDC1-4264-BA2E-30E8A8064C6D} = {CDC0FD34-0769-41AC-B9C4-65D5640A7C35}
		{A6D25EB3-A680-4878-BEBD-EB03551DB404} = {CDC0FD34-0769-41AC-B9C4-65D5640A7C35}
		{D1E2A165-7E15-47E1-9ABA-B55DD5F6E878} = {DEA19A3D-0535-43C9-8AAD-D0B719E464A2}
		{95454EE3-C8F0-404F-B40D-C288AA671FD2} = {617334C1-DDE1-4B76-8461-F56620337D4C}
		{8830930E-E475-43CC-8F6F-B114230B695B} = {95454EE3-C8F0-404F-B40D-C288AA671FD2}
		{CA47EE58-C37D-46BC-A386-3EE17C1EDEAD} = {95454EE3-C8F0-404F-B40D-C288AA671FD2}
		{E4563483-01E4-486A-BDB3-B21B5365A6BD} = {617334C1-DDE1-4B76-8461-F56620337D4C}
		{254E50A3-2ABD-40FB-A1D0-C4C0F6051685} = {E4563483-01E4-486A-BDB3-B21B5365A6BD}
		{1DBE2687-EB02-4020-943A-89916D8AD0EE} = {16BF8322-1E9F-4D3E-B269-1512D348376A}
		{17434B99-254D-49BC-894D-74CB1C918599} = {E4563483-01E4-486A-BDB3-B21B5365A6BD}
		{9A0F297E-6344-46FB-AD09-752736D29B43} = {27283798-E3D6-4A61-AB4E-6FE433D2B776}
		{7A66A395-8481-4BDF-BB3C-F03B13A45F9F} = {9A0F297E-6344-46FB-AD09-752736D29B43}
		{508FE54B-C7FE-4FE9-8528-C84B1124366D} = {9A0F297E-6344-46FB-AD09-752736D29B43}
	EndGlobalSection
EndGlobal
