
Microsoft Visual Studio Solution File, Format Version 12.00
# Visual Studio 15
VisualStudioVersion = 15.0.27130.2026
MinimumVisualStudioVersion = 10.0.40219.1
Project("{2150E333-8FDC-42A3-9474-1A3956D46DE8}") = "0.Utils", "0.Utils", "{74C897E3-0223-44F9-ADAA-973710108819}"
EndProject
Project("{2150E333-8FDC-42A3-9474-1A3956D46DE8}") = "1.Simple", "1.Simple", "{5B5F2A33-A4F5-4332-AC71-C9956B368F83}"
EndProject
Project("{2150E333-8FDC-42A3-9474-1A3956D46DE8}") = "2.Imaging", "2.Imaging", "{292DC21A-E8CC-4ACE-90A8-79E879A88E8A}"
EndProject
Project("{2150E333-8FDC-42A3-9474-1A3956D46DE8}") = "3.Maths", "3.Maths", "{F08F3D68-C739-4F06-A7D1-FD9D435270C4}"
EndProject
Project("{2150E333-8FDC-42A3-9474-1A3956D46DE8}") = "4.Finance", "4.Finance", "{E52ACEB9-B87D-4ECF-9BF7-3F16F68CCDE4}"
EndProject
Project("{2150E333-8FDC-42A3-9474-1A3956D46DE8}") = "Libraries", "Libraries", "{BBF51BF0-C963-4459-86F8-AE1A797BDB3C}"
EndProject
Project("{2150E333-8FDC-42A3-9474-1A3956D46DE8}") = "Utilities", "Utilities", "{5DD5B0CD-630F-4AFC-8DCB-50B55D191F31}"
EndProject
Project("{2150E333-8FDC-42A3-9474-1A3956D46DE8}") = "HelloWorld", "HelloWorld", "{5D269EB7-C909-4953-9B8E-FA6C0075F67D}"
EndProject
Project("{2150E333-8FDC-42A3-9474-1A3956D46DE8}") = "Malloc", "Malloc", "{786EF195-CAF9-4163-839D-D6E5B714B661}"
EndProject
Project("{2150E333-8FDC-42A3-9474-1A3956D46DE8}") = "Mandelbrot", "Mandelbrot", "{3A1A0709-F1AC-4DAE-AF88-DEE1B87A728E}"
EndProject
Project("{2150E333-8FDC-42A3-9474-1A3956D46DE8}") = "Printf", "Printf", "{FC2B5C8B-40F5-4090-83FC-960292F7B710}"
EndProject
Project("{2150E333-8FDC-42A3-9474-1A3956D46DE8}") = "Sobel", "Sobel", "{17DAC534-CC60-4DD6-8955-7E7EF7EA3BB8}"
EndProject
Project("{2150E333-8FDC-42A3-9474-1A3956D46DE8}") = "Sobel_2D", "Sobel_2D", "{B792EED9-4427-4400-A2EC-D0FD9747045B}"
EndProject
Project("{2150E333-8FDC-42A3-9474-1A3956D46DE8}") = "Sobel_Lock", "Sobel_Lock", "{952C9FDE-7004-4D16-A729-9384F7F7DEC4}"
EndProject
Project("{2150E333-8FDC-42A3-9474-1A3956D46DE8}") = "ConjugateGradient", "ConjugateGradient", "{2104B462-9336-4A86-95A8-45699157BDAE}"
EndProject
Project("{2150E333-8FDC-42A3-9474-1A3956D46DE8}") = "MonteCarloHeatEquation", "MonteCarloHeatEquation", "{78AD5BE5-7C92-49CA-A6B0-1468DF5443FC}"
EndProject
Project("{2150E333-8FDC-42A3-9474-1A3956D46DE8}") = "NaiveMatrix", "NaiveMatrix", "{591BE2C6-C9CA-4E5E-8535-0E87840297D0}"
EndProject
Project("{2150E333-8FDC-42A3-9474-1A3956D46DE8}") = "Newton", "Newton", "{1A94279C-69FD-4A85-9107-900685813110}"
EndProject
Project("{2150E333-8FDC-42A3-9474-1A3956D46DE8}") = "SharedMatrix", "SharedMatrix", "{A91BBC83-4BD4-49CF-AF87-7A273F966171}"
EndProject
Project("{2150E333-8FDC-42A3-9474-1A3956D46DE8}") = "SparseMatrix", "SparseMatrix", "{259B09D3-7BAE-4C86-ABED-D03E4A74765D}"
EndProject
Project("{2150E333-8FDC-42A3-9474-1A3956D46DE8}") = "BlackScholes", "BlackScholes", "{72B6885D-86DC-44F1-87A6-750AD6CECD9C}"
EndProject
Project("{2150E333-8FDC-42A3-9474-1A3956D46DE8}") = "BlackScholesFloat4", "BlackScholesFloat4", "{B0769215-D37A-4A5F-917E-C3C31AC4BE6D}"
EndProject
Project("{2150E333-8FDC-42A3-9474-1A3956D46DE8}") = "HybridizerCudaReduction", "HybridizerCudaReduction", "{62A97AA7-C7F5-4509-8D70-5ED151D2CD28}"
EndProject
Project("{FAE04EC0-301F-11D3-BF4B-00C04F79EFBC}") = "Utilities.vs2017", "0.Utils\Utilities\Utilities.vs2017.csproj", "{72DCA81A-6225-4A58-89A7-B234AD6B74E5}"
EndProject
Project("{FAE04EC0-301F-11D3-BF4B-00C04F79EFBC}") = "HelloWorld.vs2017", "1.Simple\HelloWorld\HelloWorld\HelloWorld.vs2017.csproj", "{58413032-E2E2-4ED4-BDA4-8BE99FAF8893}"
EndProject
Project("{FAE04EC0-301F-11D3-BF4B-00C04F79EFBC}") = "Malloc.vs2017", "1.Simple\Malloc\Malloc\Malloc.vs2017.csproj", "{30218056-FFFB-4B9E-ADE8-09368B9CFFB4}"
EndProject
Project("{FAE04EC0-301F-11D3-BF4B-00C04F79EFBC}") = "Mandelbrot.vs2017", "1.Simple\Mandelbrot\Mandelbrot\Mandelbrot.vs2017.csproj", "{074A1A92-1ED0-4E39-9056-D6A657AD1D37}"
EndProject
Project("{FAE04EC0-301F-11D3-BF4B-00C04F79EFBC}") = "SimplePrintf.vs2017", "1.Simple\Printf\SimplePrintf\SimplePrintf.vs2017.csproj", "{722D34C0-3CE1-46CE-A909-9241192A083B}"
EndProject
Project("{FAE04EC0-301F-11D3-BF4B-00C04F79EFBC}") = "Sobel.vs2017", "2.Imaging\Sobel\Sobel\Sobel.vs2017.csproj", "{7F69A81A-AAEA-419B-8DD8-6248B8ACBC14}"
EndProject
Project("{FAE04EC0-301F-11D3-BF4B-00C04F79EFBC}") = "Sobel_2D.vs2017", "2.Imaging\Sobel_2D\Sobel_2D\Sobel_2D.vs2017.csproj", "{F62C6538-0112-4ADA-AADB-24B8D5E71B56}"
EndProject
Project("{FAE04EC0-301F-11D3-BF4B-00C04F79EFBC}") = "Sobel_Lock.vs2017", "2.Imaging\Sobel_Lock\Sobel_Lock\Sobel_Lock.vs2017.csproj", "{3E309830-8E1E-443E-810D-61CB4BC6A3D3}"
EndProject
Project("{FAE04EC0-301F-11D3-BF4B-00C04F79EFBC}") = "ConjugateGradient.vs2017", "3.Maths\ConjugateGradient\ConjugateGradient\ConjugateGradient.vs2017.csproj", "{ABFB7BD3-3A2C-48D4-AD64-1C143542AAFA}"
	ProjectSection(ProjectDependencies) = postProject
		{C1BFF4FF-96E6-4762-9EA1-67B4DF87F060} = {C1BFF4FF-96E6-4762-9EA1-67B4DF87F060}
	EndProjectSection
EndProject
Project("{FAE04EC0-301F-11D3-BF4B-00C04F79EFBC}") = "MonteCarloHeatEquation.vs2017", "3.Maths\MonteCarloHeatEquation\MonteCarloHeatEquation\MonteCarloHeatEquation.vs2017.csproj", "{33F18D05-0E35-4FA4-B683-8FB66B4F2A43}"
EndProject
Project("{FAE04EC0-301F-11D3-BF4B-00C04F79EFBC}") = "NaiveMatrix.vs2017", "3.Maths\NaiveMatrix\NaiveMatrix\NaiveMatrix.vs2017.csproj", "{FF163A30-6248-4CB0-85D8-1D0BA243E278}"
EndProject
Project("{FAE04EC0-301F-11D3-BF4B-00C04F79EFBC}") = "Newton.vs2017", "3.Maths\Newton\Newton\Newton.vs2017.csproj", "{F865039A-5C8C-41FA-9E78-6713B517EA73}"
EndProject
Project("{FAE04EC0-301F-11D3-BF4B-00C04F79EFBC}") = "SharedMatrix.vs2017", "3.Maths\SharedMatrix\SharedMatrix\SharedMatrix.vs2017.csproj", "{A13DE39B-A599-44B8-A294-757AFB0DC8BB}"
EndProject
Project("{FAE04EC0-301F-11D3-BF4B-00C04F79EFBC}") = "SparseMatrix.vs2017", "3.Maths\SparseMatrix\SparseMatrix\SparseMatrix.vs2017.csproj", "{E2B55BD4-9BD8-46B2-954E-42E5BC27B1EC}"
EndProject
Project("{FAE04EC0-301F-11D3-BF4B-00C04F79EFBC}") = "BlackScholes.vs2017", "4.Finance\BlackScholes\BlackScholes\BlackScholes.vs2017.csproj", "{E5FF91F3-AAAA-40B7-8B93-3AD01AA885AD}"
EndProject
Project("{FAE04EC0-301F-11D3-BF4B-00C04F79EFBC}") = "BlackScholesFloat4.vs2017", "4.Finance\BlackScholesFloat4\BlackScholesFloat4\BlackScholesFloat4.vs2017.csproj", "{8DF6FAA7-682D-49E5-9D83-EFA49781BFFB}"
EndProject
Project("{8BC9CEB8-8B4A-11D0-8D11-00A0C91BC942}") = "hybridizer_cuda_reduction", "Libraries\HybridizerCudaReduction\hybridizer_cuda_reduction.vs2017.vcxproj", "{C1BFF4FF-96E6-4762-9EA1-67B4DF87F060}"
EndProject
Project("{8BC9CEB8-8B4A-11D0-8D11-00A0C91BC942}") = "HelloWorld_CUDA.vs2017", "1.Simple\HelloWorld\HelloWorld_CUDA\HelloWorld_CUDA.vs2017.vcxproj", "{9DA56C89-F3A6-4AE0-846F-A5074477C02D}"
	ProjectSection(ProjectDependencies) = postProject
		{58413032-E2E2-4ED4-BDA4-8BE99FAF8893} = {58413032-E2E2-4ED4-BDA4-8BE99FAF8893}
	EndProjectSection
EndProject
Project("{8BC9CEB8-8B4A-11D0-8D11-00A0C91BC942}") = "Malloc_CUDA.vs2017", "1.Simple\Malloc\Malloc_CUDA\Malloc_CUDA.vs2017.vcxproj", "{B10DCB70-0CE0-462A-99EB-136323A749B6}"
	ProjectSection(ProjectDependencies) = postProject
		{30218056-FFFB-4B9E-ADE8-09368B9CFFB4} = {30218056-FFFB-4B9E-ADE8-09368B9CFFB4}
	EndProjectSection
EndProject
Project("{8BC9CEB8-8B4A-11D0-8D11-00A0C91BC942}") = "Mandelbrot_CUDA.vs2017", "1.Simple\Mandelbrot\Mandelbrot_CUDA\Mandelbrot_CUDA.vs2017.vcxproj", "{173CBB23-49E9-4635-959A-D00435A8D38E}"
	ProjectSection(ProjectDependencies) = postProject
		{074A1A92-1ED0-4E39-9056-D6A657AD1D37} = {074A1A92-1ED0-4E39-9056-D6A657AD1D37}
	EndProjectSection
EndProject
Project("{8BC9CEB8-8B4A-11D0-8D11-00A0C91BC942}") = "SimplePrintf_CUDA.vs2017", "1.Simple\Printf\SimplePrintf_CUDA\SimplePrintf_CUDA.vs2017.vcxproj", "{7CED740B-DD29-4677-B8BC-E49ADB1420B0}"
	ProjectSection(ProjectDependencies) = postProject
		{722D34C0-3CE1-46CE-A909-9241192A083B} = {722D34C0-3CE1-46CE-A909-9241192A083B}
	EndProjectSection
EndProject
Project("{8BC9CEB8-8B4A-11D0-8D11-00A0C91BC942}") = "Sobel_CUDA.vs2017", "2.Imaging\Sobel\Sobel_CUDA\Sobel_CUDA.vs2017.vcxproj", "{E135E114-5177-48C7-8814-47B8E63A224A}"
	ProjectSection(ProjectDependencies) = postProject
		{7F69A81A-AAEA-419B-8DD8-6248B8ACBC14} = {7F69A81A-AAEA-419B-8DD8-6248B8ACBC14}
	EndProjectSection
EndProject
Project("{8BC9CEB8-8B4A-11D0-8D11-00A0C91BC942}") = "Sobel_2D_CUDA.vs2017", "2.Imaging\Sobel_2D\Sobel_2D_CUDA\Sobel_2D_CUDA.vs2017.vcxproj", "{420BE7CA-484B-4A1F-A550-04D8818A94B1}"
	ProjectSection(ProjectDependencies) = postProject
		{F62C6538-0112-4ADA-AADB-24B8D5E71B56} = {F62C6538-0112-4ADA-AADB-24B8D5E71B56}
	EndProjectSection
EndProject
Project("{8BC9CEB8-8B4A-11D0-8D11-00A0C91BC942}") = "Sobel_Lock_CUDA.vs2017", "2.Imaging\Sobel_Lock\Sobel_Lock_CUDA\Sobel_Lock_CUDA.vs2017.vcxproj", "{A2DEF462-6D30-4003-9CD5-111393C45E80}"
	ProjectSection(ProjectDependencies) = postProject
		{3E309830-8E1E-443E-810D-61CB4BC6A3D3} = {3E309830-8E1E-443E-810D-61CB4BC6A3D3}
	EndProjectSection
EndProject
Project("{8BC9CEB8-8B4A-11D0-8D11-00A0C91BC942}") = "ConjugateGradient_CUDA.vs2017", "3.Maths\ConjugateGradient\ConjugateGradient_CUDA\ConjugateGradient_CUDA.vs2017.vcxproj", "{D8010132-61A4-4164-8BC6-C29E1CB19127}"
	ProjectSection(ProjectDependencies) = postProject
		{ABFB7BD3-3A2C-48D4-AD64-1C143542AAFA} = {ABFB7BD3-3A2C-48D4-AD64-1C143542AAFA}
	EndProjectSection
EndProject
Project("{8BC9CEB8-8B4A-11D0-8D11-00A0C91BC942}") = "MonteCarloHeatEquation_CUDA.vs2017", "3.Maths\MonteCarloHeatEquation\MonteCarloHeatEquation_CUDA\MonteCarloHeatEquation_CUDA.vs2017.vcxproj", "{011FA30F-72BD-4757-BFB9-5A7724C30FED}"
	ProjectSection(ProjectDependencies) = postProject
		{33F18D05-0E35-4FA4-B683-8FB66B4F2A43} = {33F18D05-0E35-4FA4-B683-8FB66B4F2A43}
	EndProjectSection
EndProject
Project("{8BC9CEB8-8B4A-11D0-8D11-00A0C91BC942}") = "NaiveMatrix_CUDA.vs2017", "3.Maths\NaiveMatrix\NaiveMatrix_CUDA\NaiveMatrix_CUDA.vs2017.vcxproj", "{2EAA5AD1-9860-4A90-ABD1-B1A3972C7230}"
	ProjectSection(ProjectDependencies) = postProject
		{FF163A30-6248-4CB0-85D8-1D0BA243E278} = {FF163A30-6248-4CB0-85D8-1D0BA243E278}
	EndProjectSection
EndProject
Project("{8BC9CEB8-8B4A-11D0-8D11-00A0C91BC942}") = "Newton_CUDA.vs2017", "3.Maths\Newton\Newton_CUDA\Newton_CUDA.vs2017.vcxproj", "{777162E3-2674-44FD-A104-B88232E69B82}"
	ProjectSection(ProjectDependencies) = postProject
		{F865039A-5C8C-41FA-9E78-6713B517EA73} = {F865039A-5C8C-41FA-9E78-6713B517EA73}
	EndProjectSection
EndProject
Project("{8BC9CEB8-8B4A-11D0-8D11-00A0C91BC942}") = "SharedMatrix_CUDA.vs2017", "3.Maths\SharedMatrix\SharedMatrix_CUDA\SharedMatrix_CUDA.vs2017.vcxproj", "{BA3773E9-D531-4BEF-B5DC-BEDA6D9E3AEF}"
	ProjectSection(ProjectDependencies) = postProject
		{A13DE39B-A599-44B8-A294-757AFB0DC8BB} = {A13DE39B-A599-44B8-A294-757AFB0DC8BB}
	EndProjectSection
EndProject
Project("{8BC9CEB8-8B4A-11D0-8D11-00A0C91BC942}") = "SparseMatrix_CUDA.vs2017", "3.Maths\SparseMatrix\SparseMatrix_CUDA\SparseMatrix_CUDA.vs2017.vcxproj", "{97B4AAA9-3D66-4A00-B134-CDDD769861F2}"
	ProjectSection(ProjectDependencies) = postProject
		{E2B55BD4-9BD8-46B2-954E-42E5BC27B1EC} = {E2B55BD4-9BD8-46B2-954E-42E5BC27B1EC}
	EndProjectSection
EndProject
Project("{8BC9CEB8-8B4A-11D0-8D11-00A0C91BC942}") = "BlackScholes_CUDA.vs2017", "4.Finance\BlackScholes\BlackScholes_CUDA\BlackScholes_CUDA.vs2017.vcxproj", "{87C80BDB-9F37-484E-B7A9-44803DBD992E}"
	ProjectSection(ProjectDependencies) = postProject
		{E5FF91F3-AAAA-40B7-8B93-3AD01AA885AD} = {E5FF91F3-AAAA-40B7-8B93-3AD01AA885AD}
	EndProjectSection
EndProject
Project("{8BC9CEB8-8B4A-11D0-8D11-00A0C91BC942}") = "BlackScholesFloat4_CUDA.vs2017", "4.Finance\BlackScholesFloat4\BlackScholesFloat4_CUDA\BlackScholesFloat4_CUDA.vs2017.vcxproj", "{5D3CBBCD-ACFF-4AE8-8586-E4AD63E1FFAC}"
	ProjectSection(ProjectDependencies) = postProject
		{8DF6FAA7-682D-49E5-9D83-EFA49781BFFB} = {8DF6FAA7-682D-49E5-9D83-EFA49781BFFB}
	EndProjectSection
EndProject
Project("{2150E333-8FDC-42A3-9474-1A3956D46DE8}") = "Intrinsics", "Intrinsics", "{07481BED-4D87-4B89-B542-7F32B83B87C0}"
EndProject
Project("{FAE04EC0-301F-11D3-BF4B-00C04F79EFBC}") = "Intrinsics", "1.Simple\Intrinsics\Intrinsics\Intrinsics.csproj", "{C039CEB0-582F-4A5A-8568-EC4E15B7BD2E}"
EndProject
Project("{8BC9CEB8-8B4A-11D0-8D11-00A0C91BC942}") = "Intrinsics_CUDA.vs2017", "1.Simple\Intrinsics\Intrinsics_CUDA\Intrinsics_CUDA.vs2017.vcxproj", "{729CBB6A-7F61-46BF-B996-20540F21CB84}"
EndProject
Global
	GlobalSection(SolutionConfigurationPlatforms) = preSolution
		Debug|x64 = Debug|x64
		Release|x64 = Release|x64
	EndGlobalSection
	GlobalSection(ProjectConfigurationPlatforms) = postSolution
		{72DCA81A-6225-4A58-89A7-B234AD6B74E5}.Debug|x64.ActiveCfg = Debug|x64
		{72DCA81A-6225-4A58-89A7-B234AD6B74E5}.Debug|x64.Build.0 = Debug|x64
		{72DCA81A-6225-4A58-89A7-B234AD6B74E5}.Release|x64.ActiveCfg = Release|x64
		{72DCA81A-6225-4A58-89A7-B234AD6B74E5}.Release|x64.Build.0 = Release|x64
		{58413032-E2E2-4ED4-BDA4-8BE99FAF8893}.Debug|x64.ActiveCfg = Debug|x64
		{58413032-E2E2-4ED4-BDA4-8BE99FAF8893}.Debug|x64.Build.0 = Debug|x64
		{58413032-E2E2-4ED4-BDA4-8BE99FAF8893}.Release|x64.ActiveCfg = Release|x64
		{58413032-E2E2-4ED4-BDA4-8BE99FAF8893}.Release|x64.Build.0 = Release|x64
		{30218056-FFFB-4B9E-ADE8-09368B9CFFB4}.Debug|x64.ActiveCfg = Debug|x64
		{30218056-FFFB-4B9E-ADE8-09368B9CFFB4}.Debug|x64.Build.0 = Debug|x64
		{30218056-FFFB-4B9E-ADE8-09368B9CFFB4}.Release|x64.ActiveCfg = Release|x64
		{30218056-FFFB-4B9E-ADE8-09368B9CFFB4}.Release|x64.Build.0 = Release|x64
		{074A1A92-1ED0-4E39-9056-D6A657AD1D37}.Debug|x64.ActiveCfg = Debug|x64
		{074A1A92-1ED0-4E39-9056-D6A657AD1D37}.Debug|x64.Build.0 = Debug|x64
		{074A1A92-1ED0-4E39-9056-D6A657AD1D37}.Release|x64.ActiveCfg = Release|x64
		{074A1A92-1ED0-4E39-9056-D6A657AD1D37}.Release|x64.Build.0 = Release|x64
		{722D34C0-3CE1-46CE-A909-9241192A083B}.Debug|x64.ActiveCfg = Debug|x64
		{722D34C0-3CE1-46CE-A909-9241192A083B}.Debug|x64.Build.0 = Debug|x64
		{722D34C0-3CE1-46CE-A909-9241192A083B}.Release|x64.ActiveCfg = Release|x64
		{722D34C0-3CE1-46CE-A909-9241192A083B}.Release|x64.Build.0 = Release|x64
		{7F69A81A-AAEA-419B-8DD8-6248B8ACBC14}.Debug|x64.ActiveCfg = Debug|x64
		{7F69A81A-AAEA-419B-8DD8-6248B8ACBC14}.Debug|x64.Build.0 = Debug|x64
		{7F69A81A-AAEA-419B-8DD8-6248B8ACBC14}.Release|x64.ActiveCfg = Release|x64
		{7F69A81A-AAEA-419B-8DD8-6248B8ACBC14}.Release|x64.Build.0 = Release|x64
		{F62C6538-0112-4ADA-AADB-24B8D5E71B56}.Debug|x64.ActiveCfg = Debug|x64
		{F62C6538-0112-4ADA-AADB-24B8D5E71B56}.Debug|x64.Build.0 = Debug|x64
		{F62C6538-0112-4ADA-AADB-24B8D5E71B56}.Release|x64.ActiveCfg = Release|x64
		{F62C6538-0112-4ADA-AADB-24B8D5E71B56}.Release|x64.Build.0 = Release|x64
		{3E309830-8E1E-443E-810D-61CB4BC6A3D3}.Debug|x64.ActiveCfg = Debug|x64
		{3E309830-8E1E-443E-810D-61CB4BC6A3D3}.Debug|x64.Build.0 = Debug|x64
		{3E309830-8E1E-443E-810D-61CB4BC6A3D3}.Release|x64.ActiveCfg = Release|x64
		{3E309830-8E1E-443E-810D-61CB4BC6A3D3}.Release|x64.Build.0 = Release|x64
		{ABFB7BD3-3A2C-48D4-AD64-1C143542AAFA}.Debug|x64.ActiveCfg = Debug|x64
		{ABFB7BD3-3A2C-48D4-AD64-1C143542AAFA}.Debug|x64.Build.0 = Debug|x64
		{ABFB7BD3-3A2C-48D4-AD64-1C143542AAFA}.Release|x64.ActiveCfg = Release|x64
		{ABFB7BD3-3A2C-48D4-AD64-1C143542AAFA}.Release|x64.Build.0 = Release|x64
		{33F18D05-0E35-4FA4-B683-8FB66B4F2A43}.Debug|x64.ActiveCfg = Debug|x64
		{33F18D05-0E35-4FA4-B683-8FB66B4F2A43}.Debug|x64.Build.0 = Debug|x64
		{33F18D05-0E35-4FA4-B683-8FB66B4F2A43}.Release|x64.ActiveCfg = Release|x64
		{33F18D05-0E35-4FA4-B683-8FB66B4F2A43}.Release|x64.Build.0 = Release|x64
		{FF163A30-6248-4CB0-85D8-1D0BA243E278}.Debug|x64.ActiveCfg = Debug|x64
		{FF163A30-6248-4CB0-85D8-1D0BA243E278}.Debug|x64.Build.0 = Debug|x64
		{FF163A30-6248-4CB0-85D8-1D0BA243E278}.Release|x64.ActiveCfg = Release|x64
		{FF163A30-6248-4CB0-85D8-1D0BA243E278}.Release|x64.Build.0 = Release|x64
		{F865039A-5C8C-41FA-9E78-6713B517EA73}.Debug|x64.ActiveCfg = Debug|x64
		{F865039A-5C8C-41FA-9E78-6713B517EA73}.Debug|x64.Build.0 = Debug|x64
		{F865039A-5C8C-41FA-9E78-6713B517EA73}.Release|x64.ActiveCfg = Release|x64
		{F865039A-5C8C-41FA-9E78-6713B517EA73}.Release|x64.Build.0 = Release|x64
		{A13DE39B-A599-44B8-A294-757AFB0DC8BB}.Debug|x64.ActiveCfg = Debug|x64
		{A13DE39B-A599-44B8-A294-757AFB0DC8BB}.Debug|x64.Build.0 = Debug|x64
		{A13DE39B-A599-44B8-A294-757AFB0DC8BB}.Release|x64.ActiveCfg = Release|x64
		{A13DE39B-A599-44B8-A294-757AFB0DC8BB}.Release|x64.Build.0 = Release|x64
		{E2B55BD4-9BD8-46B2-954E-42E5BC27B1EC}.Debug|x64.ActiveCfg = Debug|x64
		{E2B55BD4-9BD8-46B2-954E-42E5BC27B1EC}.Debug|x64.Build.0 = Debug|x64
		{E2B55BD4-9BD8-46B2-954E-42E5BC27B1EC}.Release|x64.ActiveCfg = Release|x64
		{E2B55BD4-9BD8-46B2-954E-42E5BC27B1EC}.Release|x64.Build.0 = Release|x64
		{E5FF91F3-AAAA-40B7-8B93-3AD01AA885AD}.Debug|x64.ActiveCfg = Debug|x64
		{E5FF91F3-AAAA-40B7-8B93-3AD01AA885AD}.Debug|x64.Build.0 = Debug|x64
		{E5FF91F3-AAAA-40B7-8B93-3AD01AA885AD}.Release|x64.ActiveCfg = Release|x64
		{E5FF91F3-AAAA-40B7-8B93-3AD01AA885AD}.Release|x64.Build.0 = Release|x64
		{8DF6FAA7-682D-49E5-9D83-EFA49781BFFB}.Debug|x64.ActiveCfg = Debug|x64
		{8DF6FAA7-682D-49E5-9D83-EFA49781BFFB}.Debug|x64.Build.0 = Debug|x64
		{8DF6FAA7-682D-49E5-9D83-EFA49781BFFB}.Release|x64.ActiveCfg = Release|x64
		{8DF6FAA7-682D-49E5-9D83-EFA49781BFFB}.Release|x64.Build.0 = Release|x64
		{C1BFF4FF-96E6-4762-9EA1-67B4DF87F060}.Debug|x64.ActiveCfg = Debug|x64
		{C1BFF4FF-96E6-4762-9EA1-67B4DF87F060}.Debug|x64.Build.0 = Debug|x64
		{C1BFF4FF-96E6-4762-9EA1-67B4DF87F060}.Release|x64.ActiveCfg = Release|x64
		{C1BFF4FF-96E6-4762-9EA1-67B4DF87F060}.Release|x64.Build.0 = Release|x64
		{9DA56C89-F3A6-4AE0-846F-A5074477C02D}.Debug|x64.ActiveCfg = Debug|x64
		{9DA56C89-F3A6-4AE0-846F-A5074477C02D}.Debug|x64.Build.0 = Debug|x64
		{9DA56C89-F3A6-4AE0-846F-A5074477C02D}.Release|x64.ActiveCfg = Release|x64
		{9DA56C89-F3A6-4AE0-846F-A5074477C02D}.Release|x64.Build.0 = Release|x64
		{B10DCB70-0CE0-462A-99EB-136323A749B6}.Debug|x64.ActiveCfg = Debug|x64
		{B10DCB70-0CE0-462A-99EB-136323A749B6}.Debug|x64.Build.0 = Debug|x64
		{B10DCB70-0CE0-462A-99EB-136323A749B6}.Release|x64.ActiveCfg = Release|x64
		{B10DCB70-0CE0-462A-99EB-136323A749B6}.Release|x64.Build.0 = Release|x64
		{173CBB23-49E9-4635-959A-D00435A8D38E}.Debug|x64.ActiveCfg = Debug|x64
		{173CBB23-49E9-4635-959A-D00435A8D38E}.Debug|x64.Build.0 = Debug|x64
		{173CBB23-49E9-4635-959A-D00435A8D38E}.Release|x64.ActiveCfg = Release|x64
		{173CBB23-49E9-4635-959A-D00435A8D38E}.Release|x64.Build.0 = Release|x64
		{7CED740B-DD29-4677-B8BC-E49ADB1420B0}.Debug|x64.ActiveCfg = Debug|x64
		{7CED740B-DD29-4677-B8BC-E49ADB1420B0}.Debug|x64.Build.0 = Debug|x64
		{7CED740B-DD29-4677-B8BC-E49ADB1420B0}.Release|x64.ActiveCfg = Release|x64
		{7CED740B-DD29-4677-B8BC-E49ADB1420B0}.Release|x64.Build.0 = Release|x64
		{E135E114-5177-48C7-8814-47B8E63A224A}.Debug|x64.ActiveCfg = Debug|x64
		{E135E114-5177-48C7-8814-47B8E63A224A}.Debug|x64.Build.0 = Debug|x64
		{E135E114-5177-48C7-8814-47B8E63A224A}.Release|x64.ActiveCfg = Release|x64
		{E135E114-5177-48C7-8814-47B8E63A224A}.Release|x64.Build.0 = Release|x64
		{420BE7CA-484B-4A1F-A550-04D8818A94B1}.Debug|x64.ActiveCfg = Debug|x64
		{420BE7CA-484B-4A1F-A550-04D8818A94B1}.Debug|x64.Build.0 = Debug|x64
		{420BE7CA-484B-4A1F-A550-04D8818A94B1}.Release|x64.ActiveCfg = Release|x64
		{420BE7CA-484B-4A1F-A550-04D8818A94B1}.Release|x64.Build.0 = Release|x64
		{A2DEF462-6D30-4003-9CD5-111393C45E80}.Debug|x64.ActiveCfg = Debug|x64
		{A2DEF462-6D30-4003-9CD5-111393C45E80}.Debug|x64.Build.0 = Debug|x64
		{A2DEF462-6D30-4003-9CD5-111393C45E80}.Release|x64.ActiveCfg = Release|x64
		{A2DEF462-6D30-4003-9CD5-111393C45E80}.Release|x64.Build.0 = Release|x64
		{D8010132-61A4-4164-8BC6-C29E1CB19127}.Debug|x64.ActiveCfg = Debug|x64
		{D8010132-61A4-4164-8BC6-C29E1CB19127}.Debug|x64.Build.0 = Debug|x64
		{D8010132-61A4-4164-8BC6-C29E1CB19127}.Release|x64.ActiveCfg = Release|x64
		{D8010132-61A4-4164-8BC6-C29E1CB19127}.Release|x64.Build.0 = Release|x64
		{011FA30F-72BD-4757-BFB9-5A7724C30FED}.Debug|x64.ActiveCfg = Debug|x64
		{011FA30F-72BD-4757-BFB9-5A7724C30FED}.Debug|x64.Build.0 = Debug|x64
		{011FA30F-72BD-4757-BFB9-5A7724C30FED}.Release|x64.ActiveCfg = Release|x64
		{011FA30F-72BD-4757-BFB9-5A7724C30FED}.Release|x64.Build.0 = Release|x64
		{2EAA5AD1-9860-4A90-ABD1-B1A3972C7230}.Debug|x64.ActiveCfg = Debug|x64
		{2EAA5AD1-9860-4A90-ABD1-B1A3972C7230}.Debug|x64.Build.0 = Debug|x64
		{2EAA5AD1-9860-4A90-ABD1-B1A3972C7230}.Release|x64.ActiveCfg = Release|x64
		{2EAA5AD1-9860-4A90-ABD1-B1A3972C7230}.Release|x64.Build.0 = Release|x64
		{777162E3-2674-44FD-A104-B88232E69B82}.Debug|x64.ActiveCfg = Debug|x64
		{777162E3-2674-44FD-A104-B88232E69B82}.Debug|x64.Build.0 = Debug|x64
		{777162E3-2674-44FD-A104-B88232E69B82}.Release|x64.ActiveCfg = Release|x64
		{777162E3-2674-44FD-A104-B88232E69B82}.Release|x64.Build.0 = Release|x64
		{BA3773E9-D531-4BEF-B5DC-BEDA6D9E3AEF}.Debug|x64.ActiveCfg = Debug|x64
		{BA3773E9-D531-4BEF-B5DC-BEDA6D9E3AEF}.Debug|x64.Build.0 = Debug|x64
		{BA3773E9-D531-4BEF-B5DC-BEDA6D9E3AEF}.Release|x64.ActiveCfg = Release|x64
		{BA3773E9-D531-4BEF-B5DC-BEDA6D9E3AEF}.Release|x64.Build.0 = Release|x64
		{97B4AAA9-3D66-4A00-B134-CDDD769861F2}.Debug|x64.ActiveCfg = Debug|x64
		{97B4AAA9-3D66-4A00-B134-CDDD769861F2}.Debug|x64.Build.0 = Debug|x64
		{97B4AAA9-3D66-4A00-B134-CDDD769861F2}.Release|x64.ActiveCfg = Release|x64
		{97B4AAA9-3D66-4A00-B134-CDDD769861F2}.Release|x64.Build.0 = Release|x64
		{87C80BDB-9F37-484E-B7A9-44803DBD992E}.Debug|x64.ActiveCfg = Debug|x64
		{87C80BDB-9F37-484E-B7A9-44803DBD992E}.Debug|x64.Build.0 = Debug|x64
		{87C80BDB-9F37-484E-B7A9-44803DBD992E}.Release|x64.ActiveCfg = Release|x64
		{87C80BDB-9F37-484E-B7A9-44803DBD992E}.Release|x64.Build.0 = Release|x64
		{5D3CBBCD-ACFF-4AE8-8586-E4AD63E1FFAC}.Debug|x64.ActiveCfg = Debug|x64
		{5D3CBBCD-ACFF-4AE8-8586-E4AD63E1FFAC}.Debug|x64.Build.0 = Debug|x64
		{5D3CBBCD-ACFF-4AE8-8586-E4AD63E1FFAC}.Release|x64.ActiveCfg = Release|x64
		{5D3CBBCD-ACFF-4AE8-8586-E4AD63E1FFAC}.Release|x64.Build.0 = Release|x64
		{C039CEB0-582F-4A5A-8568-EC4E15B7BD2E}.Debug|x64.ActiveCfg = Debug|x64
		{C039CEB0-582F-4A5A-8568-EC4E15B7BD2E}.Release|x64.ActiveCfg = Release|x64
		{729CBB6A-7F61-46BF-B996-20540F21CB84}.Debug|x64.ActiveCfg = Debug|x64
		{729CBB6A-7F61-46BF-B996-20540F21CB84}.Release|x64.ActiveCfg = Release|x64
	EndGlobalSection
	GlobalSection(SolutionProperties) = preSolution
		HideSolutionNode = FALSE
	EndGlobalSection
	GlobalSection(NestedProjects) = preSolution
		{5DD5B0CD-630F-4AFC-8DCB-50B55D191F31} = {74C897E3-0223-44F9-ADAA-973710108819}
		{5D269EB7-C909-4953-9B8E-FA6C0075F67D} = {5B5F2A33-A4F5-4332-AC71-C9956B368F83}
		{786EF195-CAF9-4163-839D-D6E5B714B661} = {5B5F2A33-A4F5-4332-AC71-C9956B368F83}
		{3A1A0709-F1AC-4DAE-AF88-DEE1B87A728E} = {5B5F2A33-A4F5-4332-AC71-C9956B368F83}
		{FC2B5C8B-40F5-4090-83FC-960292F7B710} = {5B5F2A33-A4F5-4332-AC71-C9956B368F83}
		{17DAC534-CC60-4DD6-8955-7E7EF7EA3BB8} = {292DC21A-E8CC-4ACE-90A8-79E879A88E8A}
		{B792EED9-4427-4400-A2EC-D0FD9747045B} = {292DC21A-E8CC-4ACE-90A8-79E879A88E8A}
		{952C9FDE-7004-4D16-A729-9384F7F7DEC4} = {292DC21A-E8CC-4ACE-90A8-79E879A88E8A}
		{2104B462-9336-4A86-95A8-45699157BDAE} = {F08F3D68-C739-4F06-A7D1-FD9D435270C4}
		{78AD5BE5-7C92-49CA-A6B0-1468DF5443FC} = {F08F3D68-C739-4F06-A7D1-FD9D435270C4}
		{591BE2C6-C9CA-4E5E-8535-0E87840297D0} = {F08F3D68-C739-4F06-A7D1-FD9D435270C4}
		{1A94279C-69FD-4A85-9107-900685813110} = {F08F3D68-C739-4F06-A7D1-FD9D435270C4}
		{A91BBC83-4BD4-49CF-AF87-7A273F966171} = {F08F3D68-C739-4F06-A7D1-FD9D435270C4}
		{259B09D3-7BAE-4C86-ABED-D03E4A74765D} = {F08F3D68-C739-4F06-A7D1-FD9D435270C4}
		{72B6885D-86DC-44F1-87A6-750AD6CECD9C} = {E52ACEB9-B87D-4ECF-9BF7-3F16F68CCDE4}
		{B0769215-D37A-4A5F-917E-C3C31AC4BE6D} = {E52ACEB9-B87D-4ECF-9BF7-3F16F68CCDE4}
		{62A97AA7-C7F5-4509-8D70-5ED151D2CD28} = {BBF51BF0-C963-4459-86F8-AE1A797BDB3C}
		{72DCA81A-6225-4A58-89A7-B234AD6B74E5} = {5DD5B0CD-630F-4AFC-8DCB-50B55D191F31}
		{58413032-E2E2-4ED4-BDA4-8BE99FAF8893} = {5D269EB7-C909-4953-9B8E-FA6C0075F67D}
		{30218056-FFFB-4B9E-ADE8-09368B9CFFB4} = {786EF195-CAF9-4163-839D-D6E5B714B661}
		{074A1A92-1ED0-4E39-9056-D6A657AD1D37} = {3A1A0709-F1AC-4DAE-AF88-DEE1B87A728E}
		{722D34C0-3CE1-46CE-A909-9241192A083B} = {FC2B5C8B-40F5-4090-83FC-960292F7B710}
		{7F69A81A-AAEA-419B-8DD8-6248B8ACBC14} = {17DAC534-CC60-4DD6-8955-7E7EF7EA3BB8}
		{F62C6538-0112-4ADA-AADB-24B8D5E71B56} = {B792EED9-4427-4400-A2EC-D0FD9747045B}
		{3E309830-8E1E-443E-810D-61CB4BC6A3D3} = {952C9FDE-7004-4D16-A729-9384F7F7DEC4}
		{ABFB7BD3-3A2C-48D4-AD64-1C143542AAFA} = {2104B462-9336-4A86-95A8-45699157BDAE}
		{33F18D05-0E35-4FA4-B683-8FB66B4F2A43} = {78AD5BE5-7C92-49CA-A6B0-1468DF5443FC}
		{FF163A30-6248-4CB0-85D8-1D0BA243E278} = {591BE2C6-C9CA-4E5E-8535-0E87840297D0}
		{F865039A-5C8C-41FA-9E78-6713B517EA73} = {1A94279C-69FD-4A85-9107-900685813110}
		{A13DE39B-A599-44B8-A294-757AFB0DC8BB} = {A91BBC83-4BD4-49CF-AF87-7A273F966171}
		{E2B55BD4-9BD8-46B2-954E-42E5BC27B1EC} = {259B09D3-7BAE-4C86-ABED-D03E4A74765D}
		{E5FF91F3-AAAA-40B7-8B93-3AD01AA885AD} = {72B6885D-86DC-44F1-87A6-750AD6CECD9C}
		{8DF6FAA7-682D-49E5-9D83-EFA49781BFFB} = {B0769215-D37A-4A5F-917E-C3C31AC4BE6D}
		{C1BFF4FF-96E6-4762-9EA1-67B4DF87F060} = {62A97AA7-C7F5-4509-8D70-5ED151D2CD28}
		{9DA56C89-F3A6-4AE0-846F-A5074477C02D} = {5D269EB7-C909-4953-9B8E-FA6C0075F67D}
		{B10DCB70-0CE0-462A-99EB-136323A749B6} = {786EF195-CAF9-4163-839D-D6E5B714B661}
		{173CBB23-49E9-4635-959A-D00435A8D38E} = {3A1A0709-F1AC-4DAE-AF88-DEE1B87A728E}
		{7CED740B-DD29-4677-B8BC-E49ADB1420B0} = {FC2B5C8B-40F5-4090-83FC-960292F7B710}
		{E135E114-5177-48C7-8814-47B8E63A224A} = {17DAC534-CC60-4DD6-8955-7E7EF7EA3BB8}
		{420BE7CA-484B-4A1F-A550-04D8818A94B1} = {B792EED9-4427-4400-A2EC-D0FD9747045B}
		{A2DEF462-6D30-4003-9CD5-111393C45E80} = {952C9FDE-7004-4D16-A729-9384F7F7DEC4}
		{D8010132-61A4-4164-8BC6-C29E1CB19127} = {2104B462-9336-4A86-95A8-45699157BDAE}
		{011FA30F-72BD-4757-BFB9-5A7724C30FED} = {78AD5BE5-7C92-49CA-A6B0-1468DF5443FC}
		{2EAA5AD1-9860-4A90-ABD1-B1A3972C7230} = {591BE2C6-C9CA-4E5E-8535-0E87840297D0}
		{777162E3-2674-44FD-A104-B88232E69B82} = {1A94279C-69FD-4A85-9107-900685813110}
		{BA3773E9-D531-4BEF-B5DC-BEDA6D9E3AEF} = {A91BBC83-4BD4-49CF-AF87-7A273F966171}
		{97B4AAA9-3D66-4A00-B134-CDDD769861F2} = {259B09D3-7BAE-4C86-ABED-D03E4A74765D}
		{87C80BDB-9F37-484E-B7A9-44803DBD992E} = {72B6885D-86DC-44F1-87A6-750AD6CECD9C}
		{5D3CBBCD-ACFF-4AE8-8586-E4AD63E1FFAC} = {B0769215-D37A-4A5F-917E-C3C31AC4BE6D}
		{07481BED-4D87-4B89-B542-7F32B83B87C0} = {5B5F2A33-A4F5-4332-AC71-C9956B368F83}
		{C039CEB0-582F-4A5A-8568-EC4E15B7BD2E} = {07481BED-4D87-4B89-B542-7F32B83B87C0}
		{729CBB6A-7F61-46BF-B996-20540F21CB84} = {07481BED-4D87-4B89-B542-7F32B83B87C0}
	EndGlobalSection
	GlobalSection(ExtensibilityGlobals) = postSolution
		SolutionGuid = {81B44530-F0F7-4706-A0C4-0A187915202E}
	EndGlobalSection
EndGlobal
