
Microsoft Visual Studio Solution File, Format Version 12.00
# Visual Studio 14
VisualStudioVersion = 14.0.25420.1
MinimumVisualStudioVersion = 10.0.40219.1
Project("{2150E333-8FDC-42A3-9474-1A3956D46DE8}") = "0.Utils", "0.Utils", "{74C897E3-0223-44F9-ADAA-973710108819}"
EndProject
Project("{2150E333-8FDC-42A3-9474-1A3956D46DE8}") = "1.Simple", "1.Simple", "{5B5F2A33-A4F5-4332-AC71-C9956B368F83}"
EndProject
Project("{2150E333-8FDC-42A3-9474-1A3956D46DE8}") = "2.Imaging", "2.Imaging", "{292DC21A-E8CC-4ACE-90A8-79E879A88E8A}"
EndProject
Project("{2150E333-8FDC-42A3-9474-1A3956D46DE8}") = "3.Maths", "3.Maths", "{F08F3D68-C739-4F06-A7D1-FD9D435270C4}"
EndProject
Project("{2150E333-8FDC-42A3-9474-1A3956D46DE8}") = "4.Finance", "4.Finance", "{E52ACEB9-B87D-4ECF-9BF7-3F16F68CCDE4}"
EndProject
Project("{2150E333-8FDC-42A3-9474-1A3956D46DE8}") = "Libraries", "Libraries", "{BBF51BF0-C963-4459-86F8-AE1A797BDB3C}"
EndProject
Project("{2150E333-8FDC-42A3-9474-1A3956D46DE8}") = "Utilities", "Utilities", "{5DD5B0CD-630F-4AFC-8DCB-50B55D191F31}"
EndProject
Project("{2150E333-8FDC-42A3-9474-1A3956D46DE8}") = "HelloWorld", "HelloWorld", "{5D269EB7-C909-4953-9B8E-FA6C0075F67D}"
EndProject
Project("{2150E333-8FDC-42A3-9474-1A3956D46DE8}") = "Malloc", "Malloc", "{786EF195-CAF9-4163-839D-D6E5B714B661}"
EndProject
Project("{2150E333-8FDC-42A3-9474-1A3956D46DE8}") = "Mandelbrot", "Mandelbrot", "{3A1A0709-F1AC-4DAE-AF88-DEE1B87A728E}"
EndProject
Project("{2150E333-8FDC-42A3-9474-1A3956D46DE8}") = "Printf", "Printf", "{FC2B5C8B-40F5-4090-83FC-960292F7B710}"
EndProject
Project("{2150E333-8FDC-42A3-9474-1A3956D46DE8}") = "Sobel", "Sobel", "{17DAC534-CC60-4DD6-8955-7E7EF7EA3BB8}"
EndProject
Project("{2150E333-8FDC-42A3-9474-1A3956D46DE8}") = "Sobel_2D", "Sobel_2D", "{B792EED9-4427-4400-A2EC-D0FD9747045B}"
EndProject
Project("{2150E333-8FDC-42A3-9474-1A3956D46DE8}") = "Sobel_Lock", "Sobel_Lock", "{952C9FDE-7004-4D16-A729-9384F7F7DEC4}"
EndProject
Project("{2150E333-8FDC-42A3-9474-1A3956D46DE8}") = "ConjugateGradient", "ConjugateGradient", "{2104B462-9336-4A86-95A8-45699157BDAE}"
EndProject
Project("{2150E333-8FDC-42A3-9474-1A3956D46DE8}") = "MonteCarloHeatEquation", "MonteCarloHeatEquation", "{78AD5BE5-7C92-49CA-A6B0-1468DF5443FC}"
EndProject
Project("{2150E333-8FDC-42A3-9474-1A3956D46DE8}") = "NaiveMatrix", "NaiveMatrix", "{591BE2C6-C9CA-4E5E-8535-0E87840297D0}"
EndProject
Project("{2150E333-8FDC-42A3-9474-1A3956D46DE8}") = "Newton", "Newton", "{1A94279C-69FD-4A85-9107-900685813110}"
EndProject
Project("{2150E333-8FDC-42A3-9474-1A3956D46DE8}") = "SharedMatrix", "SharedMatrix", "{A91BBC83-4BD4-49CF-AF87-7A273F966171}"
EndProject
Project("{2150E333-8FDC-42A3-9474-1A3956D46DE8}") = "SparseMatrix", "SparseMatrix", "{259B09D3-7BAE-4C86-ABED-D03E4A74765D}"
EndProject
Project("{2150E333-8FDC-42A3-9474-1A3956D46DE8}") = "BlackScholes", "BlackScholes", "{72B6885D-86DC-44F1-87A6-750AD6CECD9C}"
EndProject
Project("{2150E333-8FDC-42A3-9474-1A3956D46DE8}") = "BlackScholesFloat4", "BlackScholesFloat4", "{B0769215-D37A-4A5F-917E-C3C31AC4BE6D}"
EndProject
Project("{2150E333-8FDC-42A3-9474-1A3956D46DE8}") = "HybridizerCudaReduction", "HybridizerCudaReduction", "{62A97AA7-C7F5-4509-8D70-5ED151D2CD28}"
EndProject
Project("{FAE04EC0-301F-11D3-BF4B-00C04F79EFBC}") = "Utilities.vs2015", "0.Utils\Utilities\Utilities.vs2015.csproj", "{3A79EE9C-5CD3-41F2-95F9-06621F0DA7B1}"
EndProject
Project("{FAE04EC0-301F-11D3-BF4B-00C04F79EFBC}") = "HelloWorld.vs2015", "1.Simple\HelloWorld\HelloWorld\HelloWorld.vs2015.csproj", "{57443AF3-A157-4D66-9FA9-09317761531C}"
EndProject
Project("{FAE04EC0-301F-11D3-BF4B-00C04F79EFBC}") = "Malloc.vs2015", "1.Simple\Malloc\Malloc\Malloc.vs2015.csproj", "{D8E13DD0-3964-4BDD-8647-C7277B68D44E}"
EndProject
Project("{FAE04EC0-301F-11D3-BF4B-00C04F79EFBC}") = "Mandelbrot.vs2015", "1.Simple\Mandelbrot\Mandelbrot\Mandelbrot.vs2015.csproj", "{4271AFD2-7D46-4DD9-AA0B-4FF797191412}"
EndProject
Project("{FAE04EC0-301F-11D3-BF4B-00C04F79EFBC}") = "SimplePrintf.vs2015", "1.Simple\Printf\SimplePrintf\SimplePrintf.vs2015.csproj", "{90D67C3B-B910-4173-B8AF-DE32DD87D600}"
EndProject
Project("{FAE04EC0-301F-11D3-BF4B-00C04F79EFBC}") = "Sobel.vs2015", "2.Imaging\Sobel\Sobel\Sobel.vs2015.csproj", "{BE8CFE8F-B0F8-428D-8E8B-79F15E09F45B}"
EndProject
Project("{FAE04EC0-301F-11D3-BF4B-00C04F79EFBC}") = "Sobel_2D.vs2015", "2.Imaging\Sobel_2D\Sobel_2D\Sobel_2D.vs2015.csproj", "{B5CB6694-F203-40FA-A45A-56833324B393}"
EndProject
Project("{FAE04EC0-301F-11D3-BF4B-00C04F79EFBC}") = "Sobel_Lock.vs2015", "2.Imaging\Sobel_Lock\Sobel_Lock\Sobel_Lock.vs2015.csproj", "{ABCA28B0-C78C-4DA1-A7F2-6114128DF395}"
EndProject
Project("{FAE04EC0-301F-11D3-BF4B-00C04F79EFBC}") = "ConjugateGradient.vs2015", "3.Maths\ConjugateGradient\ConjugateGradient\ConjugateGradient.vs2015.csproj", "{37383160-208A-4B22-93CD-DDCF0BFB5B1A}"
	ProjectSection(ProjectDependencies) = postProject
		{C1BFF4FF-96E6-4762-9EA1-67B4DF87F060} = {C1BFF4FF-96E6-4762-9EA1-67B4DF87F060}
	EndProjectSection
EndProject
Project("{FAE04EC0-301F-11D3-BF4B-00C04F79EFBC}") = "MonteCarloHeatEquation.vs2015", "3.Maths\MonteCarloHeatEquation\MonteCarloHeatEquation\MonteCarloHeatEquation.vs2015.csproj", "{4DC5C696-4C91-4854-8A32-B7829507B011}"
EndProject
Project("{FAE04EC0-301F-11D3-BF4B-00C04F79EFBC}") = "NaiveMatrix.vs2015", "3.Maths\NaiveMatrix\NaiveMatrix\NaiveMatrix.vs2015.csproj", "{1F357891-FCE4-4E10-906D-5D4D7C9F3052}"
EndProject
Project("{FAE04EC0-301F-11D3-BF4B-00C04F79EFBC}") = "Newton.vs2015", "3.Maths\Newton\Newton\Newton.vs2015.csproj", "{14DC80FD-2ED3-4B76-AEA5-8334B1A0F075}"
EndProject
Project("{FAE04EC0-301F-11D3-BF4B-00C04F79EFBC}") = "SharedMatrix.vs2015", "3.Maths\SharedMatrix\SharedMatrix\SharedMatrix.vs2015.csproj", "{22513874-8B3A-4BF5-ADCD-D4B12AEE828D}"
EndProject
Project("{FAE04EC0-301F-11D3-BF4B-00C04F79EFBC}") = "SparseMatrix.vs2015", "3.Maths\SparseMatrix\SparseMatrix\SparseMatrix.vs2015.csproj", "{F7994692-1636-4391-86D4-FA0A36705EDA}"
EndProject
Project("{FAE04EC0-301F-11D3-BF4B-00C04F79EFBC}") = "BlackScholes.vs2015", "4.Finance\BlackScholes\BlackScholes\BlackScholes.vs2015.csproj", "{C60A78CB-5546-4314-B88C-71FF9AA6378F}"
EndProject
Project("{FAE04EC0-301F-11D3-BF4B-00C04F79EFBC}") = "BlackScholesFloat4.vs2015", "4.Finance\BlackScholesFloat4\BlackScholesFloat4\BlackScholesFloat4.vs2015.csproj", "{B55CAB78-EE4A-4A30-84B2-97ACF62261AB}"
EndProject
Project("{8BC9CEB8-8B4A-11D0-8D11-00A0C91BC942}") = "hybridizer_cuda_reduction", "Libraries\HybridizerCudaReduction\hybridizer_cuda_reduction.vs2015.vcxproj", "{C1BFF4FF-96E6-4762-9EA1-67B4DF87F060}"
EndProject
Project("{8BC9CEB8-8B4A-11D0-8D11-00A0C91BC942}") = "HelloWorld_CUDA.vs2015", "1.Simple\HelloWorld\HelloWorld_CUDA\HelloWorld_CUDA.vs2015.vcxproj", "{46DD1946-CC6F-4431-9A84-635AB617779E}"
	ProjectSection(ProjectDependencies) = postProject
		{57443AF3-A157-4D66-9FA9-09317761531C} = {57443AF3-A157-4D66-9FA9-09317761531C}
	EndProjectSection
EndProject
Project("{8BC9CEB8-8B4A-11D0-8D11-00A0C91BC942}") = "Malloc_CUDA.vs2015", "1.Simple\Malloc\Malloc_CUDA\Malloc_CUDA.vs2015.vcxproj", "{6D5BD59D-0392-4A3A-B4F9-AF4139803A8D}"
	ProjectSection(ProjectDependencies) = postProject
		{D8E13DD0-3964-4BDD-8647-C7277B68D44E} = {D8E13DD0-3964-4BDD-8647-C7277B68D44E}
	EndProjectSection
EndProject
Project("{8BC9CEB8-8B4A-11D0-8D11-00A0C91BC942}") = "Mandelbrot_CUDA.vs2015", "1.Simple\Mandelbrot\Mandelbrot_CUDA\Mandelbrot_CUDA.vs2015.vcxproj", "{3E532D1B-C20A-494D-84A4-D1B4F47FDC82}"
	ProjectSection(ProjectDependencies) = postProject
		{4271AFD2-7D46-4DD9-AA0B-4FF797191412} = {4271AFD2-7D46-4DD9-AA0B-4FF797191412}
	EndProjectSection
EndProject
Project("{8BC9CEB8-8B4A-11D0-8D11-00A0C91BC942}") = "SimplePrintf_CUDA.vs2015", "1.Simple\Printf\SimplePrintf_CUDA\SimplePrintf_CUDA.vs2015.vcxproj", "{456C0F86-C97D-4D74-8871-D02870553F7B}"
	ProjectSection(ProjectDependencies) = postProject
		{90D67C3B-B910-4173-B8AF-DE32DD87D600} = {90D67C3B-B910-4173-B8AF-DE32DD87D600}
	EndProjectSection
EndProject
Project("{8BC9CEB8-8B4A-11D0-8D11-00A0C91BC942}") = "Sobel_CUDA.vs2015", "2.Imaging\Sobel\Sobel_CUDA\Sobel_CUDA.vs2015.vcxproj", "{18DC1A19-5DB2-4D1B-A470-9F64DCE00A0B}"
	ProjectSection(ProjectDependencies) = postProject
		{BE8CFE8F-B0F8-428D-8E8B-79F15E09F45B} = {BE8CFE8F-B0F8-428D-8E8B-79F15E09F45B}
	EndProjectSection
EndProject
Project("{8BC9CEB8-8B4A-11D0-8D11-00A0C91BC942}") = "Sobel_2D_CUDA.vs2015", "2.Imaging\Sobel_2D\Sobel_2D_CUDA\Sobel_2D_CUDA.vs2015.vcxproj", "{BDC772BF-D5BD-45AC-AB14-D30554A19DAE}"
	ProjectSection(ProjectDependencies) = postProject
		{B5CB6694-F203-40FA-A45A-56833324B393} = {B5CB6694-F203-40FA-A45A-56833324B393}
	EndProjectSection
EndProject
Project("{8BC9CEB8-8B4A-11D0-8D11-00A0C91BC942}") = "Sobel_Lock_CUDA.vs2015", "2.Imaging\Sobel_Lock\Sobel_Lock_CUDA\Sobel_Lock_CUDA.vs2015.vcxproj", "{F5542B36-BF6B-4AFE-9C14-4EF4E5BA69E8}"
	ProjectSection(ProjectDependencies) = postProject
		{ABCA28B0-C78C-4DA1-A7F2-6114128DF395} = {ABCA28B0-C78C-4DA1-A7F2-6114128DF395}
	EndProjectSection
EndProject
Project("{8BC9CEB8-8B4A-11D0-8D11-00A0C91BC942}") = "ConjugateGradient_CUDA.vs2015", "3.Maths\ConjugateGradient\ConjugateGradient_CUDA\ConjugateGradient_CUDA.vs2015.vcxproj", "{8534BA8F-E5DE-4C88-8EFC-61FF25D649C1}"
	ProjectSection(ProjectDependencies) = postProject
		{37383160-208A-4B22-93CD-DDCF0BFB5B1A} = {37383160-208A-4B22-93CD-DDCF0BFB5B1A}
	EndProjectSection
EndProject
Project("{8BC9CEB8-8B4A-11D0-8D11-00A0C91BC942}") = "MonteCarloHeatEquation_CUDA.vs2015", "3.Maths\MonteCarloHeatEquation\MonteCarloHeatEquation_CUDA\MonteCarloHeatEquation_CUDA.vs2015.vcxproj", "{7B0820D0-70EE-4499-99D3-7949E78E4D94}"
	ProjectSection(ProjectDependencies) = postProject
		{4DC5C696-4C91-4854-8A32-B7829507B011} = {4DC5C696-4C91-4854-8A32-B7829507B011}
	EndProjectSection
EndProject
Project("{8BC9CEB8-8B4A-11D0-8D11-00A0C91BC942}") = "NaiveMatrix_CUDA.vs2015", "3.Maths\NaiveMatrix\NaiveMatrix_CUDA\NaiveMatrix_CUDA.vs2015.vcxproj", "{9DF20EB0-B76E-4A56-829E-BDF816455155}"
	ProjectSection(ProjectDependencies) = postProject
		{1F357891-FCE4-4E10-906D-5D4D7C9F3052} = {1F357891-FCE4-4E10-906D-5D4D7C9F3052}
	EndProjectSection
EndProject
Project("{8BC9CEB8-8B4A-11D0-8D11-00A0C91BC942}") = "Newton_CUDA.vs2015", "3.Maths\Newton\Newton_CUDA\Newton_CUDA.vs2015.vcxproj", "{D5B09639-2BC5-4B89-9A2F-4D429706FE12}"
	ProjectSection(ProjectDependencies) = postProject
		{14DC80FD-2ED3-4B76-AEA5-8334B1A0F075} = {14DC80FD-2ED3-4B76-AEA5-8334B1A0F075}
	EndProjectSection
EndProject
Project("{8BC9CEB8-8B4A-11D0-8D11-00A0C91BC942}") = "SharedMatrix_CUDA.vs2015", "3.Maths\SharedMatrix\SharedMatrix_CUDA\SharedMatrix_CUDA.vs2015.vcxproj", "{22014C36-95F1-4634-B24F-DEFE708E9565}"
	ProjectSection(ProjectDependencies) = postProject
		{22513874-8B3A-4BF5-ADCD-D4B12AEE828D} = {22513874-8B3A-4BF5-ADCD-D4B12AEE828D}
	EndProjectSection
EndProject
Project("{8BC9CEB8-8B4A-11D0-8D11-00A0C91BC942}") = "SparseMatrix_CUDA.vs2015", "3.Maths\SparseMatrix\SparseMatrix_CUDA\SparseMatrix_CUDA.vs2015.vcxproj", "{5AA5D70A-DFEE-4990-8702-C5756E927206}"
	ProjectSection(ProjectDependencies) = postProject
		{F7994692-1636-4391-86D4-FA0A36705EDA} = {F7994692-1636-4391-86D4-FA0A36705EDA}
	EndProjectSection
EndProject
Project("{8BC9CEB8-8B4A-11D0-8D11-00A0C91BC942}") = "BlackScholes_CUDA.vs2015", "4.Finance\BlackScholes\BlackScholes_CUDA\BlackScholes_CUDA.vs2015.vcxproj", "{452C197C-FAE5-42BF-8636-660DDAE82612}"
	ProjectSection(ProjectDependencies) = postProject
		{C60A78CB-5546-4314-B88C-71FF9AA6378F} = {C60A78CB-5546-4314-B88C-71FF9AA6378F}
	EndProjectSection
EndProject
Project("{8BC9CEB8-8B4A-11D0-8D11-00A0C91BC942}") = "BlackScholesFloat4_CUDA.vs2015", "4.Finance\BlackScholesFloat4\BlackScholesFloat4_CUDA\BlackScholesFloat4_CUDA.vs2015.vcxproj", "{94495DDD-6829-478E-898C-D8864361A4C6}"
	ProjectSection(ProjectDependencies) = postProject
		{B55CAB78-EE4A-4A30-84B2-97ACF62261AB} = {B55CAB78-EE4A-4A30-84B2-97ACF62261AB}
	EndProjectSection
EndProject
Project("{2150E333-8FDC-42A3-9474-1A3956D46DE8}") = "Intrinsics", "Intrinsics", "{89404165-D4AA-4B9E-85C6-C8EA047B8F93}"
EndProject
Project("{FAE04EC0-301F-11D3-BF4B-00C04F79EFBC}") = "Intrinsics", "1.Simple\Intrinsics\Intrinsics\Intrinsics.csproj", "{C039CEB0-582F-4A5A-8568-EC4E15B7BD2E}"
EndProject
Project("{8BC9CEB8-8B4A-11D0-8D11-00A0C91BC942}") = "Intrinsics_CUDA.vs2015", "1.Simple\Intrinsics\Intrinsics_CUDA\Intrinsics_CUDA.vs2015.vcxproj", "{729CBB6A-7F61-46BF-B996-20540F21CB84}"
EndProject
Global
	GlobalSection(SolutionConfigurationPlatforms) = preSolution
		Debug|Any CPU = Debug|Any CPU
		Debug|x64 = Debug|x64
		Release|Any CPU = Release|Any CPU
		Release|x64 = Release|x64
	EndGlobalSection
	GlobalSection(ProjectConfigurationPlatforms) = postSolution
		{3A79EE9C-5CD3-41F2-95F9-06621F0DA7B1}.Debug|Any CPU.ActiveCfg = Debug|x64
		{3A79EE9C-5CD3-41F2-95F9-06621F0DA7B1}.Debug|x64.ActiveCfg = Debug|x64
		{3A79EE9C-5CD3-41F2-95F9-06621F0DA7B1}.Debug|x64.Build.0 = Debug|x64
		{3A79EE9C-5CD3-41F2-95F9-06621F0DA7B1}.Release|Any CPU.ActiveCfg = Release|x64
		{3A79EE9C-5CD3-41F2-95F9-06621F0DA7B1}.Release|x64.ActiveCfg = Release|x64
		{3A79EE9C-5CD3-41F2-95F9-06621F0DA7B1}.Release|x64.Build.0 = Release|x64
		{57443AF3-A157-4D66-9FA9-09317761531C}.Debug|Any CPU.ActiveCfg = Debug|x64
		{57443AF3-A157-4D66-9FA9-09317761531C}.Debug|x64.ActiveCfg = Debug|x64
		{57443AF3-A157-4D66-9FA9-09317761531C}.Debug|x64.Build.0 = Debug|x64
		{57443AF3-A157-4D66-9FA9-09317761531C}.Release|Any CPU.ActiveCfg = Release|x64
		{57443AF3-A157-4D66-9FA9-09317761531C}.Release|x64.ActiveCfg = Release|x64
		{57443AF3-A157-4D66-9FA9-09317761531C}.Release|x64.Build.0 = Release|x64
		{D8E13DD0-3964-4BDD-8647-C7277B68D44E}.Debug|Any CPU.ActiveCfg = Debug|x64
		{D8E13DD0-3964-4BDD-8647-C7277B68D44E}.Debug|x64.ActiveCfg = Debug|x64
		{D8E13DD0-3964-4BDD-8647-C7277B68D44E}.Debug|x64.Build.0 = Debug|x64
		{D8E13DD0-3964-4BDD-8647-C7277B68D44E}.Release|Any CPU.ActiveCfg = Release|x64
		{D8E13DD0-3964-4BDD-8647-C7277B68D44E}.Release|x64.ActiveCfg = Release|x64
		{D8E13DD0-3964-4BDD-8647-C7277B68D44E}.Release|x64.Build.0 = Release|x64
		{4271AFD2-7D46-4DD9-AA0B-4FF797191412}.Debug|Any CPU.ActiveCfg = Debug|x64
		{4271AFD2-7D46-4DD9-AA0B-4FF797191412}.Debug|x64.ActiveCfg = Debug|x64
		{4271AFD2-7D46-4DD9-AA0B-4FF797191412}.Debug|x64.Build.0 = Debug|x64
		{4271AFD2-7D46-4DD9-AA0B-4FF797191412}.Release|Any CPU.ActiveCfg = Release|x64
		{4271AFD2-7D46-4DD9-AA0B-4FF797191412}.Release|x64.ActiveCfg = Release|x64
		{4271AFD2-7D46-4DD9-AA0B-4FF797191412}.Release|x64.Build.0 = Release|x64
		{90D67C3B-B910-4173-B8AF-DE32DD87D600}.Debug|Any CPU.ActiveCfg = Debug|x64
		{90D67C3B-B910-4173-B8AF-DE32DD87D600}.Debug|x64.ActiveCfg = Debug|x64
		{90D67C3B-B910-4173-B8AF-DE32DD87D600}.Debug|x64.Build.0 = Debug|x64
		{90D67C3B-B910-4173-B8AF-DE32DD87D600}.Release|Any CPU.ActiveCfg = Release|x64
		{90D67C3B-B910-4173-B8AF-DE32DD87D600}.Release|x64.ActiveCfg = Release|x64
		{90D67C3B-B910-4173-B8AF-DE32DD87D600}.Release|x64.Build.0 = Release|x64
		{BE8CFE8F-B0F8-428D-8E8B-79F15E09F45B}.Debug|Any CPU.ActiveCfg = Debug|x64
		{BE8CFE8F-B0F8-428D-8E8B-79F15E09F45B}.Debug|x64.ActiveCfg = Debug|x64
		{BE8CFE8F-B0F8-428D-8E8B-79F15E09F45B}.Debug|x64.Build.0 = Debug|x64
		{BE8CFE8F-B0F8-428D-8E8B-79F15E09F45B}.Release|Any CPU.ActiveCfg = Release|x64
		{BE8CFE8F-B0F8-428D-8E8B-79F15E09F45B}.Release|x64.ActiveCfg = Release|x64
		{BE8CFE8F-B0F8-428D-8E8B-79F15E09F45B}.Release|x64.Build.0 = Release|x64
		{B5CB6694-F203-40FA-A45A-56833324B393}.Debug|Any CPU.ActiveCfg = Debug|x64
		{B5CB6694-F203-40FA-A45A-56833324B393}.Debug|x64.ActiveCfg = Debug|x64
		{B5CB6694-F203-40FA-A45A-56833324B393}.Debug|x64.Build.0 = Debug|x64
		{B5CB6694-F203-40FA-A45A-56833324B393}.Release|Any CPU.ActiveCfg = Release|x64
		{B5CB6694-F203-40FA-A45A-56833324B393}.Release|x64.ActiveCfg = Release|x64
		{B5CB6694-F203-40FA-A45A-56833324B393}.Release|x64.Build.0 = Release|x64
		{ABCA28B0-C78C-4DA1-A7F2-6114128DF395}.Debug|Any CPU.ActiveCfg = Debug|x64
		{ABCA28B0-C78C-4DA1-A7F2-6114128DF395}.Debug|x64.ActiveCfg = Debug|x64
		{ABCA28B0-C78C-4DA1-A7F2-6114128DF395}.Debug|x64.Build.0 = Debug|x64
		{ABCA28B0-C78C-4DA1-A7F2-6114128DF395}.Release|Any CPU.ActiveCfg = Release|x64
		{ABCA28B0-C78C-4DA1-A7F2-6114128DF395}.Release|x64.ActiveCfg = Release|x64
		{ABCA28B0-C78C-4DA1-A7F2-6114128DF395}.Release|x64.Build.0 = Release|x64
		{37383160-208A-4B22-93CD-DDCF0BFB5B1A}.Debug|Any CPU.ActiveCfg = Debug|x64
		{37383160-208A-4B22-93CD-DDCF0BFB5B1A}.Debug|x64.ActiveCfg = Debug|x64
		{37383160-208A-4B22-93CD-DDCF0BFB5B1A}.Debug|x64.Build.0 = Debug|x64
		{37383160-208A-4B22-93CD-DDCF0BFB5B1A}.Release|Any CPU.ActiveCfg = Release|x64
		{37383160-208A-4B22-93CD-DDCF0BFB5B1A}.Release|x64.ActiveCfg = Release|x64
		{37383160-208A-4B22-93CD-DDCF0BFB5B1A}.Release|x64.Build.0 = Release|x64
		{4DC5C696-4C91-4854-8A32-B7829507B011}.Debug|Any CPU.ActiveCfg = Debug|x64
		{4DC5C696-4C91-4854-8A32-B7829507B011}.Debug|x64.ActiveCfg = Debug|x64
		{4DC5C696-4C91-4854-8A32-B7829507B011}.Debug|x64.Build.0 = Debug|x64
		{4DC5C696-4C91-4854-8A32-B7829507B011}.Release|Any CPU.ActiveCfg = Release|x64
		{4DC5C696-4C91-4854-8A32-B7829507B011}.Release|x64.ActiveCfg = Release|x64
		{4DC5C696-4C91-4854-8A32-B7829507B011}.Release|x64.Build.0 = Release|x64
		{1F357891-FCE4-4E10-906D-5D4D7C9F3052}.Debug|Any CPU.ActiveCfg = Debug|x64
		{1F357891-FCE4-4E10-906D-5D4D7C9F3052}.Debug|x64.ActiveCfg = Debug|x64
		{1F357891-FCE4-4E10-906D-5D4D7C9F3052}.Debug|x64.Build.0 = Debug|x64
		{1F357891-FCE4-4E10-906D-5D4D7C9F3052}.Release|Any CPU.ActiveCfg = Release|x64
		{1F357891-FCE4-4E10-906D-5D4D7C9F3052}.Release|x64.ActiveCfg = Release|x64
		{1F357891-FCE4-4E10-906D-5D4D7C9F3052}.Release|x64.Build.0 = Release|x64
		{14DC80FD-2ED3-4B76-AEA5-8334B1A0F075}.Debug|Any CPU.ActiveCfg = Debug|x64
		{14DC80FD-2ED3-4B76-AEA5-8334B1A0F075}.Debug|x64.ActiveCfg = Debug|x64
		{14DC80FD-2ED3-4B76-AEA5-8334B1A0F075}.Debug|x64.Build.0 = Debug|x64
		{14DC80FD-2ED3-4B76-AEA5-8334B1A0F075}.Release|Any CPU.ActiveCfg = Release|x64
		{14DC80FD-2ED3-4B76-AEA5-8334B1A0F075}.Release|x64.ActiveCfg = Release|x64
		{14DC80FD-2ED3-4B76-AEA5-8334B1A0F075}.Release|x64.Build.0 = Release|x64
		{22513874-8B3A-4BF5-ADCD-D4B12AEE828D}.Debug|Any CPU.ActiveCfg = Debug|x64
		{22513874-8B3A-4BF5-ADCD-D4B12AEE828D}.Debug|x64.ActiveCfg = Debug|x64
		{22513874-8B3A-4BF5-ADCD-D4B12AEE828D}.Debug|x64.Build.0 = Debug|x64
		{22513874-8B3A-4BF5-ADCD-D4B12AEE828D}.Release|Any CPU.ActiveCfg = Release|x64
		{22513874-8B3A-4BF5-ADCD-D4B12AEE828D}.Release|x64.ActiveCfg = Release|x64
		{22513874-8B3A-4BF5-ADCD-D4B12AEE828D}.Release|x64.Build.0 = Release|x64
		{F7994692-1636-4391-86D4-FA0A36705EDA}.Debug|Any CPU.ActiveCfg = Debug|x64
		{F7994692-1636-4391-86D4-FA0A36705EDA}.Debug|x64.ActiveCfg = Debug|x64
		{F7994692-1636-4391-86D4-FA0A36705EDA}.Debug|x64.Build.0 = Debug|x64
		{F7994692-1636-4391-86D4-FA0A36705EDA}.Release|Any CPU.ActiveCfg = Release|x64
		{F7994692-1636-4391-86D4-FA0A36705EDA}.Release|x64.ActiveCfg = Release|x64
		{F7994692-1636-4391-86D4-FA0A36705EDA}.Release|x64.Build.0 = Release|x64
		{C60A78CB-5546-4314-B88C-71FF9AA6378F}.Debug|Any CPU.ActiveCfg = Debug|x64
		{C60A78CB-5546-4314-B88C-71FF9AA6378F}.Debug|x64.ActiveCfg = Debug|x64
		{C60A78CB-5546-4314-B88C-71FF9AA6378F}.Debug|x64.Build.0 = Debug|x64
		{C60A78CB-5546-4314-B88C-71FF9AA6378F}.Release|Any CPU.ActiveCfg = Release|x64
		{C60A78CB-5546-4314-B88C-71FF9AA6378F}.Release|x64.ActiveCfg = Release|x64
		{C60A78CB-5546-4314-B88C-71FF9AA6378F}.Release|x64.Build.0 = Release|x64
		{B55CAB78-EE4A-4A30-84B2-97ACF62261AB}.Debug|Any CPU.ActiveCfg = Debug|x64
		{B55CAB78-EE4A-4A30-84B2-97ACF62261AB}.Debug|x64.ActiveCfg = Debug|x64
		{B55CAB78-EE4A-4A30-84B2-97ACF62261AB}.Debug|x64.Build.0 = Debug|x64
		{B55CAB78-EE4A-4A30-84B2-97ACF62261AB}.Release|Any CPU.ActiveCfg = Release|x64
		{B55CAB78-EE4A-4A30-84B2-97ACF62261AB}.Release|x64.ActiveCfg = Release|x64
		{B55CAB78-EE4A-4A30-84B2-97ACF62261AB}.Release|x64.Build.0 = Release|x64
		{C1BFF4FF-96E6-4762-9EA1-67B4DF87F060}.Debug|Any CPU.ActiveCfg = Debug|x64
		{C1BFF4FF-96E6-4762-9EA1-67B4DF87F060}.Debug|x64.ActiveCfg = Debug|x64
		{C1BFF4FF-96E6-4762-9EA1-67B4DF87F060}.Debug|x64.Build.0 = Debug|x64
		{C1BFF4FF-96E6-4762-9EA1-67B4DF87F060}.Release|Any CPU.ActiveCfg = Release|x64
		{C1BFF4FF-96E6-4762-9EA1-67B4DF87F060}.Release|x64.ActiveCfg = Release|x64
		{C1BFF4FF-96E6-4762-9EA1-67B4DF87F060}.Release|x64.Build.0 = Release|x64
		{46DD1946-CC6F-4431-9A84-635AB617779E}.Debug|Any CPU.ActiveCfg = Debug|x64
		{46DD1946-CC6F-4431-9A84-635AB617779E}.Debug|x64.ActiveCfg = Debug|x64
		{46DD1946-CC6F-4431-9A84-635AB617779E}.Debug|x64.Build.0 = Debug|x64
		{46DD1946-CC6F-4431-9A84-635AB617779E}.Release|Any CPU.ActiveCfg = Release|x64
		{46DD1946-CC6F-4431-9A84-635AB617779E}.Release|x64.ActiveCfg = Release|x64
		{46DD1946-CC6F-4431-9A84-635AB617779E}.Release|x64.Build.0 = Release|x64
		{6D5BD59D-0392-4A3A-B4F9-AF4139803A8D}.Debug|Any CPU.ActiveCfg = Debug|x64
		{6D5BD59D-0392-4A3A-B4F9-AF4139803A8D}.Debug|x64.ActiveCfg = Debug|x64
		{6D5BD59D-0392-4A3A-B4F9-AF4139803A8D}.Debug|x64.Build.0 = Debug|x64
		{6D5BD59D-0392-4A3A-B4F9-AF4139803A8D}.Release|Any CPU.ActiveCfg = Release|x64
		{6D5BD59D-0392-4A3A-B4F9-AF4139803A8D}.Release|x64.ActiveCfg = Release|x64
		{6D5BD59D-0392-4A3A-B4F9-AF4139803A8D}.Release|x64.Build.0 = Release|x64
		{3E532D1B-C20A-494D-84A4-D1B4F47FDC82}.Debug|Any CPU.ActiveCfg = Debug|x64
		{3E532D1B-C20A-494D-84A4-D1B4F47FDC82}.Debug|x64.ActiveCfg = Debug|x64
		{3E532D1B-C20A-494D-84A4-D1B4F47FDC82}.Debug|x64.Build.0 = Debug|x64
		{3E532D1B-C20A-494D-84A4-D1B4F47FDC82}.Release|Any CPU.ActiveCfg = Release|x64
		{3E532D1B-C20A-494D-84A4-D1B4F47FDC82}.Release|x64.ActiveCfg = Release|x64
		{3E532D1B-C20A-494D-84A4-D1B4F47FDC82}.Release|x64.Build.0 = Release|x64
		{456C0F86-C97D-4D74-8871-D02870553F7B}.Debug|Any CPU.ActiveCfg = Debug|x64
		{456C0F86-C97D-4D74-8871-D02870553F7B}.Debug|x64.ActiveCfg = Debug|x64
		{456C0F86-C97D-4D74-8871-D02870553F7B}.Debug|x64.Build.0 = Debug|x64
		{456C0F86-C97D-4D74-8871-D02870553F7B}.Release|Any CPU.ActiveCfg = Release|x64
		{456C0F86-C97D-4D74-8871-D02870553F7B}.Release|x64.ActiveCfg = Release|x64
		{456C0F86-C97D-4D74-8871-D02870553F7B}.Release|x64.Build.0 = Release|x64
		{18DC1A19-5DB2-4D1B-A470-9F64DCE00A0B}.Debug|Any CPU.ActiveCfg = Debug|x64
		{18DC1A19-5DB2-4D1B-A470-9F64DCE00A0B}.Debug|x64.ActiveCfg = Debug|x64
		{18DC1A19-5DB2-4D1B-A470-9F64DCE00A0B}.Debug|x64.Build.0 = Debug|x64
		{18DC1A19-5DB2-4D1B-A470-9F64DCE00A0B}.Release|Any CPU.ActiveCfg = Release|x64
		{18DC1A19-5DB2-4D1B-A470-9F64DCE00A0B}.Release|x64.ActiveCfg = Release|x64
		{18DC1A19-5DB2-4D1B-A470-9F64DCE00A0B}.Release|x64.Build.0 = Release|x64
		{BDC772BF-D5BD-45AC-AB14-D30554A19DAE}.Debug|Any CPU.ActiveCfg = Debug|x64
		{BDC772BF-D5BD-45AC-AB14-D30554A19DAE}.Debug|x64.ActiveCfg = Debug|x64
		{BDC772BF-D5BD-45AC-AB14-D30554A19DAE}.Debug|x64.Build.0 = Debug|x64
		{BDC772BF-D5BD-45AC-AB14-D30554A19DAE}.Release|Any CPU.ActiveCfg = Release|x64
		{BDC772BF-D5BD-45AC-AB14-D30554A19DAE}.Release|x64.ActiveCfg = Release|x64
		{BDC772BF-D5BD-45AC-AB14-D30554A19DAE}.Release|x64.Build.0 = Release|x64
		{F5542B36-BF6B-4AFE-9C14-4EF4E5BA69E8}.Debug|Any CPU.ActiveCfg = Debug|x64
		{F5542B36-BF6B-4AFE-9C14-4EF4E5BA69E8}.Debug|x64.ActiveCfg = Debug|x64
		{F5542B36-BF6B-4AFE-9C14-4EF4E5BA69E8}.Debug|x64.Build.0 = Debug|x64
		{F5542B36-BF6B-4AFE-9C14-4EF4E5BA69E8}.Release|Any CPU.ActiveCfg = Release|x64
		{F5542B36-BF6B-4AFE-9C14-4EF4E5BA69E8}.Release|x64.ActiveCfg = Release|x64
		{F5542B36-BF6B-4AFE-9C14-4EF4E5BA69E8}.Release|x64.Build.0 = Release|x64
		{8534BA8F-E5DE-4C88-8EFC-61FF25D649C1}.Debug|Any CPU.ActiveCfg = Debug|x64
		{8534BA8F-E5DE-4C88-8EFC-61FF25D649C1}.Debug|x64.ActiveCfg = Debug|x64
		{8534BA8F-E5DE-4C88-8EFC-61FF25D649C1}.Debug|x64.Build.0 = Debug|x64
		{8534BA8F-E5DE-4C88-8EFC-61FF25D649C1}.Release|Any CPU.ActiveCfg = Release|x64
		{8534BA8F-E5DE-4C88-8EFC-61FF25D649C1}.Release|x64.ActiveCfg = Release|x64
		{8534BA8F-E5DE-4C88-8EFC-61FF25D649C1}.Release|x64.Build.0 = Release|x64
		{7B0820D0-70EE-4499-99D3-7949E78E4D94}.Debug|Any CPU.ActiveCfg = Debug|x64
		{7B0820D0-70EE-4499-99D3-7949E78E4D94}.Debug|x64.ActiveCfg = Debug|x64
		{7B0820D0-70EE-4499-99D3-7949E78E4D94}.Debug|x64.Build.0 = Debug|x64
		{7B0820D0-70EE-4499-99D3-7949E78E4D94}.Release|Any CPU.ActiveCfg = Release|x64
		{7B0820D0-70EE-4499-99D3-7949E78E4D94}.Release|x64.ActiveCfg = Release|x64
		{7B0820D0-70EE-4499-99D3-7949E78E4D94}.Release|x64.Build.0 = Release|x64
		{9DF20EB0-B76E-4A56-829E-BDF816455155}.Debug|Any CPU.ActiveCfg = Debug|x64
		{9DF20EB0-B76E-4A56-829E-BDF816455155}.Debug|x64.ActiveCfg = Debug|x64
		{9DF20EB0-B76E-4A56-829E-BDF816455155}.Debug|x64.Build.0 = Debug|x64
		{9DF20EB0-B76E-4A56-829E-BDF816455155}.Release|Any CPU.ActiveCfg = Release|x64
		{9DF20EB0-B76E-4A56-829E-BDF816455155}.Release|x64.ActiveCfg = Release|x64
		{9DF20EB0-B76E-4A56-829E-BDF816455155}.Release|x64.Build.0 = Release|x64
		{D5B09639-2BC5-4B89-9A2F-4D429706FE12}.Debug|Any CPU.ActiveCfg = Debug|x64
		{D5B09639-2BC5-4B89-9A2F-4D429706FE12}.Debug|x64.ActiveCfg = Debug|x64
		{D5B09639-2BC5-4B89-9A2F-4D429706FE12}.Debug|x64.Build.0 = Debug|x64
		{D5B09639-2BC5-4B89-9A2F-4D429706FE12}.Release|Any CPU.ActiveCfg = Release|x64
		{D5B09639-2BC5-4B89-9A2F-4D429706FE12}.Release|x64.ActiveCfg = Release|x64
		{D5B09639-2BC5-4B89-9A2F-4D429706FE12}.Release|x64.Build.0 = Release|x64
		{22014C36-95F1-4634-B24F-DEFE708E9565}.Debug|Any CPU.ActiveCfg = Debug|x64
		{22014C36-95F1-4634-B24F-DEFE708E9565}.Debug|x64.ActiveCfg = Debug|x64
		{22014C36-95F1-4634-B24F-DEFE708E9565}.Debug|x64.Build.0 = Debug|x64
		{22014C36-95F1-4634-B24F-DEFE708E9565}.Release|Any CPU.ActiveCfg = Release|x64
		{22014C36-95F1-4634-B24F-DEFE708E9565}.Release|x64.ActiveCfg = Release|x64
		{22014C36-95F1-4634-B24F-DEFE708E9565}.Release|x64.Build.0 = Release|x64
		{5AA5D70A-DFEE-4990-8702-C5756E927206}.Debug|Any CPU.ActiveCfg = Debug|x64
		{5AA5D70A-DFEE-4990-8702-C5756E927206}.Debug|x64.ActiveCfg = Debug|x64
		{5AA5D70A-DFEE-4990-8702-C5756E927206}.Debug|x64.Build.0 = Debug|x64
		{5AA5D70A-DFEE-4990-8702-C5756E927206}.Release|Any CPU.ActiveCfg = Release|x64
		{5AA5D70A-DFEE-4990-8702-C5756E927206}.Release|x64.ActiveCfg = Release|x64
		{5AA5D70A-DFEE-4990-8702-C5756E927206}.Release|x64.Build.0 = Release|x64
		{452C197C-FAE5-42BF-8636-660DDAE82612}.Debug|Any CPU.ActiveCfg = Debug|x64
		{452C197C-FAE5-42BF-8636-660DDAE82612}.Debug|x64.ActiveCfg = Debug|x64
		{452C197C-FAE5-42BF-8636-660DDAE82612}.Debug|x64.Build.0 = Debug|x64
		{452C197C-FAE5-42BF-8636-660DDAE82612}.Release|Any CPU.ActiveCfg = Release|x64
		{452C197C-FAE5-42BF-8636-660DDAE82612}.Release|x64.ActiveCfg = Release|x64
		{452C197C-FAE5-42BF-8636-660DDAE82612}.Release|x64.Build.0 = Release|x64
		{94495DDD-6829-478E-898C-D8864361A4C6}.Debug|Any CPU.ActiveCfg = Debug|x64
		{94495DDD-6829-478E-898C-D8864361A4C6}.Debug|x64.ActiveCfg = Debug|x64
		{94495DDD-6829-478E-898C-D8864361A4C6}.Debug|x64.Build.0 = Debug|x64
		{94495DDD-6829-478E-898C-D8864361A4C6}.Release|Any CPU.ActiveCfg = Release|x64
		{94495DDD-6829-478E-898C-D8864361A4C6}.Release|x64.ActiveCfg = Release|x64
		{94495DDD-6829-478E-898C-D8864361A4C6}.Release|x64.Build.0 = Release|x64
		{C039CEB0-582F-4A5A-8568-EC4E15B7BD2E}.Debug|Any CPU.ActiveCfg = Debug|Any CPU
		{C039CEB0-582F-4A5A-8568-EC4E15B7BD2E}.Debug|Any CPU.Build.0 = Debug|Any CPU
		{C039CEB0-582F-4A5A-8568-EC4E15B7BD2E}.Debug|x64.ActiveCfg = Debug|x64
		{C039CEB0-582F-4A5A-8568-EC4E15B7BD2E}.Debug|x64.Build.0 = Debug|x64
		{C039CEB0-582F-4A5A-8568-EC4E15B7BD2E}.Release|Any CPU.ActiveCfg = Release|Any CPU
		{C039CEB0-582F-4A5A-8568-EC4E15B7BD2E}.Release|Any CPU.Build.0 = Release|Any CPU
		{C039CEB0-582F-4A5A-8568-EC4E15B7BD2E}.Release|x64.ActiveCfg = Release|x64
		{C039CEB0-582F-4A5A-8568-EC4E15B7BD2E}.Release|x64.Build.0 = Release|x64
		{729CBB6A-7F61-46BF-B996-20540F21CB84}.Debug|Any CPU.ActiveCfg = Debug|x64
		{729CBB6A-7F61-46BF-B996-20540F21CB84}.Debug|x64.ActiveCfg = Debug|x64
		{729CBB6A-7F61-46BF-B996-20540F21CB84}.Debug|x64.Build.0 = Debug|x64
		{729CBB6A-7F61-46BF-B996-20540F21CB84}.Release|Any CPU.ActiveCfg = Release|x64
		{729CBB6A-7F61-46BF-B996-20540F21CB84}.Release|x64.ActiveCfg = Release|x64
		{729CBB6A-7F61-46BF-B996-20540F21CB84}.Release|x64.Build.0 = Release|x64
	EndGlobalSection
	GlobalSection(SolutionProperties) = preSolution
		HideSolutionNode = FALSE
	EndGlobalSection
	GlobalSection(NestedProjects) = preSolution
		{5DD5B0CD-630F-4AFC-8DCB-50B55D191F31} = {74C897E3-0223-44F9-ADAA-973710108819}
		{5D269EB7-C909-4953-9B8E-FA6C0075F67D} = {5B5F2A33-A4F5-4332-AC71-C9956B368F83}
		{786EF195-CAF9-4163-839D-D6E5B714B661} = {5B5F2A33-A4F5-4332-AC71-C9956B368F83}
		{3A1A0709-F1AC-4DAE-AF88-DEE1B87A728E} = {5B5F2A33-A4F5-4332-AC71-C9956B368F83}
		{FC2B5C8B-40F5-4090-83FC-960292F7B710} = {5B5F2A33-A4F5-4332-AC71-C9956B368F83}
		{17DAC534-CC60-4DD6-8955-7E7EF7EA3BB8} = {292DC21A-E8CC-4ACE-90A8-79E879A88E8A}
		{B792EED9-4427-4400-A2EC-D0FD9747045B} = {292DC21A-E8CC-4ACE-90A8-79E879A88E8A}
		{952C9FDE-7004-4D16-A729-9384F7F7DEC4} = {292DC21A-E8CC-4ACE-90A8-79E879A88E8A}
		{2104B462-9336-4A86-95A8-45699157BDAE} = {F08F3D68-C739-4F06-A7D1-FD9D435270C4}
		{78AD5BE5-7C92-49CA-A6B0-1468DF5443FC} = {F08F3D68-C739-4F06-A7D1-FD9D435270C4}
		{591BE2C6-C9CA-4E5E-8535-0E87840297D0} = {F08F3D68-C739-4F06-A7D1-FD9D435270C4}
		{1A94279C-69FD-4A85-9107-900685813110} = {F08F3D68-C739-4F06-A7D1-FD9D435270C4}
		{A91BBC83-4BD4-49CF-AF87-7A273F966171} = {F08F3D68-C739-4F06-A7D1-FD9D435270C4}
		{259B09D3-7BAE-4C86-ABED-D03E4A74765D} = {F08F3D68-C739-4F06-A7D1-FD9D435270C4}
		{72B6885D-86DC-44F1-87A6-750AD6CECD9C} = {E52ACEB9-B87D-4ECF-9BF7-3F16F68CCDE4}
		{B0769215-D37A-4A5F-917E-C3C31AC4BE6D} = {E52ACEB9-B87D-4ECF-9BF7-3F16F68CCDE4}
		{62A97AA7-C7F5-4509-8D70-5ED151D2CD28} = {BBF51BF0-C963-4459-86F8-AE1A797BDB3C}
		{3A79EE9C-5CD3-41F2-95F9-06621F0DA7B1} = {5DD5B0CD-630F-4AFC-8DCB-50B55D191F31}
		{57443AF3-A157-4D66-9FA9-09317761531C} = {5D269EB7-C909-4953-9B8E-FA6C0075F67D}
		{D8E13DD0-3964-4BDD-8647-C7277B68D44E} = {786EF195-CAF9-4163-839D-D6E5B714B661}
		{4271AFD2-7D46-4DD9-AA0B-4FF797191412} = {3A1A0709-F1AC-4DAE-AF88-DEE1B87A728E}
		{90D67C3B-B910-4173-B8AF-DE32DD87D600} = {FC2B5C8B-40F5-4090-83FC-960292F7B710}
		{BE8CFE8F-B0F8-428D-8E8B-79F15E09F45B} = {17DAC534-CC60-4DD6-8955-7E7EF7EA3BB8}
		{B5CB6694-F203-40FA-A45A-56833324B393} = {B792EED9-4427-4400-A2EC-D0FD9747045B}
		{ABCA28B0-C78C-4DA1-A7F2-6114128DF395} = {952C9FDE-7004-4D16-A729-9384F7F7DEC4}
		{37383160-208A-4B22-93CD-DDCF0BFB5B1A} = {2104B462-9336-4A86-95A8-45699157BDAE}
		{4DC5C696-4C91-4854-8A32-B7829507B011} = {78AD5BE5-7C92-49CA-A6B0-1468DF5443FC}
		{1F357891-FCE4-4E10-906D-5D4D7C9F3052} = {591BE2C6-C9CA-4E5E-8535-0E87840297D0}
		{14DC80FD-2ED3-4B76-AEA5-8334B1A0F075} = {1A94279C-69FD-4A85-9107-900685813110}
		{22513874-8B3A-4BF5-ADCD-D4B12AEE828D} = {A91BBC83-4BD4-49CF-AF87-7A273F966171}
		{F7994692-1636-4391-86D4-FA0A36705EDA} = {259B09D3-7BAE-4C86-ABED-D03E4A74765D}
		{C60A78CB-5546-4314-B88C-71FF9AA6378F} = {72B6885D-86DC-44F1-87A6-750AD6CECD9C}
		{B55CAB78-EE4A-4A30-84B2-97ACF62261AB} = {B0769215-D37A-4A5F-917E-C3C31AC4BE6D}
		{C1BFF4FF-96E6-4762-9EA1-67B4DF87F060} = {62A97AA7-C7F5-4509-8D70-5ED151D2CD28}
		{46DD1946-CC6F-4431-9A84-635AB617779E} = {5D269EB7-C909-4953-9B8E-FA6C0075F67D}
		{6D5BD59D-0392-4A3A-B4F9-AF4139803A8D} = {786EF195-CAF9-4163-839D-D6E5B714B661}
		{3E532D1B-C20A-494D-84A4-D1B4F47FDC82} = {3A1A0709-F1AC-4DAE-AF88-DEE1B87A728E}
		{456C0F86-C97D-4D74-8871-D02870553F7B} = {FC2B5C8B-40F5-4090-83FC-960292F7B710}
		{18DC1A19-5DB2-4D1B-A470-9F64DCE00A0B} = {17DAC534-CC60-4DD6-8955-7E7EF7EA3BB8}
		{BDC772BF-D5BD-45AC-AB14-D30554A19DAE} = {B792EED9-4427-4400-A2EC-D0FD9747045B}
		{F5542B36-BF6B-4AFE-9C14-4EF4E5BA69E8} = {952C9FDE-7004-4D16-A729-9384F7F7DEC4}
		{8534BA8F-E5DE-4C88-8EFC-61FF25D649C1} = {2104B462-9336-4A86-95A8-45699157BDAE}
		{7B0820D0-70EE-4499-99D3-7949E78E4D94} = {78AD5BE5-7C92-49CA-A6B0-1468DF5443FC}
		{9DF20EB0-B76E-4A56-829E-BDF816455155} = {591BE2C6-C9CA-4E5E-8535-0E87840297D0}
		{D5B09639-2BC5-4B89-9A2F-4D429706FE12} = {1A94279C-69FD-4A85-9107-900685813110}
		{22014C36-95F1-4634-B24F-DEFE708E9565} = {A91BBC83-4BD4-49CF-AF87-7A273F966171}
		{5AA5D70A-DFEE-4990-8702-C5756E927206} = {259B09D3-7BAE-4C86-ABED-D03E4A74765D}
		{452C197C-FAE5-42BF-8636-660DDAE82612} = {72B6885D-86DC-44F1-87A6-750AD6CECD9C}
		{94495DDD-6829-478E-898C-D8864361A4C6} = {B0769215-D37A-4A5F-917E-C3C31AC4BE6D}
		{89404165-D4AA-4B9E-85C6-C8EA047B8F93} = {5B5F2A33-A4F5-4332-AC71-C9956B368F83}
		{C039CEB0-582F-4A5A-8568-EC4E15B7BD2E} = {89404165-D4AA-4B9E-85C6-C8EA047B8F93}
		{729CBB6A-7F61-46BF-B996-20540F21CB84} = {89404165-D4AA-4B9E-85C6-C8EA047B8F93}
	EndGlobalSection
EndGlobal
